// !$*UTF8*$!
{
	archiveVersion = 1;
	classes = {
	};
	objectVersion = 46;
	objects = {

/* Begin PBXBuildFile section */
		B48E5AACBB3EB6906900A289 /* Pods_GuitarMidi.framework in Frameworks */ = {isa = PBXBuildFile; fileRef = 5F1239878A4B320DB80C6464 /* Pods_GuitarMidi.framework */; };
		C29547A01F7D9FC300D8EEF0 /* WaveDistortion.swift in Sources */ = {isa = PBXBuildFile; fileRef = C295479F1F7D9FC300D8EEF0 /* WaveDistortion.swift */; };
		C29547A21F7DA0D900D8EEF0 /* FoldbackEffectViewController.swift in Sources */ = {isa = PBXBuildFile; fileRef = C29547A11F7DA0D900D8EEF0 /* FoldbackEffectViewController.swift */; };
		C29547A41F7DA15000D8EEF0 /* Foldback.storyboard in Resources */ = {isa = PBXBuildFile; fileRef = C29547A31F7DA15000D8EEF0 /* Foldback.storyboard */; };
		C2C19A891F7AFE3500FDE938 /* InterfaceBuilderInstance.swift in Sources */ = {isa = PBXBuildFile; fileRef = C21D82B61F7034B900F79116 /* InterfaceBuilderInstance.swift */; };
		C2C19A8A1F7AFE4400FDE938 /* MidiOutputEffect.swift in Sources */ = {isa = PBXBuildFile; fileRef = C262CA601F5F10AA00411635 /* MidiOutputEffect.swift */; };
		C2C19A8B1F7AFE4400FDE938 /* PitchDetector.swift in Sources */ = {isa = PBXBuildFile; fileRef = C28CE3751F6094FF002B9567 /* PitchDetector.swift */; };
		C2C19A8C1F7AFE4400FDE938 /* MidiServer.swift in Sources */ = {isa = PBXBuildFile; fileRef = C24FFF711F66E2C2007CBF57 /* MidiServer.swift */; };
		C2C19A8D1F7AFE4400FDE938 /* NoteIndexIntegrator.swift in Sources */ = {isa = PBXBuildFile; fileRef = C20775E01F671E20009FD61A /* NoteIndexIntegrator.swift */; };
		C2C19A8E1F7AFE4400FDE938 /* StrokeDetector.swift in Sources */ = {isa = PBXBuildFile; fileRef = C2A0570F1F6973EC006BC3D1 /* StrokeDetector.swift */; };
		C2C19A8F1F7AFE4400FDE938 /* Bass808ViewController.swift in Sources */ = {isa = PBXBuildFile; fileRef = C21D82AC1F70316600F79116 /* Bass808ViewController.swift */; };
		C2C19A901F7AFE4400FDE938 /* Bass808.storyboard in Resources */ = {isa = PBXBuildFile; fileRef = C21D82B01F7032E900F79116 /* Bass808.storyboard */; };
		C2C19A911F7AFE4400FDE938 /* Oscilator.storyboard in Resources */ = {isa = PBXBuildFile; fileRef = C21D82B21F70330200F79116 /* Oscilator.storyboard */; };
		C2C19A921F7AFE4400FDE938 /* OscilatorViewController.swift in Sources */ = {isa = PBXBuildFile; fileRef = C21D82B41F70337F00F79116 /* OscilatorViewController.swift */; };
		C2C19A931F7AFE4400FDE938 /* Variable.storyboard in Resources */ = {isa = PBXBuildFile; fileRef = C20AE1C11F70566300AFFBCE /* Variable.storyboard */; };
		C2C19A941F7AFE4400FDE938 /* VariableViewController.swift in Sources */ = {isa = PBXBuildFile; fileRef = C20AE1C31F7057F500AFFBCE /* VariableViewController.swift */; };
		C2C19A961F7AFE4400FDE938 /* TimeFunctionVariable.storyboard in Resources */ = {isa = PBXBuildFile; fileRef = C2BC08E31F70920700F308AE /* TimeFunctionVariable.storyboard */; };
		C2C19A971F7AFE4400FDE938 /* EnvelopeFunction.swift in Sources */ = {isa = PBXBuildFile; fileRef = C20E18451F71087900C55086 /* EnvelopeFunction.swift */; };
		C2C19A981F7AFE4400FDE938 /* Envelope.storyboard in Resources */ = {isa = PBXBuildFile; fileRef = C20E18471F710C3000C55086 /* Envelope.storyboard */; };
		C2C19A991F7AFE4400FDE938 /* EnvelopeViewController.swift in Sources */ = {isa = PBXBuildFile; fileRef = C20E18491F710E1400C55086 /* EnvelopeViewController.swift */; };
		C2C19A9A1F7AFE4400FDE938 /* TimeFunctionViewController.swift in Sources */ = {isa = PBXBuildFile; fileRef = C212EAE11F72BB5000198D25 /* TimeFunctionViewController.swift */; };
		C2C19A9B1F7AFE4400FDE938 /* AmpViewController.swift in Sources */ = {isa = PBXBuildFile; fileRef = C2FA5B751F72CC54006E6565 /* AmpViewController.swift */; };
		C2C19A9C1F7AFE4400FDE938 /* Amp.storyboard in Resources */ = {isa = PBXBuildFile; fileRef = C2FA5B771F72CD05006E6565 /* Amp.storyboard */; };
		C2C19A9D1F7AFE4400FDE938 /* WaveEffectControllers.swift in Sources */ = {isa = PBXBuildFile; fileRef = C2FA5B791F72CDEA006E6565 /* WaveEffectControllers.swift */; };
		C2C19A9E1F7AFE4400FDE938 /* WaveShaper.storyboard in Resources */ = {isa = PBXBuildFile; fileRef = C226A2661F74212E00539B80 /* WaveShaper.storyboard */; };
		C2C19A9F1F7AFE4400FDE938 /* WaveShaperViewController.swift in Sources */ = {isa = PBXBuildFile; fileRef = C226A2681F74217E00539B80 /* WaveShaperViewController.swift */; };
		C2C19AA01F7AFE4400FDE938 /* WaveShaperNode.storyboard in Resources */ = {isa = PBXBuildFile; fileRef = C226A26C1F742C1A00539B80 /* WaveShaperNode.storyboard */; };
		C2C19AA11F7AFE4400FDE938 /* WaveShaperNodeViewController.swift in Sources */ = {isa = PBXBuildFile; fileRef = C226A26E1F742C8A00539B80 /* WaveShaperNodeViewController.swift */; };
		C2C19AA21F7AFE4400FDE938 /* TestViewController.swift in Sources */ = {isa = PBXBuildFile; fileRef = C21C583A1F74370A00907502 /* TestViewController.swift */; };
		C2C19AA31F7AFE4400FDE938 /* Test.storyboard in Resources */ = {isa = PBXBuildFile; fileRef = C21C583F1F74386800907502 /* Test.storyboard */; };
		C2C19AA41F7AFE4400FDE938 /* TreeViewController.swift in Sources */ = {isa = PBXBuildFile; fileRef = C2A4CD041F753B0D001F8D56 /* TreeViewController.swift */; };
		C2C19AA51F7AFE4400FDE938 /* Tree.storyboard in Resources */ = {isa = PBXBuildFile; fileRef = C2A4CD061F7546C2001F8D56 /* Tree.storyboard */; };
		C2C19AA61F7AFE4400FDE938 /* FileBrowser.swift in Sources */ = {isa = PBXBuildFile; fileRef = C26AD8E51F7556A9005512E0 /* FileBrowser.swift */; };
		C2C19AA71F7AFE4400FDE938 /* Sampler.storyboard in Resources */ = {isa = PBXBuildFile; fileRef = C21DD5451F756AF500CDD534 /* Sampler.storyboard */; };
		C2C19AA81F7AFE4400FDE938 /* SamplerViewController.swift in Sources */ = {isa = PBXBuildFile; fileRef = C21DD54A1F756B1C00CDD534 /* SamplerViewController.swift */; };
		C2C19AA91F7AFE4400FDE938 /* ChannelPlayerEffect.swift in Sources */ = {isa = PBXBuildFile; fileRef = C2F63BD21F7988710046A7D5 /* ChannelPlayerEffect.swift */; };
		C2C19AAA1F7AFE5300FDE938 /* WaveGenerator.swift in Sources */ = {isa = PBXBuildFile; fileRef = C21D82B91F70400900F79116 /* WaveGenerator.swift */; };
		C2C19AAB1F7AFE5300FDE938 /* FunctionVariable.swift in Sources */ = {isa = PBXBuildFile; fileRef = C21D82BB1F70402C00F79116 /* FunctionVariable.swift */; };
		C2C19AAC1F7AFE5300FDE938 /* 808Bass.swift in Sources */ = {isa = PBXBuildFile; fileRef = C21D82BD1F70410C00F79116 /* 808Bass.swift */; };
		C2C19AAD1F7AFE5300FDE938 /* CubicBezier.swift in Sources */ = {isa = PBXBuildFile; fileRef = C2E7E2B41F715158007A9AF6 /* CubicBezier.swift */; };
		C2C19AAE1F7AFE5300FDE938 /* WaveEffect.swift in Sources */ = {isa = PBXBuildFile; fileRef = C212EAE61F72BD8000198D25 /* WaveEffect.swift */; };
		C2C19AAF1F7AFE5300FDE938 /* Oscilator.swift in Sources */ = {isa = PBXBuildFile; fileRef = C2FA5B701F72CBE9006E6565 /* Oscilator.swift */; };
		C2C19AB01F7AFE5300FDE938 /* SamplingSettingsUtils.swift in Sources */ = {isa = PBXBuildFile; fileRef = C211C0961F73014100999FE8 /* SamplingSettingsUtils.swift */; };
		C2C19AB11F7AFE5300FDE938 /* WaveShaper.swift in Sources */ = {isa = PBXBuildFile; fileRef = C226A26A1F7429F300539B80 /* WaveShaper.swift */; };
		C2C19AB21F7AFE5300FDE938 /* Sampler.swift in Sources */ = {isa = PBXBuildFile; fileRef = C23508081F75340E0049754F /* Sampler.swift */; };
		C2CB16851F5F0D5800B8D6FF /* AppDelegate.swift in Sources */ = {isa = PBXBuildFile; fileRef = C2CB16841F5F0D5800B8D6FF /* AppDelegate.swift */; };
		C2CB16891F5F0D5800B8D6FF /* Assets.xcassets in Resources */ = {isa = PBXBuildFile; fileRef = C2CB16881F5F0D5800B8D6FF /* Assets.xcassets */; };
		C2CB168C1F5F0D5800B8D6FF /* Main.storyboard in Resources */ = {isa = PBXBuildFile; fileRef = C2CB168A1F5F0D5800B8D6FF /* Main.storyboard */; };
		C2ECD25F1F7C20880037780F /* SamplerNodeViewController.swift in Sources */ = {isa = PBXBuildFile; fileRef = C2ECD25E1F7C20880037780F /* SamplerNodeViewController.swift */; };
		C2ECD2611F7C223D0037780F /* SamplerNode.storyboard in Resources */ = {isa = PBXBuildFile; fileRef = C2ECD2601F7C223D0037780F /* SamplerNode.storyboard */; };
/* End PBXBuildFile section */

/* Begin PBXCopyFilesBuildPhase section */
		C25EED951F7ABE8A0071ABAD /* Embed Frameworks */ = {
			isa = PBXCopyFilesBuildPhase;
			buildActionMask = 2147483647;
			dstPath = "";
			dstSubfolderSpec = 10;
			files = (
			);
			name = "Embed Frameworks";
			runOnlyForDeploymentPostprocessing = 0;
		};
/* End PBXCopyFilesBuildPhase section */

/* Begin PBXFileReference section */
		1757CB00591DBA9848112594 /* Pods-GuitarMidiKit.debug.xcconfig */ = {isa = PBXFileReference; includeInIndex = 1; lastKnownFileType = text.xcconfig; name = "Pods-GuitarMidiKit.debug.xcconfig"; path = "Pods/Target Support Files/Pods-GuitarMidiKit/Pods-GuitarMidiKit.debug.xcconfig"; sourceTree = "<group>"; };
		2485880FDB1C7AAD3D8B5849 /* Pods-GuitarMidi.release.xcconfig */ = {isa = PBXFileReference; includeInIndex = 1; lastKnownFileType = text.xcconfig; name = "Pods-GuitarMidi.release.xcconfig"; path = "Pods/Target Support Files/Pods-GuitarMidi/Pods-GuitarMidi.release.xcconfig"; sourceTree = "<group>"; };
		5F1239878A4B320DB80C6464 /* Pods_GuitarMidi.framework */ = {isa = PBXFileReference; explicitFileType = wrapper.framework; includeInIndex = 0; path = Pods_GuitarMidi.framework; sourceTree = BUILT_PRODUCTS_DIR; };
		B5C633EA3563B6DEE0015953 /* Pods_GuitarMidiKit.framework */ = {isa = PBXFileReference; explicitFileType = wrapper.framework; includeInIndex = 0; path = Pods_GuitarMidiKit.framework; sourceTree = BUILT_PRODUCTS_DIR; };
		C20775E01F671E20009FD61A /* NoteIndexIntegrator.swift */ = {isa = PBXFileReference; lastKnownFileType = sourcecode.swift; path = NoteIndexIntegrator.swift; sourceTree = "<group>"; };
		C20AE1C11F70566300AFFBCE /* Variable.storyboard */ = {isa = PBXFileReference; lastKnownFileType = file.storyboard; path = Variable.storyboard; sourceTree = "<group>"; };
		C20AE1C31F7057F500AFFBCE /* VariableViewController.swift */ = {isa = PBXFileReference; lastKnownFileType = sourcecode.swift; path = VariableViewController.swift; sourceTree = "<group>"; };
		C20E18451F71087900C55086 /* EnvelopeFunction.swift */ = {isa = PBXFileReference; lastKnownFileType = sourcecode.swift; path = EnvelopeFunction.swift; sourceTree = "<group>"; };
		C20E18471F710C3000C55086 /* Envelope.storyboard */ = {isa = PBXFileReference; lastKnownFileType = file.storyboard; path = Envelope.storyboard; sourceTree = "<group>"; };
		C20E18491F710E1400C55086 /* EnvelopeViewController.swift */ = {isa = PBXFileReference; lastKnownFileType = sourcecode.swift; path = EnvelopeViewController.swift; sourceTree = "<group>"; };
		C211C0961F73014100999FE8 /* SamplingSettingsUtils.swift */ = {isa = PBXFileReference; lastKnownFileType = sourcecode.swift; path = SamplingSettingsUtils.swift; sourceTree = "<group>"; };
		C212EAE11F72BB5000198D25 /* TimeFunctionViewController.swift */ = {isa = PBXFileReference; lastKnownFileType = sourcecode.swift; path = TimeFunctionViewController.swift; sourceTree = "<group>"; };
		C212EAE61F72BD8000198D25 /* WaveEffect.swift */ = {isa = PBXFileReference; lastKnownFileType = sourcecode.swift; path = WaveEffect.swift; sourceTree = "<group>"; };
		C21C583A1F74370A00907502 /* TestViewController.swift */ = {isa = PBXFileReference; lastKnownFileType = sourcecode.swift; path = TestViewController.swift; sourceTree = "<group>"; };
		C21C583F1F74386800907502 /* Test.storyboard */ = {isa = PBXFileReference; lastKnownFileType = file.storyboard; path = Test.storyboard; sourceTree = "<group>"; };
		C21D82AC1F70316600F79116 /* Bass808ViewController.swift */ = {isa = PBXFileReference; lastKnownFileType = sourcecode.swift; path = Bass808ViewController.swift; sourceTree = "<group>"; };
		C21D82B01F7032E900F79116 /* Bass808.storyboard */ = {isa = PBXFileReference; lastKnownFileType = file.storyboard; path = Bass808.storyboard; sourceTree = "<group>"; };
		C21D82B21F70330200F79116 /* Oscilator.storyboard */ = {isa = PBXFileReference; lastKnownFileType = file.storyboard; path = Oscilator.storyboard; sourceTree = "<group>"; };
		C21D82B41F70337F00F79116 /* OscilatorViewController.swift */ = {isa = PBXFileReference; lastKnownFileType = sourcecode.swift; path = OscilatorViewController.swift; sourceTree = "<group>"; };
		C21D82B61F7034B900F79116 /* InterfaceBuilderInstance.swift */ = {isa = PBXFileReference; lastKnownFileType = sourcecode.swift; path = InterfaceBuilderInstance.swift; sourceTree = "<group>"; };
		C21D82B91F70400900F79116 /* WaveGenerator.swift */ = {isa = PBXFileReference; lastKnownFileType = sourcecode.swift; path = WaveGenerator.swift; sourceTree = "<group>"; };
		C21D82BB1F70402C00F79116 /* FunctionVariable.swift */ = {isa = PBXFileReference; lastKnownFileType = sourcecode.swift; path = FunctionVariable.swift; sourceTree = "<group>"; };
		C21D82BD1F70410C00F79116 /* 808Bass.swift */ = {isa = PBXFileReference; lastKnownFileType = sourcecode.swift; path = 808Bass.swift; sourceTree = "<group>"; };
		C21DD5451F756AF500CDD534 /* Sampler.storyboard */ = {isa = PBXFileReference; lastKnownFileType = file.storyboard; path = Sampler.storyboard; sourceTree = "<group>"; };
		C21DD54A1F756B1C00CDD534 /* SamplerViewController.swift */ = {isa = PBXFileReference; lastKnownFileType = sourcecode.swift; path = SamplerViewController.swift; sourceTree = "<group>"; };
		C226A2661F74212E00539B80 /* WaveShaper.storyboard */ = {isa = PBXFileReference; lastKnownFileType = file.storyboard; path = WaveShaper.storyboard; sourceTree = "<group>"; };
		C226A2681F74217E00539B80 /* WaveShaperViewController.swift */ = {isa = PBXFileReference; lastKnownFileType = sourcecode.swift; path = WaveShaperViewController.swift; sourceTree = "<group>"; };
		C226A26A1F7429F300539B80 /* WaveShaper.swift */ = {isa = PBXFileReference; lastKnownFileType = sourcecode.swift; path = WaveShaper.swift; sourceTree = "<group>"; };
		C226A26C1F742C1A00539B80 /* WaveShaperNode.storyboard */ = {isa = PBXFileReference; lastKnownFileType = file.storyboard; path = WaveShaperNode.storyboard; sourceTree = "<group>"; };
		C226A26E1F742C8A00539B80 /* WaveShaperNodeViewController.swift */ = {isa = PBXFileReference; lastKnownFileType = sourcecode.swift; path = WaveShaperNodeViewController.swift; sourceTree = "<group>"; };
		C23508081F75340E0049754F /* Sampler.swift */ = {isa = PBXFileReference; lastKnownFileType = sourcecode.swift; path = Sampler.swift; sourceTree = "<group>"; };
		C24FFF711F66E2C2007CBF57 /* MidiServer.swift */ = {isa = PBXFileReference; lastKnownFileType = sourcecode.swift; path = MidiServer.swift; sourceTree = "<group>"; };
		C262CA601F5F10AA00411635 /* MidiOutputEffect.swift */ = {isa = PBXFileReference; lastKnownFileType = sourcecode.swift; path = MidiOutputEffect.swift; sourceTree = "<group>"; };
		C26AD8E51F7556A9005512E0 /* FileBrowser.swift */ = {isa = PBXFileReference; lastKnownFileType = sourcecode.swift; path = FileBrowser.swift; sourceTree = "<group>"; };
		C28CE3751F6094FF002B9567 /* PitchDetector.swift */ = {isa = PBXFileReference; lastKnownFileType = sourcecode.swift; path = PitchDetector.swift; sourceTree = "<group>"; };
		C295479F1F7D9FC300D8EEF0 /* WaveDistortion.swift */ = {isa = PBXFileReference; lastKnownFileType = sourcecode.swift; path = WaveDistortion.swift; sourceTree = "<group>"; };
		C29547A11F7DA0D900D8EEF0 /* FoldbackEffectViewController.swift */ = {isa = PBXFileReference; lastKnownFileType = sourcecode.swift; path = FoldbackEffectViewController.swift; sourceTree = "<group>"; };
		C29547A31F7DA15000D8EEF0 /* Foldback.storyboard */ = {isa = PBXFileReference; lastKnownFileType = file.storyboard; path = Foldback.storyboard; sourceTree = "<group>"; };
		C2A0570F1F6973EC006BC3D1 /* StrokeDetector.swift */ = {isa = PBXFileReference; lastKnownFileType = sourcecode.swift; path = StrokeDetector.swift; sourceTree = "<group>"; };
		C2A4CD041F753B0D001F8D56 /* TreeViewController.swift */ = {isa = PBXFileReference; lastKnownFileType = sourcecode.swift; path = TreeViewController.swift; sourceTree = "<group>"; };
		C2A4CD061F7546C2001F8D56 /* Tree.storyboard */ = {isa = PBXFileReference; lastKnownFileType = file.storyboard; path = Tree.storyboard; sourceTree = "<group>"; };
		C2BC08E31F70920700F308AE /* TimeFunctionVariable.storyboard */ = {isa = PBXFileReference; lastKnownFileType = file.storyboard; path = TimeFunctionVariable.storyboard; sourceTree = "<group>"; };
		C2CB16811F5F0D5800B8D6FF /* GuitarMidi.app */ = {isa = PBXFileReference; explicitFileType = wrapper.application; includeInIndex = 0; path = GuitarMidi.app; sourceTree = BUILT_PRODUCTS_DIR; };
		C2CB16841F5F0D5800B8D6FF /* AppDelegate.swift */ = {isa = PBXFileReference; lastKnownFileType = sourcecode.swift; path = AppDelegate.swift; sourceTree = "<group>"; };
		C2CB16881F5F0D5800B8D6FF /* Assets.xcassets */ = {isa = PBXFileReference; lastKnownFileType = folder.assetcatalog; path = Assets.xcassets; sourceTree = "<group>"; };
		C2CB168B1F5F0D5800B8D6FF /* Base */ = {isa = PBXFileReference; lastKnownFileType = file.storyboard; name = Base; path = Base.lproj/Main.storyboard; sourceTree = "<group>"; };
		C2CB168D1F5F0D5800B8D6FF /* Info.plist */ = {isa = PBXFileReference; lastKnownFileType = text.plist.xml; path = Info.plist; sourceTree = "<group>"; };
		C2CB16941F5F0DC100B8D6FF /* GuitarDsp.framework */ = {isa = PBXFileReference; lastKnownFileType = wrapper.framework; name = GuitarDsp.framework; path = "../../../../../Library/Developer/Xcode/DerivedData/GuitarDsp-gboowxrazxsddgehsrbqoyrqehfs/Build/Products/Debug/GuitarDsp.framework"; sourceTree = "<group>"; };
		C2E7E2B41F715158007A9AF6 /* CubicBezier.swift */ = {isa = PBXFileReference; lastKnownFileType = sourcecode.swift; path = CubicBezier.swift; sourceTree = "<group>"; };
		C2ECD25E1F7C20880037780F /* SamplerNodeViewController.swift */ = {isa = PBXFileReference; lastKnownFileType = sourcecode.swift; path = SamplerNodeViewController.swift; sourceTree = "<group>"; };
		C2ECD2601F7C223D0037780F /* SamplerNode.storyboard */ = {isa = PBXFileReference; lastKnownFileType = file.storyboard; path = SamplerNode.storyboard; sourceTree = "<group>"; };
		C2F63BD21F7988710046A7D5 /* ChannelPlayerEffect.swift */ = {isa = PBXFileReference; lastKnownFileType = sourcecode.swift; path = ChannelPlayerEffect.swift; sourceTree = "<group>"; };
		C2FA5B701F72CBE9006E6565 /* Oscilator.swift */ = {isa = PBXFileReference; lastKnownFileType = sourcecode.swift; path = Oscilator.swift; sourceTree = "<group>"; };
		C2FA5B751F72CC54006E6565 /* AmpViewController.swift */ = {isa = PBXFileReference; lastKnownFileType = sourcecode.swift; path = AmpViewController.swift; sourceTree = "<group>"; };
		C2FA5B771F72CD05006E6565 /* Amp.storyboard */ = {isa = PBXFileReference; lastKnownFileType = file.storyboard; path = Amp.storyboard; sourceTree = "<group>"; };
		C2FA5B791F72CDEA006E6565 /* WaveEffectControllers.swift */ = {isa = PBXFileReference; lastKnownFileType = sourcecode.swift; path = WaveEffectControllers.swift; sourceTree = "<group>"; };
		C5F010D11174259137D117C6 /* Pods-GuitarMidiKit.release.xcconfig */ = {isa = PBXFileReference; includeInIndex = 1; lastKnownFileType = text.xcconfig; name = "Pods-GuitarMidiKit.release.xcconfig"; path = "Pods/Target Support Files/Pods-GuitarMidiKit/Pods-GuitarMidiKit.release.xcconfig"; sourceTree = "<group>"; };
		E6A95BAF96B672E9AE90BD70 /* Pods-GuitarMidi.debug.xcconfig */ = {isa = PBXFileReference; includeInIndex = 1; lastKnownFileType = text.xcconfig; name = "Pods-GuitarMidi.debug.xcconfig"; path = "Pods/Target Support Files/Pods-GuitarMidi/Pods-GuitarMidi.debug.xcconfig"; sourceTree = "<group>"; };
/* End PBXFileReference section */

/* Begin PBXFrameworksBuildPhase section */
		C2CB167E1F5F0D5800B8D6FF /* Frameworks */ = {
			isa = PBXFrameworksBuildPhase;
			buildActionMask = 2147483647;
			files = (
				B48E5AACBB3EB6906900A289 /* Pods_GuitarMidi.framework in Frameworks */,
			);
			runOnlyForDeploymentPostprocessing = 0;
		};
/* End PBXFrameworksBuildPhase section */

/* Begin PBXGroup section */
		8CFA17E97FA7D45B735F00B9 /* Pods */ = {
			isa = PBXGroup;
			children = (
				E6A95BAF96B672E9AE90BD70 /* Pods-GuitarMidi.debug.xcconfig */,
				2485880FDB1C7AAD3D8B5849 /* Pods-GuitarMidi.release.xcconfig */,
				1757CB00591DBA9848112594 /* Pods-GuitarMidiKit.debug.xcconfig */,
				C5F010D11174259137D117C6 /* Pods-GuitarMidiKit.release.xcconfig */,
			);
			name = Pods;
			sourceTree = "<group>";
		};
		C2CB16781F5F0D5800B8D6FF = {
			isa = PBXGroup;
			children = (
				C2CB16831F5F0D5800B8D6FF /* GuitarMidi */,
				C2CB16821F5F0D5800B8D6FF /* Products */,
				C2CB16931F5F0DC100B8D6FF /* Frameworks */,
				8CFA17E97FA7D45B735F00B9 /* Pods */,
			);
			sourceTree = "<group>";
		};
		C2CB16821F5F0D5800B8D6FF /* Products */ = {
			isa = PBXGroup;
			children = (
				C2CB16811F5F0D5800B8D6FF /* GuitarMidi.app */,
			);
			name = Products;
			sourceTree = "<group>";
		};
		C2CB16831F5F0D5800B8D6FF /* GuitarMidi */ = {
			isa = PBXGroup;
			children = (
				C21D82B91F70400900F79116 /* WaveGenerator.swift */,
				C21D82BB1F70402C00F79116 /* FunctionVariable.swift */,
				C21D82BD1F70410C00F79116 /* 808Bass.swift */,
				C2E7E2B41F715158007A9AF6 /* CubicBezier.swift */,
				C212EAE61F72BD8000198D25 /* WaveEffect.swift */,
				C2FA5B701F72CBE9006E6565 /* Oscilator.swift */,
				C211C0961F73014100999FE8 /* SamplingSettingsUtils.swift */,
				C226A26A1F7429F300539B80 /* WaveShaper.swift */,
				C23508081F75340E0049754F /* Sampler.swift */,
				C2CB16841F5F0D5800B8D6FF /* AppDelegate.swift */,
				C21D82B61F7034B900F79116 /* InterfaceBuilderInstance.swift */,
				C2CB16881F5F0D5800B8D6FF /* Assets.xcassets */,
				C2CB168A1F5F0D5800B8D6FF /* Main.storyboard */,
				C2CB168D1F5F0D5800B8D6FF /* Info.plist */,
				C262CA601F5F10AA00411635 /* MidiOutputEffect.swift */,
				C28CE3751F6094FF002B9567 /* PitchDetector.swift */,
				C24FFF711F66E2C2007CBF57 /* MidiServer.swift */,
				C20775E01F671E20009FD61A /* NoteIndexIntegrator.swift */,
				C2A0570F1F6973EC006BC3D1 /* StrokeDetector.swift */,
				C21D82AC1F70316600F79116 /* Bass808ViewController.swift */,
				C21D82B01F7032E900F79116 /* Bass808.storyboard */,
				C21D82B21F70330200F79116 /* Oscilator.storyboard */,
				C21D82B41F70337F00F79116 /* OscilatorViewController.swift */,
				C20AE1C11F70566300AFFBCE /* Variable.storyboard */,
				C20AE1C31F7057F500AFFBCE /* VariableViewController.swift */,
				C2BC08E31F70920700F308AE /* TimeFunctionVariable.storyboard */,
				C20E18451F71087900C55086 /* EnvelopeFunction.swift */,
				C20E18471F710C3000C55086 /* Envelope.storyboard */,
				C20E18491F710E1400C55086 /* EnvelopeViewController.swift */,
				C212EAE11F72BB5000198D25 /* TimeFunctionViewController.swift */,
				C2FA5B751F72CC54006E6565 /* AmpViewController.swift */,
				C2FA5B771F72CD05006E6565 /* Amp.storyboard */,
				C2FA5B791F72CDEA006E6565 /* WaveEffectControllers.swift */,
				C226A2661F74212E00539B80 /* WaveShaper.storyboard */,
				C226A2681F74217E00539B80 /* WaveShaperViewController.swift */,
				C226A26C1F742C1A00539B80 /* WaveShaperNode.storyboard */,
				C226A26E1F742C8A00539B80 /* WaveShaperNodeViewController.swift */,
				C21C583A1F74370A00907502 /* TestViewController.swift */,
				C21C583F1F74386800907502 /* Test.storyboard */,
				C2A4CD041F753B0D001F8D56 /* TreeViewController.swift */,
				C2A4CD061F7546C2001F8D56 /* Tree.storyboard */,
				C26AD8E51F7556A9005512E0 /* FileBrowser.swift */,
				C21DD5451F756AF500CDD534 /* Sampler.storyboard */,
				C21DD54A1F756B1C00CDD534 /* SamplerViewController.swift */,
				C2F63BD21F7988710046A7D5 /* ChannelPlayerEffect.swift */,
				C2ECD25E1F7C20880037780F /* SamplerNodeViewController.swift */,
				C2ECD2601F7C223D0037780F /* SamplerNode.storyboard */,
				C295479F1F7D9FC300D8EEF0 /* WaveDistortion.swift */,
				C29547A11F7DA0D900D8EEF0 /* FoldbackEffectViewController.swift */,
				C29547A31F7DA15000D8EEF0 /* Foldback.storyboard */,
			);
			path = GuitarMidi;
			sourceTree = "<group>";
		};
		C2CB16931F5F0DC100B8D6FF /* Frameworks */ = {
			isa = PBXGroup;
			children = (
				C2CB16941F5F0DC100B8D6FF /* GuitarDsp.framework */,
				5F1239878A4B320DB80C6464 /* Pods_GuitarMidi.framework */,
				B5C633EA3563B6DEE0015953 /* Pods_GuitarMidiKit.framework */,
			);
			name = Frameworks;
			sourceTree = "<group>";
		};
/* End PBXGroup section */

/* Begin PBXNativeTarget section */
		C2CB16801F5F0D5800B8D6FF /* GuitarMidi */ = {
			isa = PBXNativeTarget;
			buildConfigurationList = C2CB16901F5F0D5800B8D6FF /* Build configuration list for PBXNativeTarget "GuitarMidi" */;
			buildPhases = (
				34295879A4221899E83D9C71 /* [CP] Check Pods Manifest.lock */,
				C2CB167D1F5F0D5800B8D6FF /* Sources */,
				C2CB167E1F5F0D5800B8D6FF /* Frameworks */,
				C2CB167F1F5F0D5800B8D6FF /* Resources */,
				15B270EE570451DDCEAC5DFB /* [CP] Embed Pods Frameworks */,
				59B0EB1C20A7F4C82152A658 /* [CP] Copy Pods Resources */,
				C25EED951F7ABE8A0071ABAD /* Embed Frameworks */,
			);
			buildRules = (
			);
			dependencies = (
			);
			name = GuitarMidi;
			productName = GuitarMidi;
			productReference = C2CB16811F5F0D5800B8D6FF /* GuitarMidi.app */;
			productType = "com.apple.product-type.application";
		};
/* End PBXNativeTarget section */

/* Begin PBXProject section */
		C2CB16791F5F0D5800B8D6FF /* Project object */ = {
			isa = PBXProject;
			attributes = {
				LastSwiftUpdateCheck = 0830;
				LastUpgradeCheck = 0830;
				ORGANIZATIONNAME = "Maciej Chmielewski";
				TargetAttributes = {
					C2CB16801F5F0D5800B8D6FF = {
						CreatedOnToolsVersion = 8.3.3;
						DevelopmentTeam = 76RXF4V6NR;
						ProvisioningStyle = Automatic;
					};
				};
			};
			buildConfigurationList = C2CB167C1F5F0D5800B8D6FF /* Build configuration list for PBXProject "GuitarMidi" */;
			compatibilityVersion = "Xcode 3.2";
			developmentRegion = English;
			hasScannedForEncodings = 0;
			knownRegions = (
				en,
				Base,
			);
			mainGroup = C2CB16781F5F0D5800B8D6FF;
			productRefGroup = C2CB16821F5F0D5800B8D6FF /* Products */;
			projectDirPath = "";
			projectRoot = "";
			targets = (
				C2CB16801F5F0D5800B8D6FF /* GuitarMidi */,
			);
		};
/* End PBXProject section */

/* Begin PBXResourcesBuildPhase section */
		C2CB167F1F5F0D5800B8D6FF /* Resources */ = {
			isa = PBXResourcesBuildPhase;
			buildActionMask = 2147483647;
			files = (
				C2C19AA01F7AFE4400FDE938 /* WaveShaperNode.storyboard in Resources */,
				C2C19A981F7AFE4400FDE938 /* Envelope.storyboard in Resources */,
				C2C19A901F7AFE4400FDE938 /* Bass808.storyboard in Resources */,
				C2C19A9E1F7AFE4400FDE938 /* WaveShaper.storyboard in Resources */,
				C2CB16891F5F0D5800B8D6FF /* Assets.xcassets in Resources */,
				C2ECD2611F7C223D0037780F /* SamplerNode.storyboard in Resources */,
				C2C19A9C1F7AFE4400FDE938 /* Amp.storyboard in Resources */,
				C2C19AA51F7AFE4400FDE938 /* Tree.storyboard in Resources */,
				C2CB168C1F5F0D5800B8D6FF /* Main.storyboard in Resources */,
				C2C19A961F7AFE4400FDE938 /* TimeFunctionVariable.storyboard in Resources */,
				C2C19AA31F7AFE4400FDE938 /* Test.storyboard in Resources */,
				C2C19A911F7AFE4400FDE938 /* Oscilator.storyboard in Resources */,
				C2C19A931F7AFE4400FDE938 /* Variable.storyboard in Resources */,
				C29547A41F7DA15000D8EEF0 /* Foldback.storyboard in Resources */,
				C2C19AA71F7AFE4400FDE938 /* Sampler.storyboard in Resources */,
			);
			runOnlyForDeploymentPostprocessing = 0;
		};
/* End PBXResourcesBuildPhase section */

/* Begin PBXShellScriptBuildPhase section */
		15B270EE570451DDCEAC5DFB /* [CP] Embed Pods Frameworks */ = {
			isa = PBXShellScriptBuildPhase;
			buildActionMask = 2147483647;
			files = (
			);
			inputPaths = (
				"${SRCROOT}/Pods/Target Support Files/Pods-GuitarMidi/Pods-GuitarMidi-frameworks.sh",
				"${BUILT_PRODUCTS_DIR}/Beethoven/Beethoven.framework",
				"${BUILT_PRODUCTS_DIR}/CubicBezier/CubicBezier.framework",
				"${BUILT_PRODUCTS_DIR}/EZAudio/EZAudio.framework",
				"${BUILT_PRODUCTS_DIR}/GuitarDsp/GuitarDsp.framework",
				"${BUILT_PRODUCTS_DIR}/MIDIKit/MIDIKit.framework",
				"${BUILT_PRODUCTS_DIR}/Pitchy/Pitchy.framework",
				"${BUILT_PRODUCTS_DIR}/TPCircularBuffer/TPCircularBuffer.framework",
			);
			name = "[CP] Embed Pods Frameworks";
			outputPaths = (
				"${TARGET_BUILD_DIR}/${FRAMEWORKS_FOLDER_PATH}/Beethoven.framework",
				"${TARGET_BUILD_DIR}/${FRAMEWORKS_FOLDER_PATH}/CubicBezier.framework",
				"${TARGET_BUILD_DIR}/${FRAMEWORKS_FOLDER_PATH}/EZAudio.framework",
				"${TARGET_BUILD_DIR}/${FRAMEWORKS_FOLDER_PATH}/GuitarDsp.framework",
				"${TARGET_BUILD_DIR}/${FRAMEWORKS_FOLDER_PATH}/MIDIKit.framework",
				"${TARGET_BUILD_DIR}/${FRAMEWORKS_FOLDER_PATH}/Pitchy.framework",
				"${TARGET_BUILD_DIR}/${FRAMEWORKS_FOLDER_PATH}/TPCircularBuffer.framework",
			);
			runOnlyForDeploymentPostprocessing = 0;
			shellPath = /bin/sh;
			shellScript = "\"${SRCROOT}/Pods/Target Support Files/Pods-GuitarMidi/Pods-GuitarMidi-frameworks.sh\"\n";
			showEnvVarsInLog = 0;
		};
		34295879A4221899E83D9C71 /* [CP] Check Pods Manifest.lock */ = {
			isa = PBXShellScriptBuildPhase;
			buildActionMask = 2147483647;
			files = (
			);
			inputPaths = (
				"${PODS_PODFILE_DIR_PATH}/Podfile.lock",
				"${PODS_ROOT}/Manifest.lock",
			);
			name = "[CP] Check Pods Manifest.lock";
			outputPaths = (
				"$(DERIVED_FILE_DIR)/Pods-GuitarMidi-checkManifestLockResult.txt",
			);
			runOnlyForDeploymentPostprocessing = 0;
			shellPath = /bin/sh;
			shellScript = "diff \"${PODS_PODFILE_DIR_PATH}/Podfile.lock\" \"${PODS_ROOT}/Manifest.lock\" > /dev/null\nif [ $? != 0 ] ; then\n    # print error to STDERR\n    echo \"error: The sandbox is not in sync with the Podfile.lock. Run 'pod install' or update your CocoaPods installation.\" >&2\n    exit 1\nfi\n# This output is used by Xcode 'outputs' to avoid re-running this script phase.\necho \"SUCCESS\" > \"${SCRIPT_OUTPUT_FILE_0}\"\n";
			showEnvVarsInLog = 0;
		};
		59B0EB1C20A7F4C82152A658 /* [CP] Copy Pods Resources */ = {
			isa = PBXShellScriptBuildPhase;
			buildActionMask = 2147483647;
			files = (
			);
			inputPaths = (
			);
			name = "[CP] Copy Pods Resources";
			outputPaths = (
			);
			runOnlyForDeploymentPostprocessing = 0;
			shellPath = /bin/sh;
			shellScript = "\"${SRCROOT}/Pods/Target Support Files/Pods-GuitarMidi/Pods-GuitarMidi-resources.sh\"\n";
			showEnvVarsInLog = 0;
		};
/* End PBXShellScriptBuildPhase section */

/* Begin PBXSourcesBuildPhase section */
		C2CB167D1F5F0D5800B8D6FF /* Sources */ = {
			isa = PBXSourcesBuildPhase;
			buildActionMask = 2147483647;
			files = (
				C2C19A9A1F7AFE4400FDE938 /* TimeFunctionViewController.swift in Sources */,
				C2C19AB11F7AFE5300FDE938 /* WaveShaper.swift in Sources */,
				C2C19AA41F7AFE4400FDE938 /* TreeViewController.swift in Sources */,
				C2C19A8B1F7AFE4400FDE938 /* PitchDetector.swift in Sources */,
				C2C19A8E1F7AFE4400FDE938 /* StrokeDetector.swift in Sources */,
				C29547A21F7DA0D900D8EEF0 /* FoldbackEffectViewController.swift in Sources */,
				C2C19A8D1F7AFE4400FDE938 /* NoteIndexIntegrator.swift in Sources */,
				C2C19AAA1F7AFE5300FDE938 /* WaveGenerator.swift in Sources */,
				C2C19A9D1F7AFE4400FDE938 /* WaveEffectControllers.swift in Sources */,
				C2C19A9F1F7AFE4400FDE938 /* WaveShaperViewController.swift in Sources */,
				C2C19AAC1F7AFE5300FDE938 /* 808Bass.swift in Sources */,
				C2C19A991F7AFE4400FDE938 /* EnvelopeViewController.swift in Sources */,
				C2C19A921F7AFE4400FDE938 /* OscilatorViewController.swift in Sources */,
				C2C19A8F1F7AFE4400FDE938 /* Bass808ViewController.swift in Sources */,
				C2C19AB01F7AFE5300FDE938 /* SamplingSettingsUtils.swift in Sources */,
				C2C19AA81F7AFE4400FDE938 /* SamplerViewController.swift in Sources */,
				C2C19AA21F7AFE4400FDE938 /* TestViewController.swift in Sources */,
				C2C19AB21F7AFE5300FDE938 /* Sampler.swift in Sources */,
				C2C19A8C1F7AFE4400FDE938 /* MidiServer.swift in Sources */,
				C2C19A891F7AFE3500FDE938 /* InterfaceBuilderInstance.swift in Sources */,
				C2ECD25F1F7C20880037780F /* SamplerNodeViewController.swift in Sources */,
				C2C19AA91F7AFE4400FDE938 /* ChannelPlayerEffect.swift in Sources */,
				C2C19AA11F7AFE4400FDE938 /* WaveShaperNodeViewController.swift in Sources */,
				C2C19A971F7AFE4400FDE938 /* EnvelopeFunction.swift in Sources */,
				C2C19A941F7AFE4400FDE938 /* VariableViewController.swift in Sources */,
				C2C19AAE1F7AFE5300FDE938 /* WaveEffect.swift in Sources */,
				C2C19AA61F7AFE4400FDE938 /* FileBrowser.swift in Sources */,
				C2C19A8A1F7AFE4400FDE938 /* MidiOutputEffect.swift in Sources */,
				C29547A01F7D9FC300D8EEF0 /* WaveDistortion.swift in Sources */,
				C2C19AAB1F7AFE5300FDE938 /* FunctionVariable.swift in Sources */,
				C2C19AAF1F7AFE5300FDE938 /* Oscilator.swift in Sources */,
				C2CB16851F5F0D5800B8D6FF /* AppDelegate.swift in Sources */,
				C2C19A9B1F7AFE4400FDE938 /* AmpViewController.swift in Sources */,
				C2C19AAD1F7AFE5300FDE938 /* CubicBezier.swift in Sources */,
			);
			runOnlyForDeploymentPostprocessing = 0;
		};
/* End PBXSourcesBuildPhase section */

/* Begin PBXVariantGroup section */
		C2CB168A1F5F0D5800B8D6FF /* Main.storyboard */ = {
			isa = PBXVariantGroup;
			children = (
				C2CB168B1F5F0D5800B8D6FF /* Base */,
			);
			name = Main.storyboard;
			sourceTree = "<group>";
		};
/* End PBXVariantGroup section */

/* Begin XCBuildConfiguration section */
		C2CB168E1F5F0D5800B8D6FF /* Debug */ = {
			isa = XCBuildConfiguration;
			buildSettings = {
				ALWAYS_SEARCH_USER_PATHS = NO;
				CLANG_ANALYZER_NONNULL = YES;
				CLANG_ANALYZER_NUMBER_OBJECT_CONVERSION = YES_AGGRESSIVE;
				CLANG_CXX_LANGUAGE_STANDARD = "gnu++0x";
				CLANG_CXX_LIBRARY = "libc++";
				CLANG_ENABLE_MODULES = YES;
				CLANG_ENABLE_OBJC_ARC = YES;
				CLANG_WARN_BOOL_CONVERSION = YES;
				CLANG_WARN_CONSTANT_CONVERSION = YES;
				CLANG_WARN_DIRECT_OBJC_ISA_USAGE = YES_ERROR;
				CLANG_WARN_DOCUMENTATION_COMMENTS = YES;
				CLANG_WARN_EMPTY_BODY = YES;
				CLANG_WARN_ENUM_CONVERSION = YES;
				CLANG_WARN_INFINITE_RECURSION = YES;
				CLANG_WARN_INT_CONVERSION = YES;
				CLANG_WARN_OBJC_ROOT_CLASS = YES_ERROR;
				CLANG_WARN_SUSPICIOUS_MOVE = YES;
				CLANG_WARN_UNREACHABLE_CODE = YES;
				CLANG_WARN__DUPLICATE_METHOD_MATCH = YES;
				CODE_SIGN_IDENTITY = "-";
				COPY_PHASE_STRIP = NO;
				DEBUG_INFORMATION_FORMAT = dwarf;
				ENABLE_STRICT_OBJC_MSGSEND = YES;
				ENABLE_TESTABILITY = YES;
				GCC_C_LANGUAGE_STANDARD = gnu99;
				GCC_DYNAMIC_NO_PIC = NO;
				GCC_NO_COMMON_BLOCKS = YES;
				GCC_OPTIMIZATION_LEVEL = 0;
				GCC_PREPROCESSOR_DEFINITIONS = (
					"DEBUG=1",
					"$(inherited)",
				);
				GCC_WARN_64_TO_32_BIT_CONVERSION = YES;
				GCC_WARN_ABOUT_RETURN_TYPE = YES_ERROR;
				GCC_WARN_UNDECLARED_SELECTOR = YES;
				GCC_WARN_UNINITIALIZED_AUTOS = YES_AGGRESSIVE;
				GCC_WARN_UNUSED_FUNCTION = YES;
				GCC_WARN_UNUSED_VARIABLE = YES;
				HEADER_SEARCH_PATHS = "";
				MACOSX_DEPLOYMENT_TARGET = 10.12;
				MTL_ENABLE_DEBUG_INFO = YES;
				ONLY_ACTIVE_ARCH = YES;
				SDKROOT = macosx;
				SWIFT_ACTIVE_COMPILATION_CONDITIONS = DEBUG;
				SWIFT_OPTIMIZATION_LEVEL = "-Onone";
				SWIFT_VERSION = 3.0;
			};
			name = Debug;
		};
		C2CB168F1F5F0D5800B8D6FF /* Release */ = {
			isa = XCBuildConfiguration;
			buildSettings = {
				ALWAYS_SEARCH_USER_PATHS = NO;
				CLANG_ANALYZER_NONNULL = YES;
				CLANG_ANALYZER_NUMBER_OBJECT_CONVERSION = YES_AGGRESSIVE;
				CLANG_CXX_LANGUAGE_STANDARD = "gnu++0x";
				CLANG_CXX_LIBRARY = "libc++";
				CLANG_ENABLE_MODULES = YES;
				CLANG_ENABLE_OBJC_ARC = YES;
				CLANG_WARN_BOOL_CONVERSION = YES;
				CLANG_WARN_CONSTANT_CONVERSION = YES;
				CLANG_WARN_DIRECT_OBJC_ISA_USAGE = YES_ERROR;
				CLANG_WARN_DOCUMENTATION_COMMENTS = YES;
				CLANG_WARN_EMPTY_BODY = YES;
				CLANG_WARN_ENUM_CONVERSION = YES;
				CLANG_WARN_INFINITE_RECURSION = YES;
				CLANG_WARN_INT_CONVERSION = YES;
				CLANG_WARN_OBJC_ROOT_CLASS = YES_ERROR;
				CLANG_WARN_SUSPICIOUS_MOVE = YES;
				CLANG_WARN_UNREACHABLE_CODE = YES;
				CLANG_WARN__DUPLICATE_METHOD_MATCH = YES;
				CODE_SIGN_IDENTITY = "-";
				COPY_PHASE_STRIP = NO;
				DEBUG_INFORMATION_FORMAT = "dwarf-with-dsym";
				ENABLE_NS_ASSERTIONS = NO;
				ENABLE_STRICT_OBJC_MSGSEND = YES;
				GCC_C_LANGUAGE_STANDARD = gnu99;
				GCC_NO_COMMON_BLOCKS = YES;
				GCC_WARN_64_TO_32_BIT_CONVERSION = YES;
				GCC_WARN_ABOUT_RETURN_TYPE = YES_ERROR;
				GCC_WARN_UNDECLARED_SELECTOR = YES;
				GCC_WARN_UNINITIALIZED_AUTOS = YES_AGGRESSIVE;
				GCC_WARN_UNUSED_FUNCTION = YES;
				GCC_WARN_UNUSED_VARIABLE = YES;
				HEADER_SEARCH_PATHS = "";
				MACOSX_DEPLOYMENT_TARGET = 10.12;
				MTL_ENABLE_DEBUG_INFO = NO;
				SDKROOT = macosx;
				SWIFT_OPTIMIZATION_LEVEL = "-Owholemodule";
				SWIFT_VERSION = 3.0;
			};
			name = Release;
		};
		C2CB16911F5F0D5800B8D6FF /* Debug */ = {
			isa = XCBuildConfiguration;
			baseConfigurationReference = E6A95BAF96B672E9AE90BD70 /* Pods-GuitarMidi.debug.xcconfig */;
			buildSettings = {
				ALWAYS_EMBED_SWIFT_STANDARD_LIBRARIES = YES;
				ASSETCATALOG_COMPILER_APPICON_NAME = AppIcon;
				COMBINE_HIDPI_IMAGES = YES;
				DEVELOPMENT_TEAM = 76RXF4V6NR;
				INFOPLIST_FILE = GuitarMidi/Info.plist;
				LD_RUNPATH_SEARCH_PATHS = "$(inherited) @executable_path/../Frameworks";
				PRODUCT_BUNDLE_IDENTIFIER = com.mch.GuitarMidi;
				PRODUCT_NAME = "$(TARGET_NAME)";
			};
			name = Debug;
		};
		C2CB16921F5F0D5800B8D6FF /* Release */ = {
			isa = XCBuildConfiguration;
			baseConfigurationReference = 2485880FDB1C7AAD3D8B5849 /* Pods-GuitarMidi.release.xcconfig */;
			buildSettings = {
				ALWAYS_EMBED_SWIFT_STANDARD_LIBRARIES = YES;
				ASSETCATALOG_COMPILER_APPICON_NAME = AppIcon;
				COMBINE_HIDPI_IMAGES = YES;
				DEVELOPMENT_TEAM = 76RXF4V6NR;
				INFOPLIST_FILE = GuitarMidi/Info.plist;
				LD_RUNPATH_SEARCH_PATHS = "$(inherited) @executable_path/../Frameworks";
				PRODUCT_BUNDLE_IDENTIFIER = com.mch.GuitarMidi;
				PRODUCT_NAME = "$(TARGET_NAME)";
			};
			name = Release;
		};
/* End XCBuildConfiguration section */

/* Begin XCConfigurationList section */
		C2CB167C1F5F0D5800B8D6FF /* Build configuration list for PBXProject "GuitarMidi" */ = {
			isa = XCConfigurationList;
			buildConfigurations = (
				C2CB168E1F5F0D5800B8D6FF /* Debug */,
				C2CB168F1F5F0D5800B8D6FF /* Release */,
			);
			defaultConfigurationIsVisible = 0;
			defaultConfigurationName = Release;
		};
		C2CB16901F5F0D5800B8D6FF /* Build configuration list for PBXNativeTarget "GuitarMidi" */ = {
			isa = XCConfigurationList;
			buildConfigurations = (
				C2CB16911F5F0D5800B8D6FF /* Debug */,
				C2CB16921F5F0D5800B8D6FF /* Release */,
			);
			defaultConfigurationIsVisible = 0;
			defaultConfigurationName = Release;
		};
/* End XCConfigurationList section */
	};
	rootObject = C2CB16791F5F0D5800B8D6FF /* Project object */;
}
