// !$*UTF8*$!
{
	archiveVersion = 1;
	classes = {
	};
	objectVersion = 46;
	objects = {

/* Begin PBXBuildFile section */
		B48E5AACBB3EB6906900A289 /* Pods_GuitarMidi.framework in Frameworks */ = {isa = PBXBuildFile; fileRef = 5F1239878A4B320DB80C6464 /* Pods_GuitarMidi.framework */; };
		C20035EB1F9E2F5F00C21EF7 /* Sampler.swift in Sources */ = {isa = PBXBuildFile; fileRef = C23508081F75340E0049754F /* Sampler.swift */; };
		C20035EC1F9E2F6400C21EF7 /* FunctionVariable.swift in Sources */ = {isa = PBXBuildFile; fileRef = C21D82BB1F70402C00F79116 /* FunctionVariable.swift */; };
		C20035ED1F9E32AB00C21EF7 /* MidiOutputEffect.swift in Sources */ = {isa = PBXBuildFile; fileRef = C262CA601F5F10AA00411635 /* MidiOutputEffect.swift */; };
		C20035EE1F9E32B400C21EF7 /* EnvelopeFunction.swift in Sources */ = {isa = PBXBuildFile; fileRef = C20E18451F71087900C55086 /* EnvelopeFunction.swift */; };
		C20035EF1F9E32B900C21EF7 /* WaveShaper.swift in Sources */ = {isa = PBXBuildFile; fileRef = C226A26A1F7429F300539B80 /* WaveShaper.swift */; };
		C20035F01F9E32BF00C21EF7 /* LowpassFilterEffect.swift in Sources */ = {isa = PBXBuildFile; fileRef = C2F136201F9929B700069C8D /* LowpassFilterEffect.swift */; };
		C20035F11F9E32CF00C21EF7 /* PitchDetector.swift in Sources */ = {isa = PBXBuildFile; fileRef = C28CE3751F6094FF002B9567 /* PitchDetector.swift */; };
		C20035F21F9E32D400C21EF7 /* StrokeDetector.swift in Sources */ = {isa = PBXBuildFile; fileRef = C2A0570F1F6973EC006BC3D1 /* StrokeDetector.swift */; };
		C20035F31F9E32DD00C21EF7 /* NoteIndexIntegrator.swift in Sources */ = {isa = PBXBuildFile; fileRef = C20775E01F671E20009FD61A /* NoteIndexIntegrator.swift */; };
		C20035F41F9E33E000C21EF7 /* CubicBezier.swift in Sources */ = {isa = PBXBuildFile; fileRef = C2E7E2B41F715158007A9AF6 /* CubicBezier.swift */; };
		C20035F51F9E344300C21EF7 /* MathUtils.swift in Sources */ = {isa = PBXBuildFile; fileRef = C21AA3C31F8B90A400D6C490 /* MathUtils.swift */; };
		C20035F61F9E344A00C21EF7 /* SamplingSettingsUtils.swift in Sources */ = {isa = PBXBuildFile; fileRef = C211C0961F73014100999FE8 /* SamplingSettingsUtils.swift */; };
		C20CAFC01FBA6EE10015D88C /* 5s.wav in Resources */ = {isa = PBXBuildFile; fileRef = C20CAFBF1FBA6EE10015D88C /* 5s.wav */; };
		C210352B1FBA34CD0073F46C /* FirebaseClient.swift in Sources */ = {isa = PBXBuildFile; fileRef = C210352A1FBA34CD0073F46C /* FirebaseClient.swift */; };
		C210352D1FBA38FE0073F46C /* GoogleService-Info.plist in Resources */ = {isa = PBXBuildFile; fileRef = C210352C1FBA38FD0073F46C /* GoogleService-Info.plist */; };
		C2159FFA1FBF4ACB009B487D /* OverdriveViewController.swift in Sources */ = {isa = PBXBuildFile; fileRef = C2159FF91FBF4ACB009B487D /* OverdriveViewController.swift */; };
		C2159FFC1FBF4B22009B487D /* Overdrive.storyboard in Resources */ = {isa = PBXBuildFile; fileRef = C2159FFB1FBF4B22009B487D /* Overdrive.storyboard */; };
		C2159FFE1FBF4C77009B487D /* Decade.storyboard in Resources */ = {isa = PBXBuildFile; fileRef = C2159FFD1FBF4C77009B487D /* Decade.storyboard */; };
		C215A0001FBF4C9F009B487D /* DecadeViewController.swift in Sources */ = {isa = PBXBuildFile; fileRef = C2159FFF1FBF4C9F009B487D /* DecadeViewController.swift */; };
		C21AA3C41F8B90A400D6C490 /* MathUtils.swift in Sources */ = {isa = PBXBuildFile; fileRef = C21AA3C31F8B90A400D6C490 /* MathUtils.swift */; };
		C22751F01FC1B012009DE62F /* PadContainer.storyboard in Resources */ = {isa = PBXBuildFile; fileRef = C22751EF1FC1B012009DE62F /* PadContainer.storyboard */; };
		C2305C531F87E17900A89F63 /* WaveMapController.swift in Sources */ = {isa = PBXBuildFile; fileRef = C2305C521F87E17900A89F63 /* WaveMapController.swift */; };
		C231401A1F9C92E500EA6027 /* MapCreatorViewController.swift in Sources */ = {isa = PBXBuildFile; fileRef = C23140191F9C92E500EA6027 /* MapCreatorViewController.swift */; };
		C231401E1F9C96B700EA6027 /* WaveMapCreator.storyboard in Resources */ = {isa = PBXBuildFile; fileRef = C231401D1F9C96B700EA6027 /* WaveMapCreator.storyboard */; };
		C23AEBE31FBCCE820022BD97 /* WaveMapPickerController.swift in Sources */ = {isa = PBXBuildFile; fileRef = C23AEBE21FBCCE820022BD97 /* WaveMapPickerController.swift */; };
		C23AEBE51FBCCE990022BD97 /* WaveMapPicker.storyboard in Resources */ = {isa = PBXBuildFile; fileRef = C23AEBE41FBCCE990022BD97 /* WaveMapPicker.storyboard */; };
		C23F52EB1FA78E9B00127604 /* OscilatorViewController.swift in Sources */ = {isa = PBXBuildFile; fileRef = C23F52EA1FA78E9B00127604 /* OscilatorViewController.swift */; };
		C23F52ED1FA78F4A00127604 /* Oscilator.storyboard in Resources */ = {isa = PBXBuildFile; fileRef = C23F52EC1FA78F4A00127604 /* Oscilator.storyboard */; };
		C23F52F31FA797C000127604 /* Constant.storyboard in Resources */ = {isa = PBXBuildFile; fileRef = C23F52F21FA797C000127604 /* Constant.storyboard */; };
		C23F52F51FA797DF00127604 /* ConstantViewController.swift in Sources */ = {isa = PBXBuildFile; fileRef = C23F52F41FA797DF00127604 /* ConstantViewController.swift */; };
		C241701A1FA10417000E293F /* AudioFileReader.swift in Sources */ = {isa = PBXBuildFile; fileRef = C24170191FA10417000E293F /* AudioFileReader.swift */; };
		C241701B1FA104FC000E293F /* AudioFileReader.swift in Sources */ = {isa = PBXBuildFile; fileRef = C24170191FA10417000E293F /* AudioFileReader.swift */; };
		C241701D1FA10FC7000E293F /* NodesList.storyboard in Resources */ = {isa = PBXBuildFile; fileRef = C241701C1FA10FC7000E293F /* NodesList.storyboard */; };
		C24170211FA11000000E293F /* NodesListViewController.swift in Sources */ = {isa = PBXBuildFile; fileRef = C24170201FA11000000E293F /* NodesListViewController.swift */; };
		C24170701FA12184000E293F /* PadViewController.swift in Sources */ = {isa = PBXBuildFile; fileRef = C241706F1FA12184000E293F /* PadViewController.swift */; };
		C24170721FA121AB000E293F /* Pad.storyboard in Resources */ = {isa = PBXBuildFile; fileRef = C24170711FA121AB000E293F /* Pad.storyboard */; };
		C24844EB1FC48038008FD1AD /* ReverbViewController.swift in Sources */ = {isa = PBXBuildFile; fileRef = C24844EA1FC48038008FD1AD /* ReverbViewController.swift */; };
		C24844ED1FC48452008FD1AD /* Reverb.storyboard in Resources */ = {isa = PBXBuildFile; fileRef = C24844EC1FC48452008FD1AD /* Reverb.storyboard */; };
		C248D9D91FB115B4007BC866 /* EnvelopeClone.swift in Sources */ = {isa = PBXBuildFile; fileRef = C248D9D81FB115B4007BC866 /* EnvelopeClone.swift */; };
		C248D9DA1FB115BC007BC866 /* EnvelopeClone.swift in Sources */ = {isa = PBXBuildFile; fileRef = C248D9D81FB115B4007BC866 /* EnvelopeClone.swift */; };
		C26852921FC23846009AE28C /* SaturationWaveEffect.swift in Sources */ = {isa = PBXBuildFile; fileRef = C26852911FC23846009AE28C /* SaturationWaveEffect.swift */; };
		C26852931FC23846009AE28C /* SaturationWaveEffect.swift in Sources */ = {isa = PBXBuildFile; fileRef = C26852911FC23846009AE28C /* SaturationWaveEffect.swift */; };
		C26C1FD21FBBBE6A00621EEA /* WaveMapStorage.swift in Sources */ = {isa = PBXBuildFile; fileRef = C26C1FD11FBBBE6A00621EEA /* WaveMapStorage.swift */; };
		C26C1FD31FBBBE6E00621EEA /* WaveMapStorage.swift in Sources */ = {isa = PBXBuildFile; fileRef = C26C1FD11FBBBE6A00621EEA /* WaveMapStorage.swift */; };
		C2744F2D1FB0F4CF0017BD86 /* GraphView.swift in Sources */ = {isa = PBXBuildFile; fileRef = C2744F2C1FB0F4CF0017BD86 /* GraphView.swift */; };
		C2791FD71FC0BB910015CC85 /* ValuesView.swift in Sources */ = {isa = PBXBuildFile; fileRef = C2791FD61FC0BB910015CC85 /* ValuesView.swift */; };
		C2791FD91FC0BE8A0015CC85 /* OutputMonitorViewController.swift in Sources */ = {isa = PBXBuildFile; fileRef = C2791FD81FC0BE8A0015CC85 /* OutputMonitorViewController.swift */; };
		C2791FDB1FC0C3260015CC85 /* Monitor.storyboard in Resources */ = {isa = PBXBuildFile; fileRef = C2791FDA1FC0C3260015CC85 /* Monitor.storyboard */; };
		C282AC5F1FC496820050F127 /* PhaserWaveEffect.swift in Sources */ = {isa = PBXBuildFile; fileRef = C282AC5E1FC496820050F127 /* PhaserWaveEffect.swift */; };
		C282AC601FC496820050F127 /* PhaserWaveEffect.swift in Sources */ = {isa = PBXBuildFile; fileRef = C282AC5E1FC496820050F127 /* PhaserWaveEffect.swift */; };
		C282AC621FC4A4DE0050F127 /* PhaserViewController.swift in Sources */ = {isa = PBXBuildFile; fileRef = C282AC611FC4A4DE0050F127 /* PhaserViewController.swift */; };
		C282AC641FC4A8FA0050F127 /* Phaser.storyboard in Resources */ = {isa = PBXBuildFile; fileRef = C282AC631FC4A8FA0050F127 /* Phaser.storyboard */; };
		C287159E1FA7A19F0098B257 /* VariableLabelController.swift in Sources */ = {isa = PBXBuildFile; fileRef = C287159D1FA7A19F0098B257 /* VariableLabelController.swift */; };
		C28B24BA1FBF355F00E3015E /* WaveShaperViewController.swift in Sources */ = {isa = PBXBuildFile; fileRef = C28B24B91FBF355F00E3015E /* WaveShaperViewController.swift */; };
		C28B24BC1FBF36B600E3015E /* WaveShaper.storyboard in Resources */ = {isa = PBXBuildFile; fileRef = C28B24BB1FBF36B600E3015E /* WaveShaper.storyboard */; };
		C2938AD31FC45DE600F2A6DF /* ReverbWaveEffect.swift in Sources */ = {isa = PBXBuildFile; fileRef = C2938AD21FC45DE600F2A6DF /* ReverbWaveEffect.swift */; };
		C2938AD41FC45DE600F2A6DF /* ReverbWaveEffect.swift in Sources */ = {isa = PBXBuildFile; fileRef = C2938AD21FC45DE600F2A6DF /* ReverbWaveEffect.swift */; };
		C29547A01F7D9FC300D8EEF0 /* WaveDistortion.swift in Sources */ = {isa = PBXBuildFile; fileRef = C295479F1F7D9FC300D8EEF0 /* WaveDistortion.swift */; };
		C29547A21F7DA0D900D8EEF0 /* FoldbackEffectViewController.swift in Sources */ = {isa = PBXBuildFile; fileRef = C29547A11F7DA0D900D8EEF0 /* FoldbackEffectViewController.swift */; };
		C29547A41F7DA15000D8EEF0 /* Foldback.storyboard in Resources */ = {isa = PBXBuildFile; fileRef = C29547A31F7DA15000D8EEF0 /* Foldback.storyboard */; };
		C29E51471F9A2E5D0039651C /* AppDelegate.swift in Sources */ = {isa = PBXBuildFile; fileRef = C29E51461F9A2E5D0039651C /* AppDelegate.swift */; };
		C29E51541F9A2E5D0039651C /* Assets.xcassets in Resources */ = {isa = PBXBuildFile; fileRef = C29E51531F9A2E5D0039651C /* Assets.xcassets */; };
		C29E51571F9A2E5D0039651C /* LaunchScreen.storyboard in Resources */ = {isa = PBXBuildFile; fileRef = C29E51551F9A2E5D0039651C /* LaunchScreen.storyboard */; };
		C2A8CCB71FA8B874002EE832 /* EnvelopeViewController.swift in Sources */ = {isa = PBXBuildFile; fileRef = C2A8CCB61FA8B874002EE832 /* EnvelopeViewController.swift */; };
		C2A8CCB91FA8B8A9002EE832 /* Envelope.storyboard in Resources */ = {isa = PBXBuildFile; fileRef = C2A8CCB81FA8B8A9002EE832 /* Envelope.storyboard */; };
		C2B26BE51FBE0F2C002A18AF /* UserFeedback.swift in Sources */ = {isa = PBXBuildFile; fileRef = C2B26BE41FBE0F2C002A18AF /* UserFeedback.swift */; };
		C2B26BE61FBE0F88002A18AF /* UserFeedback.swift in Sources */ = {isa = PBXBuildFile; fileRef = C2B26BE41FBE0F2C002A18AF /* UserFeedback.swift */; };
		C2BF23E11F87CFC100EF9A6A /* SoundNetwork.swift in Sources */ = {isa = PBXBuildFile; fileRef = C2BF23E01F87CFC100EF9A6A /* SoundNetwork.swift */; };
		C2BF34E91F87ECC20049C460 /* WaveMap.storyboard in Resources */ = {isa = PBXBuildFile; fileRef = C2BF34E81F87ECC20049C460 /* WaveMap.storyboard */; };
		C2C19A891F7AFE3500FDE938 /* InterfaceBuilderInstance.swift in Sources */ = {isa = PBXBuildFile; fileRef = C21D82B61F7034B900F79116 /* InterfaceBuilderInstance.swift */; };
		C2C19A8A1F7AFE4400FDE938 /* MidiOutputEffect.swift in Sources */ = {isa = PBXBuildFile; fileRef = C262CA601F5F10AA00411635 /* MidiOutputEffect.swift */; };
		C2C19A8B1F7AFE4400FDE938 /* PitchDetector.swift in Sources */ = {isa = PBXBuildFile; fileRef = C28CE3751F6094FF002B9567 /* PitchDetector.swift */; };
		C2C19A8C1F7AFE4400FDE938 /* MidiServer.swift in Sources */ = {isa = PBXBuildFile; fileRef = C24FFF711F66E2C2007CBF57 /* MidiServer.swift */; };
		C2C19A8D1F7AFE4400FDE938 /* NoteIndexIntegrator.swift in Sources */ = {isa = PBXBuildFile; fileRef = C20775E01F671E20009FD61A /* NoteIndexIntegrator.swift */; };
		C2C19A8E1F7AFE4400FDE938 /* StrokeDetector.swift in Sources */ = {isa = PBXBuildFile; fileRef = C2A0570F1F6973EC006BC3D1 /* StrokeDetector.swift */; };
		C2C19A901F7AFE4400FDE938 /* Bass808.storyboard in Resources */ = {isa = PBXBuildFile; fileRef = C21D82B01F7032E900F79116 /* Bass808.storyboard */; };
		C2C19A911F7AFE4400FDE938 /* Oscilator.storyboard in Resources */ = {isa = PBXBuildFile; fileRef = C21D82B21F70330200F79116 /* Oscilator.storyboard */; };
		C2C19A921F7AFE4400FDE938 /* OscilatorViewController.swift in Sources */ = {isa = PBXBuildFile; fileRef = C21D82B41F70337F00F79116 /* OscilatorViewController.swift */; };
		C2C19A931F7AFE4400FDE938 /* Variable.storyboard in Resources */ = {isa = PBXBuildFile; fileRef = C20AE1C11F70566300AFFBCE /* Variable.storyboard */; };
		C2C19A941F7AFE4400FDE938 /* VariableViewController.swift in Sources */ = {isa = PBXBuildFile; fileRef = C20AE1C31F7057F500AFFBCE /* VariableViewController.swift */; };
		C2C19A961F7AFE4400FDE938 /* TimeFunctionVariable.storyboard in Resources */ = {isa = PBXBuildFile; fileRef = C2BC08E31F70920700F308AE /* TimeFunctionVariable.storyboard */; };
		C2C19A971F7AFE4400FDE938 /* EnvelopeFunction.swift in Sources */ = {isa = PBXBuildFile; fileRef = C20E18451F71087900C55086 /* EnvelopeFunction.swift */; };
		C2C19A981F7AFE4400FDE938 /* Envelope.storyboard in Resources */ = {isa = PBXBuildFile; fileRef = C20E18471F710C3000C55086 /* Envelope.storyboard */; };
		C2C19A991F7AFE4400FDE938 /* EnvelopeViewController.swift in Sources */ = {isa = PBXBuildFile; fileRef = C20E18491F710E1400C55086 /* EnvelopeViewController.swift */; };
		C2C19A9A1F7AFE4400FDE938 /* TimeFunctionViewController.swift in Sources */ = {isa = PBXBuildFile; fileRef = C212EAE11F72BB5000198D25 /* TimeFunctionViewController.swift */; };
		C2C19A9B1F7AFE4400FDE938 /* AmpViewController.swift in Sources */ = {isa = PBXBuildFile; fileRef = C2FA5B751F72CC54006E6565 /* AmpViewController.swift */; };
		C2C19A9C1F7AFE4400FDE938 /* Amp.storyboard in Resources */ = {isa = PBXBuildFile; fileRef = C2FA5B771F72CD05006E6565 /* Amp.storyboard */; };
		C2C19A9E1F7AFE4400FDE938 /* WaveShaper.storyboard in Resources */ = {isa = PBXBuildFile; fileRef = C226A2661F74212E00539B80 /* WaveShaper.storyboard */; };
		C2C19A9F1F7AFE4400FDE938 /* WaveShaperViewController.swift in Sources */ = {isa = PBXBuildFile; fileRef = C226A2681F74217E00539B80 /* WaveShaperViewController.swift */; };
		C2C19AA01F7AFE4400FDE938 /* WaveShaperNode.storyboard in Resources */ = {isa = PBXBuildFile; fileRef = C226A26C1F742C1A00539B80 /* WaveShaperNode.storyboard */; };
		C2C19AA11F7AFE4400FDE938 /* WaveShaperNodeViewController.swift in Sources */ = {isa = PBXBuildFile; fileRef = C226A26E1F742C8A00539B80 /* WaveShaperNodeViewController.swift */; };
		C2C19AA21F7AFE4400FDE938 /* TestViewController.swift in Sources */ = {isa = PBXBuildFile; fileRef = C21C583A1F74370A00907502 /* TestViewController.swift */; };
		C2C19AA31F7AFE4400FDE938 /* Test.storyboard in Resources */ = {isa = PBXBuildFile; fileRef = C21C583F1F74386800907502 /* Test.storyboard */; };
		C2C19AA41F7AFE4400FDE938 /* TreeViewController.swift in Sources */ = {isa = PBXBuildFile; fileRef = C2A4CD041F753B0D001F8D56 /* TreeViewController.swift */; };
		C2C19AA51F7AFE4400FDE938 /* Tree.storyboard in Resources */ = {isa = PBXBuildFile; fileRef = C2A4CD061F7546C2001F8D56 /* Tree.storyboard */; };
		C2C19AA61F7AFE4400FDE938 /* FileBrowser.swift in Sources */ = {isa = PBXBuildFile; fileRef = C26AD8E51F7556A9005512E0 /* FileBrowser.swift */; };
		C2C19AA71F7AFE4400FDE938 /* Sampler.storyboard in Resources */ = {isa = PBXBuildFile; fileRef = C21DD5451F756AF500CDD534 /* Sampler.storyboard */; };
		C2C19AA81F7AFE4400FDE938 /* SamplerViewController.swift in Sources */ = {isa = PBXBuildFile; fileRef = C21DD54A1F756B1C00CDD534 /* SamplerViewController.swift */; };
		C2C19AA91F7AFE4400FDE938 /* ChannelPlayerEffect.swift in Sources */ = {isa = PBXBuildFile; fileRef = C2F63BD21F7988710046A7D5 /* ChannelPlayerEffect.swift */; };
		C2C19AAA1F7AFE5300FDE938 /* WaveGenerator.swift in Sources */ = {isa = PBXBuildFile; fileRef = C21D82B91F70400900F79116 /* WaveGenerator.swift */; };
		C2C19AAB1F7AFE5300FDE938 /* FunctionVariable.swift in Sources */ = {isa = PBXBuildFile; fileRef = C21D82BB1F70402C00F79116 /* FunctionVariable.swift */; };
		C2C19AAD1F7AFE5300FDE938 /* CubicBezier.swift in Sources */ = {isa = PBXBuildFile; fileRef = C2E7E2B41F715158007A9AF6 /* CubicBezier.swift */; };
		C2C19AAE1F7AFE5300FDE938 /* WaveEffect.swift in Sources */ = {isa = PBXBuildFile; fileRef = C212EAE61F72BD8000198D25 /* WaveEffect.swift */; };
		C2C19AAF1F7AFE5300FDE938 /* Oscilator.swift in Sources */ = {isa = PBXBuildFile; fileRef = C2FA5B701F72CBE9006E6565 /* Oscilator.swift */; };
		C2C19AB01F7AFE5300FDE938 /* SamplingSettingsUtils.swift in Sources */ = {isa = PBXBuildFile; fileRef = C211C0961F73014100999FE8 /* SamplingSettingsUtils.swift */; };
		C2C19AB11F7AFE5300FDE938 /* WaveShaper.swift in Sources */ = {isa = PBXBuildFile; fileRef = C226A26A1F7429F300539B80 /* WaveShaper.swift */; };
		C2C19AB21F7AFE5300FDE938 /* Sampler.swift in Sources */ = {isa = PBXBuildFile; fileRef = C23508081F75340E0049754F /* Sampler.swift */; };
		C2C3F1971FA8B13300E9A4E9 /* VariableLabel.storyboard in Resources */ = {isa = PBXBuildFile; fileRef = C2C3F1961FA8B13300E9A4E9 /* VariableLabel.storyboard */; };
		C2CB16851F5F0D5800B8D6FF /* AppDelegate.swift in Sources */ = {isa = PBXBuildFile; fileRef = C2CB16841F5F0D5800B8D6FF /* AppDelegate.swift */; };
		C2CB16891F5F0D5800B8D6FF /* Assets.xcassets in Resources */ = {isa = PBXBuildFile; fileRef = C2CB16881F5F0D5800B8D6FF /* Assets.xcassets */; };
		C2CB168C1F5F0D5800B8D6FF /* Main.storyboard in Resources */ = {isa = PBXBuildFile; fileRef = C2CB168A1F5F0D5800B8D6FF /* Main.storyboard */; };
		C2CF79D01F9E16FC0087C6A1 /* WaveMap.swift in Sources */ = {isa = PBXBuildFile; fileRef = C2CF79CF1F9E16FC0087C6A1 /* WaveMap.swift */; };
		C2CF79D11F9E17440087C6A1 /* WaveMap.swift in Sources */ = {isa = PBXBuildFile; fileRef = C2CF79CF1F9E16FC0087C6A1 /* WaveMap.swift */; };
		C2CF79D21F9E17800087C6A1 /* ChannelPlayerEffect.swift in Sources */ = {isa = PBXBuildFile; fileRef = C2F63BD21F7988710046A7D5 /* ChannelPlayerEffect.swift */; };
		C2CF79D31F9E17940087C6A1 /* WaveEffect.swift in Sources */ = {isa = PBXBuildFile; fileRef = C212EAE61F72BD8000198D25 /* WaveEffect.swift */; };
		C2CF79D41F9E17A00087C6A1 /* SoundNetwork.swift in Sources */ = {isa = PBXBuildFile; fileRef = C2BF23E01F87CFC100EF9A6A /* SoundNetwork.swift */; };
		C2CF79D51F9E17AA0087C6A1 /* Oscilator.swift in Sources */ = {isa = PBXBuildFile; fileRef = C2FA5B701F72CBE9006E6565 /* Oscilator.swift */; };
		C2CF79D61F9E17BB0087C6A1 /* WaveGenerator.swift in Sources */ = {isa = PBXBuildFile; fileRef = C21D82B91F70400900F79116 /* WaveGenerator.swift */; };
		C2CF79D71F9E17D00087C6A1 /* WaveDistortion.swift in Sources */ = {isa = PBXBuildFile; fileRef = C295479F1F7D9FC300D8EEF0 /* WaveDistortion.swift */; };
		C2D5B7081FA8CE99006C44D1 /* CubicBezierViewController.swift in Sources */ = {isa = PBXBuildFile; fileRef = C2D5B7071FA8CE99006C44D1 /* CubicBezierViewController.swift */; };
		C2D5B70A1FA8D1C0006C44D1 /* CubicBezier.storyboard in Resources */ = {isa = PBXBuildFile; fileRef = C2D5B7091FA8D1C0006C44D1 /* CubicBezier.storyboard */; };
		C2ECD25F1F7C20880037780F /* SamplerNodeViewController.swift in Sources */ = {isa = PBXBuildFile; fileRef = C2ECD25E1F7C20880037780F /* SamplerNodeViewController.swift */; };
		C2ECD2611F7C223D0037780F /* SamplerNode.storyboard in Resources */ = {isa = PBXBuildFile; fileRef = C2ECD2601F7C223D0037780F /* SamplerNode.storyboard */; };
		C2ED66DF1FBF33FF0002EBB7 /* InterfaceBuilderInstance.swift in Sources */ = {isa = PBXBuildFile; fileRef = C2ED66DE1FBF33FF0002EBB7 /* InterfaceBuilderInstance.swift */; };
		C2ED99271F8D3FF100FA9738 /* ConstantViewController.swift in Sources */ = {isa = PBXBuildFile; fileRef = C2ED99261F8D3FF100FA9738 /* ConstantViewController.swift */; };
		C2ED99291F8D40C900FA9738 /* Constant.storyboard in Resources */ = {isa = PBXBuildFile; fileRef = C2ED99281F8D40C900FA9738 /* Constant.storyboard */; };
		C2EE30981FBE21D7000DD9CE /* 440.wav in Resources */ = {isa = PBXBuildFile; fileRef = C2F0A61F1FBA276200BC8AA6 /* 440.wav */; };
		C2EE309A1FBE59B6000DD9CE /* Foldback.storyboard in Resources */ = {isa = PBXBuildFile; fileRef = C2EE30991FBE59B6000DD9CE /* Foldback.storyboard */; };
		C2EE309C1FBE5A56000DD9CE /* FoldbackViewController.swift in Sources */ = {isa = PBXBuildFile; fileRef = C2EE309B1FBE5A56000DD9CE /* FoldbackViewController.swift */; };
		C2F0A6201FBA276200BC8AA6 /* 440.wav in Resources */ = {isa = PBXBuildFile; fileRef = C2F0A61F1FBA276200BC8AA6 /* 440.wav */; };
		C2F136211F9929B700069C8D /* LowpassFilterEffect.swift in Sources */ = {isa = PBXBuildFile; fileRef = C2F136201F9929B700069C8D /* LowpassFilterEffect.swift */; };
		C2FC489A1FB36E8B008838F4 /* Sequencer.swift in Sources */ = {isa = PBXBuildFile; fileRef = C2FC48991FB36E8B008838F4 /* Sequencer.swift */; };
		C2FC489B1FB36EBF008838F4 /* Sequencer.swift in Sources */ = {isa = PBXBuildFile; fileRef = C2FC48991FB36E8B008838F4 /* Sequencer.swift */; };
		C2FDB8171FBCF5CB00509C82 /* StorageConstants.swift in Sources */ = {isa = PBXBuildFile; fileRef = C2FDB8161FBCF5CB00509C82 /* StorageConstants.swift */; };
		C2FDB8181FBCF5CB00509C82 /* StorageConstants.swift in Sources */ = {isa = PBXBuildFile; fileRef = C2FDB8161FBCF5CB00509C82 /* StorageConstants.swift */; };
		C2FDB81A1FBD08E500509C82 /* FirebaseClient.swift in Sources */ = {isa = PBXBuildFile; fileRef = C2FDB8191FBD08E500509C82 /* FirebaseClient.swift */; };
		C2FDB81B1FBD0EA900509C82 /* GoogleService-Info.plist in Resources */ = {isa = PBXBuildFile; fileRef = C210352C1FBA38FD0073F46C /* GoogleService-Info.plist */; };
		C2FE271B1FBB8564001CED37 /* SamplerViewController.swift in Sources */ = {isa = PBXBuildFile; fileRef = C2FE271A1FBB8564001CED37 /* SamplerViewController.swift */; };
		C2FE271D1FBB8589001CED37 /* Sampler.storyboard in Resources */ = {isa = PBXBuildFile; fileRef = C2FE271C1FBB8589001CED37 /* Sampler.storyboard */; };
		C2FE271E1FBB8790001CED37 /* FileBrowser.swift in Sources */ = {isa = PBXBuildFile; fileRef = C26AD8E51F7556A9005512E0 /* FileBrowser.swift */; };
		C2FE27201FBB87B2001CED37 /* Tree.swift in Sources */ = {isa = PBXBuildFile; fileRef = C2FE271F1FBB87B2001CED37 /* Tree.swift */; };
		C2FE27211FBB87B2001CED37 /* Tree.swift in Sources */ = {isa = PBXBuildFile; fileRef = C2FE271F1FBB87B2001CED37 /* Tree.swift */; };
		C2FE27241FBB8819001CED37 /* TreeViewController.swift in Sources */ = {isa = PBXBuildFile; fileRef = C2FE27221FBB8819001CED37 /* TreeViewController.swift */; };
		C2FE27271FBB8909001CED37 /* Tree.storyboard in Resources */ = {isa = PBXBuildFile; fileRef = C2FE27251FBB8909001CED37 /* Tree.storyboard */; };
		CA8706BC595401596FD33F81 /* Pods_WaveMapCreator.framework in Frameworks */ = {isa = PBXBuildFile; fileRef = 3E699D986BA89A03F33A4E25 /* Pods_WaveMapCreator.framework */; };
/* End PBXBuildFile section */

/* Begin PBXCopyFilesBuildPhase section */
		C25EED951F7ABE8A0071ABAD /* Embed Frameworks */ = {
			isa = PBXCopyFilesBuildPhase;
			buildActionMask = 2147483647;
			dstPath = "";
			dstSubfolderSpec = 10;
			files = (
			);
			name = "Embed Frameworks";
			runOnlyForDeploymentPostprocessing = 0;
		};
/* End PBXCopyFilesBuildPhase section */

/* Begin PBXFileReference section */
		1757CB00591DBA9848112594 /* Pods-GuitarMidiKit.debug.xcconfig */ = {isa = PBXFileReference; includeInIndex = 1; lastKnownFileType = text.xcconfig; name = "Pods-GuitarMidiKit.debug.xcconfig"; path = "Pods/Target Support Files/Pods-GuitarMidiKit/Pods-GuitarMidiKit.debug.xcconfig"; sourceTree = "<group>"; };
		2485880FDB1C7AAD3D8B5849 /* Pods-GuitarMidi.release.xcconfig */ = {isa = PBXFileReference; includeInIndex = 1; lastKnownFileType = text.xcconfig; name = "Pods-GuitarMidi.release.xcconfig"; path = "Pods/Target Support Files/Pods-GuitarMidi/Pods-GuitarMidi.release.xcconfig"; sourceTree = "<group>"; };
		3E699D986BA89A03F33A4E25 /* Pods_WaveMapCreator.framework */ = {isa = PBXFileReference; explicitFileType = wrapper.framework; includeInIndex = 0; path = Pods_WaveMapCreator.framework; sourceTree = BUILT_PRODUCTS_DIR; };
		5F1239878A4B320DB80C6464 /* Pods_GuitarMidi.framework */ = {isa = PBXFileReference; explicitFileType = wrapper.framework; includeInIndex = 0; path = Pods_GuitarMidi.framework; sourceTree = BUILT_PRODUCTS_DIR; };
		7909DABEEE7746610422A4C5 /* Pods-WaveMapCreator.release.xcconfig */ = {isa = PBXFileReference; includeInIndex = 1; lastKnownFileType = text.xcconfig; name = "Pods-WaveMapCreator.release.xcconfig"; path = "Pods/Target Support Files/Pods-WaveMapCreator/Pods-WaveMapCreator.release.xcconfig"; sourceTree = "<group>"; };
		B5C633EA3563B6DEE0015953 /* Pods_GuitarMidiKit.framework */ = {isa = PBXFileReference; explicitFileType = wrapper.framework; includeInIndex = 0; path = Pods_GuitarMidiKit.framework; sourceTree = BUILT_PRODUCTS_DIR; };
		C20775E01F671E20009FD61A /* NoteIndexIntegrator.swift */ = {isa = PBXFileReference; lastKnownFileType = sourcecode.swift; path = NoteIndexIntegrator.swift; sourceTree = "<group>"; };
		C20AE1C11F70566300AFFBCE /* Variable.storyboard */ = {isa = PBXFileReference; lastKnownFileType = file.storyboard; path = Variable.storyboard; sourceTree = "<group>"; };
		C20AE1C31F7057F500AFFBCE /* VariableViewController.swift */ = {isa = PBXFileReference; lastKnownFileType = sourcecode.swift; path = VariableViewController.swift; sourceTree = "<group>"; };
		C20CAFBF1FBA6EE10015D88C /* 5s.wav */ = {isa = PBXFileReference; lastKnownFileType = audio.wav; path = 5s.wav; sourceTree = "<group>"; };
		C20E18451F71087900C55086 /* EnvelopeFunction.swift */ = {isa = PBXFileReference; lastKnownFileType = sourcecode.swift; path = EnvelopeFunction.swift; sourceTree = "<group>"; };
		C20E18471F710C3000C55086 /* Envelope.storyboard */ = {isa = PBXFileReference; lastKnownFileType = file.storyboard; path = Envelope.storyboard; sourceTree = "<group>"; };
		C20E18491F710E1400C55086 /* EnvelopeViewController.swift */ = {isa = PBXFileReference; lastKnownFileType = sourcecode.swift; path = EnvelopeViewController.swift; sourceTree = "<group>"; };
		C210352A1FBA34CD0073F46C /* FirebaseClient.swift */ = {isa = PBXFileReference; lastKnownFileType = sourcecode.swift; path = FirebaseClient.swift; sourceTree = "<group>"; };
		C210352C1FBA38FD0073F46C /* GoogleService-Info.plist */ = {isa = PBXFileReference; fileEncoding = 4; lastKnownFileType = text.plist.xml; path = "GoogleService-Info.plist"; sourceTree = "<group>"; };
		C211C0961F73014100999FE8 /* SamplingSettingsUtils.swift */ = {isa = PBXFileReference; lastKnownFileType = sourcecode.swift; path = SamplingSettingsUtils.swift; sourceTree = "<group>"; };
		C212EAE11F72BB5000198D25 /* TimeFunctionViewController.swift */ = {isa = PBXFileReference; lastKnownFileType = sourcecode.swift; path = TimeFunctionViewController.swift; sourceTree = "<group>"; };
		C212EAE61F72BD8000198D25 /* WaveEffect.swift */ = {isa = PBXFileReference; lastKnownFileType = sourcecode.swift; path = WaveEffect.swift; sourceTree = "<group>"; };
		C2159FF91FBF4ACB009B487D /* OverdriveViewController.swift */ = {isa = PBXFileReference; lastKnownFileType = sourcecode.swift; path = OverdriveViewController.swift; sourceTree = "<group>"; };
		C2159FFB1FBF4B22009B487D /* Overdrive.storyboard */ = {isa = PBXFileReference; lastKnownFileType = file.storyboard; path = Overdrive.storyboard; sourceTree = "<group>"; };
		C2159FFD1FBF4C77009B487D /* Decade.storyboard */ = {isa = PBXFileReference; lastKnownFileType = file.storyboard; path = Decade.storyboard; sourceTree = "<group>"; };
		C2159FFF1FBF4C9F009B487D /* DecadeViewController.swift */ = {isa = PBXFileReference; lastKnownFileType = sourcecode.swift; path = DecadeViewController.swift; sourceTree = "<group>"; };
		C21AA3C31F8B90A400D6C490 /* MathUtils.swift */ = {isa = PBXFileReference; lastKnownFileType = sourcecode.swift; path = MathUtils.swift; sourceTree = "<group>"; };
		C21C583A1F74370A00907502 /* TestViewController.swift */ = {isa = PBXFileReference; lastKnownFileType = sourcecode.swift; path = TestViewController.swift; sourceTree = "<group>"; };
		C21C583F1F74386800907502 /* Test.storyboard */ = {isa = PBXFileReference; lastKnownFileType = file.storyboard; path = Test.storyboard; sourceTree = "<group>"; };
		C21D82B01F7032E900F79116 /* Bass808.storyboard */ = {isa = PBXFileReference; lastKnownFileType = file.storyboard; path = Bass808.storyboard; sourceTree = "<group>"; };
		C21D82B21F70330200F79116 /* Oscilator.storyboard */ = {isa = PBXFileReference; lastKnownFileType = file.storyboard; path = Oscilator.storyboard; sourceTree = "<group>"; };
		C21D82B41F70337F00F79116 /* OscilatorViewController.swift */ = {isa = PBXFileReference; lastKnownFileType = sourcecode.swift; path = OscilatorViewController.swift; sourceTree = "<group>"; };
		C21D82B61F7034B900F79116 /* InterfaceBuilderInstance.swift */ = {isa = PBXFileReference; lastKnownFileType = sourcecode.swift; path = InterfaceBuilderInstance.swift; sourceTree = "<group>"; };
		C21D82B91F70400900F79116 /* WaveGenerator.swift */ = {isa = PBXFileReference; lastKnownFileType = sourcecode.swift; path = WaveGenerator.swift; sourceTree = "<group>"; };
		C21D82BB1F70402C00F79116 /* FunctionVariable.swift */ = {isa = PBXFileReference; lastKnownFileType = sourcecode.swift; path = FunctionVariable.swift; sourceTree = "<group>"; };
		C21DD5451F756AF500CDD534 /* Sampler.storyboard */ = {isa = PBXFileReference; lastKnownFileType = file.storyboard; path = Sampler.storyboard; sourceTree = "<group>"; };
		C21DD54A1F756B1C00CDD534 /* SamplerViewController.swift */ = {isa = PBXFileReference; lastKnownFileType = sourcecode.swift; path = SamplerViewController.swift; sourceTree = "<group>"; };
		C226A2661F74212E00539B80 /* WaveShaper.storyboard */ = {isa = PBXFileReference; lastKnownFileType = file.storyboard; path = WaveShaper.storyboard; sourceTree = "<group>"; };
		C226A2681F74217E00539B80 /* WaveShaperViewController.swift */ = {isa = PBXFileReference; lastKnownFileType = sourcecode.swift; path = WaveShaperViewController.swift; sourceTree = "<group>"; };
		C226A26A1F7429F300539B80 /* WaveShaper.swift */ = {isa = PBXFileReference; lastKnownFileType = sourcecode.swift; path = WaveShaper.swift; sourceTree = "<group>"; };
		C226A26C1F742C1A00539B80 /* WaveShaperNode.storyboard */ = {isa = PBXFileReference; lastKnownFileType = file.storyboard; path = WaveShaperNode.storyboard; sourceTree = "<group>"; };
		C226A26E1F742C8A00539B80 /* WaveShaperNodeViewController.swift */ = {isa = PBXFileReference; lastKnownFileType = sourcecode.swift; path = WaveShaperNodeViewController.swift; sourceTree = "<group>"; };
		C22751EF1FC1B012009DE62F /* PadContainer.storyboard */ = {isa = PBXFileReference; lastKnownFileType = file.storyboard; path = PadContainer.storyboard; sourceTree = "<group>"; };
		C2305C521F87E17900A89F63 /* WaveMapController.swift */ = {isa = PBXFileReference; lastKnownFileType = sourcecode.swift; path = WaveMapController.swift; sourceTree = "<group>"; };
		C23140191F9C92E500EA6027 /* MapCreatorViewController.swift */ = {isa = PBXFileReference; lastKnownFileType = sourcecode.swift; path = MapCreatorViewController.swift; sourceTree = "<group>"; };
		C231401D1F9C96B700EA6027 /* WaveMapCreator.storyboard */ = {isa = PBXFileReference; lastKnownFileType = file.storyboard; path = WaveMapCreator.storyboard; sourceTree = "<group>"; };
		C23508081F75340E0049754F /* Sampler.swift */ = {isa = PBXFileReference; lastKnownFileType = sourcecode.swift; path = Sampler.swift; sourceTree = "<group>"; };
		C23AEBE21FBCCE820022BD97 /* WaveMapPickerController.swift */ = {isa = PBXFileReference; lastKnownFileType = sourcecode.swift; path = WaveMapPickerController.swift; sourceTree = "<group>"; };
		C23AEBE41FBCCE990022BD97 /* WaveMapPicker.storyboard */ = {isa = PBXFileReference; lastKnownFileType = file.storyboard; path = WaveMapPicker.storyboard; sourceTree = "<group>"; };
		C23F52EA1FA78E9B00127604 /* OscilatorViewController.swift */ = {isa = PBXFileReference; lastKnownFileType = sourcecode.swift; path = OscilatorViewController.swift; sourceTree = "<group>"; };
		C23F52EC1FA78F4A00127604 /* Oscilator.storyboard */ = {isa = PBXFileReference; lastKnownFileType = file.storyboard; path = Oscilator.storyboard; sourceTree = "<group>"; };
		C23F52F21FA797C000127604 /* Constant.storyboard */ = {isa = PBXFileReference; lastKnownFileType = file.storyboard; path = Constant.storyboard; sourceTree = "<group>"; };
		C23F52F41FA797DF00127604 /* ConstantViewController.swift */ = {isa = PBXFileReference; lastKnownFileType = sourcecode.swift; path = ConstantViewController.swift; sourceTree = "<group>"; };
		C24170191FA10417000E293F /* AudioFileReader.swift */ = {isa = PBXFileReference; lastKnownFileType = sourcecode.swift; path = AudioFileReader.swift; sourceTree = "<group>"; };
		C241701C1FA10FC7000E293F /* NodesList.storyboard */ = {isa = PBXFileReference; lastKnownFileType = file.storyboard; path = NodesList.storyboard; sourceTree = "<group>"; };
		C24170201FA11000000E293F /* NodesListViewController.swift */ = {isa = PBXFileReference; lastKnownFileType = sourcecode.swift; path = NodesListViewController.swift; sourceTree = "<group>"; };
		C241706F1FA12184000E293F /* PadViewController.swift */ = {isa = PBXFileReference; lastKnownFileType = sourcecode.swift; path = PadViewController.swift; sourceTree = "<group>"; };
		C24170711FA121AB000E293F /* Pad.storyboard */ = {isa = PBXFileReference; lastKnownFileType = file.storyboard; path = Pad.storyboard; sourceTree = "<group>"; };
		C24844EA1FC48038008FD1AD /* ReverbViewController.swift */ = {isa = PBXFileReference; lastKnownFileType = sourcecode.swift; path = ReverbViewController.swift; sourceTree = "<group>"; };
		C24844EC1FC48452008FD1AD /* Reverb.storyboard */ = {isa = PBXFileReference; lastKnownFileType = file.storyboard; path = Reverb.storyboard; sourceTree = "<group>"; };
		C248D9D81FB115B4007BC866 /* EnvelopeClone.swift */ = {isa = PBXFileReference; lastKnownFileType = sourcecode.swift; path = EnvelopeClone.swift; sourceTree = "<group>"; };
		C24FFF711F66E2C2007CBF57 /* MidiServer.swift */ = {isa = PBXFileReference; lastKnownFileType = sourcecode.swift; path = MidiServer.swift; sourceTree = "<group>"; };
		C262CA601F5F10AA00411635 /* MidiOutputEffect.swift */ = {isa = PBXFileReference; lastKnownFileType = sourcecode.swift; path = MidiOutputEffect.swift; sourceTree = "<group>"; };
		C26852911FC23846009AE28C /* SaturationWaveEffect.swift */ = {isa = PBXFileReference; lastKnownFileType = sourcecode.swift; path = SaturationWaveEffect.swift; sourceTree = "<group>"; };
		C26AD8E51F7556A9005512E0 /* FileBrowser.swift */ = {isa = PBXFileReference; lastKnownFileType = sourcecode.swift; path = FileBrowser.swift; sourceTree = "<group>"; };
		C26C1FD11FBBBE6A00621EEA /* WaveMapStorage.swift */ = {isa = PBXFileReference; fileEncoding = 4; lastKnownFileType = sourcecode.swift; path = WaveMapStorage.swift; sourceTree = "<group>"; };
		C2744F2C1FB0F4CF0017BD86 /* GraphView.swift */ = {isa = PBXFileReference; lastKnownFileType = sourcecode.swift; path = GraphView.swift; sourceTree = "<group>"; };
		C2791FD61FC0BB910015CC85 /* ValuesView.swift */ = {isa = PBXFileReference; lastKnownFileType = sourcecode.swift; path = ValuesView.swift; sourceTree = "<group>"; };
		C2791FD81FC0BE8A0015CC85 /* OutputMonitorViewController.swift */ = {isa = PBXFileReference; lastKnownFileType = sourcecode.swift; path = OutputMonitorViewController.swift; sourceTree = "<group>"; };
		C2791FDA1FC0C3260015CC85 /* Monitor.storyboard */ = {isa = PBXFileReference; lastKnownFileType = file.storyboard; path = Monitor.storyboard; sourceTree = "<group>"; };
		C282AC5E1FC496820050F127 /* PhaserWaveEffect.swift */ = {isa = PBXFileReference; lastKnownFileType = sourcecode.swift; path = PhaserWaveEffect.swift; sourceTree = "<group>"; };
		C282AC611FC4A4DE0050F127 /* PhaserViewController.swift */ = {isa = PBXFileReference; lastKnownFileType = sourcecode.swift; path = PhaserViewController.swift; sourceTree = "<group>"; };
		C282AC631FC4A8FA0050F127 /* Phaser.storyboard */ = {isa = PBXFileReference; lastKnownFileType = file.storyboard; path = Phaser.storyboard; sourceTree = "<group>"; };
		C287159D1FA7A19F0098B257 /* VariableLabelController.swift */ = {isa = PBXFileReference; lastKnownFileType = sourcecode.swift; path = VariableLabelController.swift; sourceTree = "<group>"; };
		C28B24B91FBF355F00E3015E /* WaveShaperViewController.swift */ = {isa = PBXFileReference; lastKnownFileType = sourcecode.swift; path = WaveShaperViewController.swift; sourceTree = "<group>"; };
		C28B24BB1FBF36B600E3015E /* WaveShaper.storyboard */ = {isa = PBXFileReference; lastKnownFileType = file.storyboard; path = WaveShaper.storyboard; sourceTree = "<group>"; };
		C28CE3751F6094FF002B9567 /* PitchDetector.swift */ = {isa = PBXFileReference; lastKnownFileType = sourcecode.swift; path = PitchDetector.swift; sourceTree = "<group>"; };
		C2938AD21FC45DE600F2A6DF /* ReverbWaveEffect.swift */ = {isa = PBXFileReference; lastKnownFileType = sourcecode.swift; path = ReverbWaveEffect.swift; sourceTree = "<group>"; };
		C295479F1F7D9FC300D8EEF0 /* WaveDistortion.swift */ = {isa = PBXFileReference; lastKnownFileType = sourcecode.swift; path = WaveDistortion.swift; sourceTree = "<group>"; };
		C29547A11F7DA0D900D8EEF0 /* FoldbackEffectViewController.swift */ = {isa = PBXFileReference; lastKnownFileType = sourcecode.swift; path = FoldbackEffectViewController.swift; sourceTree = "<group>"; };
		C29547A31F7DA15000D8EEF0 /* Foldback.storyboard */ = {isa = PBXFileReference; lastKnownFileType = file.storyboard; path = Foldback.storyboard; sourceTree = "<group>"; };
		C29E51441F9A2E5D0039651C /* WaveMapCreator.app */ = {isa = PBXFileReference; explicitFileType = wrapper.application; includeInIndex = 0; path = WaveMapCreator.app; sourceTree = BUILT_PRODUCTS_DIR; };
		C29E51461F9A2E5D0039651C /* AppDelegate.swift */ = {isa = PBXFileReference; lastKnownFileType = sourcecode.swift; path = AppDelegate.swift; sourceTree = "<group>"; };
		C29E51531F9A2E5D0039651C /* Assets.xcassets */ = {isa = PBXFileReference; lastKnownFileType = folder.assetcatalog; path = Assets.xcassets; sourceTree = "<group>"; };
		C29E51561F9A2E5D0039651C /* Base */ = {isa = PBXFileReference; lastKnownFileType = file.storyboard; name = Base; path = Base.lproj/LaunchScreen.storyboard; sourceTree = "<group>"; };
		C29E51581F9A2E5D0039651C /* Info.plist */ = {isa = PBXFileReference; lastKnownFileType = text.plist.xml; path = Info.plist; sourceTree = "<group>"; };
		C2A0570F1F6973EC006BC3D1 /* StrokeDetector.swift */ = {isa = PBXFileReference; lastKnownFileType = sourcecode.swift; path = StrokeDetector.swift; sourceTree = "<group>"; };
		C2A4CD041F753B0D001F8D56 /* TreeViewController.swift */ = {isa = PBXFileReference; lastKnownFileType = sourcecode.swift; path = TreeViewController.swift; sourceTree = "<group>"; };
		C2A4CD061F7546C2001F8D56 /* Tree.storyboard */ = {isa = PBXFileReference; lastKnownFileType = file.storyboard; path = Tree.storyboard; sourceTree = "<group>"; };
		C2A8CCB61FA8B874002EE832 /* EnvelopeViewController.swift */ = {isa = PBXFileReference; lastKnownFileType = sourcecode.swift; path = EnvelopeViewController.swift; sourceTree = "<group>"; };
		C2A8CCB81FA8B8A9002EE832 /* Envelope.storyboard */ = {isa = PBXFileReference; lastKnownFileType = file.storyboard; path = Envelope.storyboard; sourceTree = "<group>"; };
		C2B26BE41FBE0F2C002A18AF /* UserFeedback.swift */ = {isa = PBXFileReference; lastKnownFileType = sourcecode.swift; path = UserFeedback.swift; sourceTree = "<group>"; };
		C2BC08E31F70920700F308AE /* TimeFunctionVariable.storyboard */ = {isa = PBXFileReference; lastKnownFileType = file.storyboard; path = TimeFunctionVariable.storyboard; sourceTree = "<group>"; };
		C2BF23E01F87CFC100EF9A6A /* SoundNetwork.swift */ = {isa = PBXFileReference; lastKnownFileType = sourcecode.swift; path = SoundNetwork.swift; sourceTree = "<group>"; };
		C2BF34E81F87ECC20049C460 /* WaveMap.storyboard */ = {isa = PBXFileReference; lastKnownFileType = file.storyboard; path = WaveMap.storyboard; sourceTree = "<group>"; };
		C2C3F1961FA8B13300E9A4E9 /* VariableLabel.storyboard */ = {isa = PBXFileReference; lastKnownFileType = file.storyboard; path = VariableLabel.storyboard; sourceTree = "<group>"; };
		C2CB16811F5F0D5800B8D6FF /* GuitarMidi.app */ = {isa = PBXFileReference; explicitFileType = wrapper.application; includeInIndex = 0; path = GuitarMidi.app; sourceTree = BUILT_PRODUCTS_DIR; };
		C2CB16841F5F0D5800B8D6FF /* AppDelegate.swift */ = {isa = PBXFileReference; lastKnownFileType = sourcecode.swift; path = AppDelegate.swift; sourceTree = "<group>"; };
		C2CB16881F5F0D5800B8D6FF /* Assets.xcassets */ = {isa = PBXFileReference; lastKnownFileType = folder.assetcatalog; path = Assets.xcassets; sourceTree = "<group>"; };
		C2CB168B1F5F0D5800B8D6FF /* Base */ = {isa = PBXFileReference; lastKnownFileType = file.storyboard; name = Base; path = Base.lproj/Main.storyboard; sourceTree = "<group>"; };
		C2CB168D1F5F0D5800B8D6FF /* Info.plist */ = {isa = PBXFileReference; lastKnownFileType = text.plist.xml; path = Info.plist; sourceTree = "<group>"; };
		C2CB16941F5F0DC100B8D6FF /* GuitarDsp.framework */ = {isa = PBXFileReference; lastKnownFileType = wrapper.framework; name = GuitarDsp.framework; path = "../../../../../Library/Developer/Xcode/DerivedData/GuitarDsp-gboowxrazxsddgehsrbqoyrqehfs/Build/Products/Debug/GuitarDsp.framework"; sourceTree = "<group>"; };
		C2CF79CF1F9E16FC0087C6A1 /* WaveMap.swift */ = {isa = PBXFileReference; lastKnownFileType = sourcecode.swift; path = WaveMap.swift; sourceTree = "<group>"; };
		C2D5B7071FA8CE99006C44D1 /* CubicBezierViewController.swift */ = {isa = PBXFileReference; lastKnownFileType = sourcecode.swift; path = CubicBezierViewController.swift; sourceTree = "<group>"; };
		C2D5B7091FA8D1C0006C44D1 /* CubicBezier.storyboard */ = {isa = PBXFileReference; lastKnownFileType = file.storyboard; path = CubicBezier.storyboard; sourceTree = "<group>"; };
		C2E7E2B41F715158007A9AF6 /* CubicBezier.swift */ = {isa = PBXFileReference; lastKnownFileType = sourcecode.swift; path = CubicBezier.swift; sourceTree = "<group>"; };
		C2ECD25E1F7C20880037780F /* SamplerNodeViewController.swift */ = {isa = PBXFileReference; lastKnownFileType = sourcecode.swift; path = SamplerNodeViewController.swift; sourceTree = "<group>"; };
		C2ECD2601F7C223D0037780F /* SamplerNode.storyboard */ = {isa = PBXFileReference; lastKnownFileType = file.storyboard; path = SamplerNode.storyboard; sourceTree = "<group>"; };
		C2ED66DE1FBF33FF0002EBB7 /* InterfaceBuilderInstance.swift */ = {isa = PBXFileReference; lastKnownFileType = sourcecode.swift; path = InterfaceBuilderInstance.swift; sourceTree = "<group>"; };
		C2ED99261F8D3FF100FA9738 /* ConstantViewController.swift */ = {isa = PBXFileReference; lastKnownFileType = sourcecode.swift; path = ConstantViewController.swift; sourceTree = "<group>"; };
		C2ED99281F8D40C900FA9738 /* Constant.storyboard */ = {isa = PBXFileReference; lastKnownFileType = file.storyboard; path = Constant.storyboard; sourceTree = "<group>"; };
		C2EE30991FBE59B6000DD9CE /* Foldback.storyboard */ = {isa = PBXFileReference; lastKnownFileType = file.storyboard; path = Foldback.storyboard; sourceTree = "<group>"; };
		C2EE309B1FBE5A56000DD9CE /* FoldbackViewController.swift */ = {isa = PBXFileReference; lastKnownFileType = sourcecode.swift; path = FoldbackViewController.swift; sourceTree = "<group>"; };
		C2F0A61F1FBA276200BC8AA6 /* 440.wav */ = {isa = PBXFileReference; lastKnownFileType = audio.wav; path = 440.wav; sourceTree = "<group>"; };
		C2F136201F9929B700069C8D /* LowpassFilterEffect.swift */ = {isa = PBXFileReference; lastKnownFileType = sourcecode.swift; path = LowpassFilterEffect.swift; sourceTree = "<group>"; };
		C2F63BD21F7988710046A7D5 /* ChannelPlayerEffect.swift */ = {isa = PBXFileReference; lastKnownFileType = sourcecode.swift; path = ChannelPlayerEffect.swift; sourceTree = "<group>"; };
		C2FA5B701F72CBE9006E6565 /* Oscilator.swift */ = {isa = PBXFileReference; lastKnownFileType = sourcecode.swift; path = Oscilator.swift; sourceTree = "<group>"; };
		C2FA5B751F72CC54006E6565 /* AmpViewController.swift */ = {isa = PBXFileReference; lastKnownFileType = sourcecode.swift; path = AmpViewController.swift; sourceTree = "<group>"; };
		C2FA5B771F72CD05006E6565 /* Amp.storyboard */ = {isa = PBXFileReference; lastKnownFileType = file.storyboard; path = Amp.storyboard; sourceTree = "<group>"; };
		C2FC48991FB36E8B008838F4 /* Sequencer.swift */ = {isa = PBXFileReference; lastKnownFileType = sourcecode.swift; path = Sequencer.swift; sourceTree = "<group>"; };
		C2FDB8161FBCF5CB00509C82 /* StorageConstants.swift */ = {isa = PBXFileReference; lastKnownFileType = sourcecode.swift; path = StorageConstants.swift; sourceTree = "<group>"; };
		C2FDB8191FBD08E500509C82 /* FirebaseClient.swift */ = {isa = PBXFileReference; lastKnownFileType = sourcecode.swift; path = FirebaseClient.swift; sourceTree = "<group>"; };
		C2FE271A1FBB8564001CED37 /* SamplerViewController.swift */ = {isa = PBXFileReference; lastKnownFileType = sourcecode.swift; path = SamplerViewController.swift; sourceTree = "<group>"; };
		C2FE271C1FBB8589001CED37 /* Sampler.storyboard */ = {isa = PBXFileReference; lastKnownFileType = file.storyboard; path = Sampler.storyboard; sourceTree = "<group>"; };
		C2FE271F1FBB87B2001CED37 /* Tree.swift */ = {isa = PBXFileReference; lastKnownFileType = sourcecode.swift; path = Tree.swift; sourceTree = "<group>"; };
		C2FE27221FBB8819001CED37 /* TreeViewController.swift */ = {isa = PBXFileReference; lastKnownFileType = sourcecode.swift; path = TreeViewController.swift; sourceTree = "<group>"; };
		C2FE27251FBB8909001CED37 /* Tree.storyboard */ = {isa = PBXFileReference; lastKnownFileType = file.storyboard; path = Tree.storyboard; sourceTree = "<group>"; };
		C5F010D11174259137D117C6 /* Pods-GuitarMidiKit.release.xcconfig */ = {isa = PBXFileReference; includeInIndex = 1; lastKnownFileType = text.xcconfig; name = "Pods-GuitarMidiKit.release.xcconfig"; path = "Pods/Target Support Files/Pods-GuitarMidiKit/Pods-GuitarMidiKit.release.xcconfig"; sourceTree = "<group>"; };
		E6A95BAF96B672E9AE90BD70 /* Pods-GuitarMidi.debug.xcconfig */ = {isa = PBXFileReference; includeInIndex = 1; lastKnownFileType = text.xcconfig; name = "Pods-GuitarMidi.debug.xcconfig"; path = "Pods/Target Support Files/Pods-GuitarMidi/Pods-GuitarMidi.debug.xcconfig"; sourceTree = "<group>"; };
		FA7019476D5691482E6E1EAC /* Pods-WaveMapCreator.debug.xcconfig */ = {isa = PBXFileReference; includeInIndex = 1; lastKnownFileType = text.xcconfig; name = "Pods-WaveMapCreator.debug.xcconfig"; path = "Pods/Target Support Files/Pods-WaveMapCreator/Pods-WaveMapCreator.debug.xcconfig"; sourceTree = "<group>"; };
/* End PBXFileReference section */

/* Begin PBXFrameworksBuildPhase section */
		C29E51411F9A2E5D0039651C /* Frameworks */ = {
			isa = PBXFrameworksBuildPhase;
			buildActionMask = 2147483647;
			files = (
				CA8706BC595401596FD33F81 /* Pods_WaveMapCreator.framework in Frameworks */,
			);
			runOnlyForDeploymentPostprocessing = 0;
		};
		C2CB167E1F5F0D5800B8D6FF /* Frameworks */ = {
			isa = PBXFrameworksBuildPhase;
			buildActionMask = 2147483647;
			files = (
				B48E5AACBB3EB6906900A289 /* Pods_GuitarMidi.framework in Frameworks */,
			);
			runOnlyForDeploymentPostprocessing = 0;
		};
/* End PBXFrameworksBuildPhase section */

/* Begin PBXGroup section */
		8CFA17E97FA7D45B735F00B9 /* Pods */ = {
			isa = PBXGroup;
			children = (
				E6A95BAF96B672E9AE90BD70 /* Pods-GuitarMidi.debug.xcconfig */,
				2485880FDB1C7AAD3D8B5849 /* Pods-GuitarMidi.release.xcconfig */,
				1757CB00591DBA9848112594 /* Pods-GuitarMidiKit.debug.xcconfig */,
				C5F010D11174259137D117C6 /* Pods-GuitarMidiKit.release.xcconfig */,
				FA7019476D5691482E6E1EAC /* Pods-WaveMapCreator.debug.xcconfig */,
				7909DABEEE7746610422A4C5 /* Pods-WaveMapCreator.release.xcconfig */,
			);
			name = Pods;
			sourceTree = "<group>";
		};
		C29E51451F9A2E5D0039651C /* WaveMapCreator */ = {
			isa = PBXGroup;
			children = (
				C282AC611FC4A4DE0050F127 /* PhaserViewController.swift */,
				C20CAFBF1FBA6EE10015D88C /* 5s.wav */,
				C210352C1FBA38FD0073F46C /* GoogleService-Info.plist */,
				C2F0A61F1FBA276200BC8AA6 /* 440.wav */,
				C29E51461F9A2E5D0039651C /* AppDelegate.swift */,
				C29E51531F9A2E5D0039651C /* Assets.xcassets */,
				C29E51551F9A2E5D0039651C /* LaunchScreen.storyboard */,
				C29E51581F9A2E5D0039651C /* Info.plist */,
				C23140191F9C92E500EA6027 /* MapCreatorViewController.swift */,
				C231401D1F9C96B700EA6027 /* WaveMapCreator.storyboard */,
				C241701C1FA10FC7000E293F /* NodesList.storyboard */,
				C24170201FA11000000E293F /* NodesListViewController.swift */,
				C241706F1FA12184000E293F /* PadViewController.swift */,
				C24170711FA121AB000E293F /* Pad.storyboard */,
				C23F52EA1FA78E9B00127604 /* OscilatorViewController.swift */,
				C23F52EC1FA78F4A00127604 /* Oscilator.storyboard */,
				C23F52F21FA797C000127604 /* Constant.storyboard */,
				C23F52F41FA797DF00127604 /* ConstantViewController.swift */,
				C287159D1FA7A19F0098B257 /* VariableLabelController.swift */,
				C2C3F1961FA8B13300E9A4E9 /* VariableLabel.storyboard */,
				C2A8CCB61FA8B874002EE832 /* EnvelopeViewController.swift */,
				C2A8CCB81FA8B8A9002EE832 /* Envelope.storyboard */,
				C2D5B7071FA8CE99006C44D1 /* CubicBezierViewController.swift */,
				C2D5B7091FA8D1C0006C44D1 /* CubicBezier.storyboard */,
				C2744F2C1FB0F4CF0017BD86 /* GraphView.swift */,
				C2FC48991FB36E8B008838F4 /* Sequencer.swift */,
				C210352A1FBA34CD0073F46C /* FirebaseClient.swift */,
				C2FE271A1FBB8564001CED37 /* SamplerViewController.swift */,
				C2FE271C1FBB8589001CED37 /* Sampler.storyboard */,
				C2FE27221FBB8819001CED37 /* TreeViewController.swift */,
				C2FE27251FBB8909001CED37 /* Tree.storyboard */,
				C23AEBE21FBCCE820022BD97 /* WaveMapPickerController.swift */,
				C23AEBE41FBCCE990022BD97 /* WaveMapPicker.storyboard */,
				C2EE30991FBE59B6000DD9CE /* Foldback.storyboard */,
				C2EE309B1FBE5A56000DD9CE /* FoldbackViewController.swift */,
				C2ED66DE1FBF33FF0002EBB7 /* InterfaceBuilderInstance.swift */,
				C28B24B91FBF355F00E3015E /* WaveShaperViewController.swift */,
				C28B24BB1FBF36B600E3015E /* WaveShaper.storyboard */,
				C2159FF91FBF4ACB009B487D /* OverdriveViewController.swift */,
				C2159FFB1FBF4B22009B487D /* Overdrive.storyboard */,
				C2159FFD1FBF4C77009B487D /* Decade.storyboard */,
				C2159FFF1FBF4C9F009B487D /* DecadeViewController.swift */,
				C2791FD61FC0BB910015CC85 /* ValuesView.swift */,
				C2791FD81FC0BE8A0015CC85 /* OutputMonitorViewController.swift */,
				C2791FDA1FC0C3260015CC85 /* Monitor.storyboard */,
				C22751EF1FC1B012009DE62F /* PadContainer.storyboard */,
				C24844EA1FC48038008FD1AD /* ReverbViewController.swift */,
				C24844EC1FC48452008FD1AD /* Reverb.storyboard */,
				C282AC631FC4A8FA0050F127 /* Phaser.storyboard */,
			);
			path = WaveMapCreator;
			sourceTree = "<group>";
		};
		C2CB16781F5F0D5800B8D6FF = {
			isa = PBXGroup;
			children = (
				C2CB16831F5F0D5800B8D6FF /* GuitarMidi */,
				C29E51451F9A2E5D0039651C /* WaveMapCreator */,
				C2CB16821F5F0D5800B8D6FF /* Products */,
				C2CB16931F5F0DC100B8D6FF /* Frameworks */,
				8CFA17E97FA7D45B735F00B9 /* Pods */,
			);
			sourceTree = "<group>";
		};
		C2CB16821F5F0D5800B8D6FF /* Products */ = {
			isa = PBXGroup;
			children = (
				C2CB16811F5F0D5800B8D6FF /* GuitarMidi.app */,
				C29E51441F9A2E5D0039651C /* WaveMapCreator.app */,
			);
			name = Products;
			sourceTree = "<group>";
		};
		C2CB16831F5F0D5800B8D6FF /* GuitarMidi */ = {
			isa = PBXGroup;
			children = (
				C26C1FD11FBBBE6A00621EEA /* WaveMapStorage.swift */,
				C21D82B91F70400900F79116 /* WaveGenerator.swift */,
				C21D82BB1F70402C00F79116 /* FunctionVariable.swift */,
				C2E7E2B41F715158007A9AF6 /* CubicBezier.swift */,
				C212EAE61F72BD8000198D25 /* WaveEffect.swift */,
				C2FA5B701F72CBE9006E6565 /* Oscilator.swift */,
				C211C0961F73014100999FE8 /* SamplingSettingsUtils.swift */,
				C226A26A1F7429F300539B80 /* WaveShaper.swift */,
				C23508081F75340E0049754F /* Sampler.swift */,
				C2CB16841F5F0D5800B8D6FF /* AppDelegate.swift */,
				C21D82B61F7034B900F79116 /* InterfaceBuilderInstance.swift */,
				C2CB16881F5F0D5800B8D6FF /* Assets.xcassets */,
				C2CB168A1F5F0D5800B8D6FF /* Main.storyboard */,
				C2CB168D1F5F0D5800B8D6FF /* Info.plist */,
				C262CA601F5F10AA00411635 /* MidiOutputEffect.swift */,
				C28CE3751F6094FF002B9567 /* PitchDetector.swift */,
				C24FFF711F66E2C2007CBF57 /* MidiServer.swift */,
				C20775E01F671E20009FD61A /* NoteIndexIntegrator.swift */,
				C2A0570F1F6973EC006BC3D1 /* StrokeDetector.swift */,
				C21D82B01F7032E900F79116 /* Bass808.storyboard */,
				C21D82B21F70330200F79116 /* Oscilator.storyboard */,
				C21D82B41F70337F00F79116 /* OscilatorViewController.swift */,
				C20AE1C11F70566300AFFBCE /* Variable.storyboard */,
				C20AE1C31F7057F500AFFBCE /* VariableViewController.swift */,
				C2BC08E31F70920700F308AE /* TimeFunctionVariable.storyboard */,
				C20E18451F71087900C55086 /* EnvelopeFunction.swift */,
				C20E18471F710C3000C55086 /* Envelope.storyboard */,
				C20E18491F710E1400C55086 /* EnvelopeViewController.swift */,
				C212EAE11F72BB5000198D25 /* TimeFunctionViewController.swift */,
				C2FA5B751F72CC54006E6565 /* AmpViewController.swift */,
				C2FA5B771F72CD05006E6565 /* Amp.storyboard */,
				C226A2661F74212E00539B80 /* WaveShaper.storyboard */,
				C226A2681F74217E00539B80 /* WaveShaperViewController.swift */,
				C226A26C1F742C1A00539B80 /* WaveShaperNode.storyboard */,
				C226A26E1F742C8A00539B80 /* WaveShaperNodeViewController.swift */,
				C21C583A1F74370A00907502 /* TestViewController.swift */,
				C21C583F1F74386800907502 /* Test.storyboard */,
				C2A4CD041F753B0D001F8D56 /* TreeViewController.swift */,
				C2A4CD061F7546C2001F8D56 /* Tree.storyboard */,
				C26AD8E51F7556A9005512E0 /* FileBrowser.swift */,
				C21DD5451F756AF500CDD534 /* Sampler.storyboard */,
				C21DD54A1F756B1C00CDD534 /* SamplerViewController.swift */,
				C2F63BD21F7988710046A7D5 /* ChannelPlayerEffect.swift */,
				C2ECD25E1F7C20880037780F /* SamplerNodeViewController.swift */,
				C2ECD2601F7C223D0037780F /* SamplerNode.storyboard */,
				C295479F1F7D9FC300D8EEF0 /* WaveDistortion.swift */,
				C29547A11F7DA0D900D8EEF0 /* FoldbackEffectViewController.swift */,
				C29547A31F7DA15000D8EEF0 /* Foldback.storyboard */,
				C2BF23E01F87CFC100EF9A6A /* SoundNetwork.swift */,
				C2305C521F87E17900A89F63 /* WaveMapController.swift */,
				C2BF34E81F87ECC20049C460 /* WaveMap.storyboard */,
				C21AA3C31F8B90A400D6C490 /* MathUtils.swift */,
				C2ED99261F8D3FF100FA9738 /* ConstantViewController.swift */,
				C2ED99281F8D40C900FA9738 /* Constant.storyboard */,
				C2F136201F9929B700069C8D /* LowpassFilterEffect.swift */,
				C2CF79CF1F9E16FC0087C6A1 /* WaveMap.swift */,
				C24170191FA10417000E293F /* AudioFileReader.swift */,
				C248D9D81FB115B4007BC866 /* EnvelopeClone.swift */,
				C2FE271F1FBB87B2001CED37 /* Tree.swift */,
				C2FDB8161FBCF5CB00509C82 /* StorageConstants.swift */,
				C2FDB8191FBD08E500509C82 /* FirebaseClient.swift */,
				C2B26BE41FBE0F2C002A18AF /* UserFeedback.swift */,
				C26852911FC23846009AE28C /* SaturationWaveEffect.swift */,
				C2938AD21FC45DE600F2A6DF /* ReverbWaveEffect.swift */,
				C282AC5E1FC496820050F127 /* PhaserWaveEffect.swift */,
			);
			path = GuitarMidi;
			sourceTree = "<group>";
		};
		C2CB16931F5F0DC100B8D6FF /* Frameworks */ = {
			isa = PBXGroup;
			children = (
				C2CB16941F5F0DC100B8D6FF /* GuitarDsp.framework */,
				5F1239878A4B320DB80C6464 /* Pods_GuitarMidi.framework */,
				B5C633EA3563B6DEE0015953 /* Pods_GuitarMidiKit.framework */,
				3E699D986BA89A03F33A4E25 /* Pods_WaveMapCreator.framework */,
			);
			name = Frameworks;
			sourceTree = "<group>";
		};
/* End PBXGroup section */

/* Begin PBXNativeTarget section */
		C29E51431F9A2E5D0039651C /* WaveMapCreator */ = {
			isa = PBXNativeTarget;
			buildConfigurationList = C29E515B1F9A2E5D0039651C /* Build configuration list for PBXNativeTarget "WaveMapCreator" */;
			buildPhases = (
				72EF5B63BDA55F484304BB50 /* [CP] Check Pods Manifest.lock */,
				C29E51401F9A2E5D0039651C /* Sources */,
				C29E51411F9A2E5D0039651C /* Frameworks */,
				C29E51421F9A2E5D0039651C /* Resources */,
				A9D6D5BBAFC3C02CBF64C4F0 /* [CP] Embed Pods Frameworks */,
				B8FAABD338E6E2A8D3E878BF /* [CP] Copy Pods Resources */,
			);
			buildRules = (
			);
			dependencies = (
			);
			name = WaveMapCreator;
			productName = WaveMapCreator;
			productReference = C29E51441F9A2E5D0039651C /* WaveMapCreator.app */;
			productType = "com.apple.product-type.application";
		};
		C2CB16801F5F0D5800B8D6FF /* GuitarMidi */ = {
			isa = PBXNativeTarget;
			buildConfigurationList = C2CB16901F5F0D5800B8D6FF /* Build configuration list for PBXNativeTarget "GuitarMidi" */;
			buildPhases = (
				34295879A4221899E83D9C71 /* [CP] Check Pods Manifest.lock */,
				C2CB167D1F5F0D5800B8D6FF /* Sources */,
				C2CB167E1F5F0D5800B8D6FF /* Frameworks */,
				C2CB167F1F5F0D5800B8D6FF /* Resources */,
				15B270EE570451DDCEAC5DFB /* [CP] Embed Pods Frameworks */,
				59B0EB1C20A7F4C82152A658 /* [CP] Copy Pods Resources */,
				C25EED951F7ABE8A0071ABAD /* Embed Frameworks */,
			);
			buildRules = (
			);
			dependencies = (
			);
			name = GuitarMidi;
			productName = GuitarMidi;
			productReference = C2CB16811F5F0D5800B8D6FF /* GuitarMidi.app */;
			productType = "com.apple.product-type.application";
		};
/* End PBXNativeTarget section */

/* Begin PBXProject section */
		C2CB16791F5F0D5800B8D6FF /* Project object */ = {
			isa = PBXProject;
			attributes = {
				LastSwiftUpdateCheck = 0900;
				LastUpgradeCheck = 0830;
				ORGANIZATIONNAME = "Maciej Chmielewski";
				TargetAttributes = {
					C29E51431F9A2E5D0039651C = {
						CreatedOnToolsVersion = 9.0;
						DevelopmentTeam = 76RXF4V6NR;
					};
					C2CB16801F5F0D5800B8D6FF = {
						CreatedOnToolsVersion = 8.3.3;
						DevelopmentTeam = 76RXF4V6NR;
						ProvisioningStyle = Automatic;
					};
				};
			};
			buildConfigurationList = C2CB167C1F5F0D5800B8D6FF /* Build configuration list for PBXProject "GuitarMidi" */;
			compatibilityVersion = "Xcode 3.2";
			developmentRegion = English;
			hasScannedForEncodings = 0;
			knownRegions = (
				en,
				Base,
			);
			mainGroup = C2CB16781F5F0D5800B8D6FF;
			productRefGroup = C2CB16821F5F0D5800B8D6FF /* Products */;
			projectDirPath = "";
			projectRoot = "";
			targets = (
				C2CB16801F5F0D5800B8D6FF /* GuitarMidi */,
				C29E51431F9A2E5D0039651C /* WaveMapCreator */,
			);
		};
/* End PBXProject section */

/* Begin PBXResourcesBuildPhase section */
		C29E51421F9A2E5D0039651C /* Resources */ = {
			isa = PBXResourcesBuildPhase;
			buildActionMask = 2147483647;
			files = (
				C20CAFC01FBA6EE10015D88C /* 5s.wav in Resources */,
				C2791FDB1FC0C3260015CC85 /* Monitor.storyboard in Resources */,
				C2D5B70A1FA8D1C0006C44D1 /* CubicBezier.storyboard in Resources */,
				C28B24BC1FBF36B600E3015E /* WaveShaper.storyboard in Resources */,
				C2EE309A1FBE59B6000DD9CE /* Foldback.storyboard in Resources */,
				C2A8CCB91FA8B8A9002EE832 /* Envelope.storyboard in Resources */,
				C24844ED1FC48452008FD1AD /* Reverb.storyboard in Resources */,
				C241701D1FA10FC7000E293F /* NodesList.storyboard in Resources */,
				C23F52ED1FA78F4A00127604 /* Oscilator.storyboard in Resources */,
				C231401E1F9C96B700EA6027 /* WaveMapCreator.storyboard in Resources */,
				C2FE27271FBB8909001CED37 /* Tree.storyboard in Resources */,
				C282AC641FC4A8FA0050F127 /* Phaser.storyboard in Resources */,
				C210352D1FBA38FE0073F46C /* GoogleService-Info.plist in Resources */,
				C23F52F31FA797C000127604 /* Constant.storyboard in Resources */,
				C23AEBE51FBCCE990022BD97 /* WaveMapPicker.storyboard in Resources */,
				C29E51541F9A2E5D0039651C /* Assets.xcassets in Resources */,
				C2FE271D1FBB8589001CED37 /* Sampler.storyboard in Resources */,
				C2C3F1971FA8B13300E9A4E9 /* VariableLabel.storyboard in Resources */,
				C24170721FA121AB000E293F /* Pad.storyboard in Resources */,
				C2F0A6201FBA276200BC8AA6 /* 440.wav in Resources */,
				C29E51571F9A2E5D0039651C /* LaunchScreen.storyboard in Resources */,
				C2159FFE1FBF4C77009B487D /* Decade.storyboard in Resources */,
				C22751F01FC1B012009DE62F /* PadContainer.storyboard in Resources */,
				C2159FFC1FBF4B22009B487D /* Overdrive.storyboard in Resources */,
			);
			runOnlyForDeploymentPostprocessing = 0;
		};
		C2CB167F1F5F0D5800B8D6FF /* Resources */ = {
			isa = PBXResourcesBuildPhase;
			buildActionMask = 2147483647;
			files = (
				C2C19AA01F7AFE4400FDE938 /* WaveShaperNode.storyboard in Resources */,
				C2C19A981F7AFE4400FDE938 /* Envelope.storyboard in Resources */,
				C2C19A901F7AFE4400FDE938 /* Bass808.storyboard in Resources */,
				C2C19A9E1F7AFE4400FDE938 /* WaveShaper.storyboard in Resources */,
				C2CB16891F5F0D5800B8D6FF /* Assets.xcassets in Resources */,
				C2ECD2611F7C223D0037780F /* SamplerNode.storyboard in Resources */,
				C2C19A9C1F7AFE4400FDE938 /* Amp.storyboard in Resources */,
				C2ED99291F8D40C900FA9738 /* Constant.storyboard in Resources */,
				C2C19AA51F7AFE4400FDE938 /* Tree.storyboard in Resources */,
				C2CB168C1F5F0D5800B8D6FF /* Main.storyboard in Resources */,
				C2C19A961F7AFE4400FDE938 /* TimeFunctionVariable.storyboard in Resources */,
				C2EE30981FBE21D7000DD9CE /* 440.wav in Resources */,
				C2FDB81B1FBD0EA900509C82 /* GoogleService-Info.plist in Resources */,
				C2BF34E91F87ECC20049C460 /* WaveMap.storyboard in Resources */,
				C2C19AA31F7AFE4400FDE938 /* Test.storyboard in Resources */,
				C2C19A911F7AFE4400FDE938 /* Oscilator.storyboard in Resources */,
				C2C19A931F7AFE4400FDE938 /* Variable.storyboard in Resources */,
				C29547A41F7DA15000D8EEF0 /* Foldback.storyboard in Resources */,
				C2C19AA71F7AFE4400FDE938 /* Sampler.storyboard in Resources */,
			);
			runOnlyForDeploymentPostprocessing = 0;
		};
/* End PBXResourcesBuildPhase section */

/* Begin PBXShellScriptBuildPhase section */
		15B270EE570451DDCEAC5DFB /* [CP] Embed Pods Frameworks */ = {
			isa = PBXShellScriptBuildPhase;
			buildActionMask = 2147483647;
			files = (
			);
			inputPaths = (
				"${SRCROOT}/Pods/Target Support Files/Pods-GuitarMidi/Pods-GuitarMidi-frameworks.sh",
				"${BUILT_PRODUCTS_DIR}/Beethoven-macOS/Beethoven.framework",
				"${BUILT_PRODUCTS_DIR}/CubicBezier/CubicBezier.framework",
				"${BUILT_PRODUCTS_DIR}/EZAudio/EZAudio.framework",
				"${BUILT_PRODUCTS_DIR}/FirebaseCommunity/FirebaseCommunity.framework",
				"${BUILT_PRODUCTS_DIR}/GTMSessionFetcher-macOS/GTMSessionFetcher.framework",
				"${BUILT_PRODUCTS_DIR}/GoogleToolboxForMac-macOS/GoogleToolboxForMac.framework",
				"${BUILT_PRODUCTS_DIR}/GuitarDsp-macOS/GuitarDsp.framework",
				"${BUILT_PRODUCTS_DIR}/JSONCodable-macOS/JSONCodable.framework",
				"${BUILT_PRODUCTS_DIR}/MIDIKit/MIDIKit.framework",
				"${BUILT_PRODUCTS_DIR}/NodesMap-macOS/NodesMap.framework",
				"${BUILT_PRODUCTS_DIR}/Pitchy-macOS/Pitchy.framework",
				"${BUILT_PRODUCTS_DIR}/TPCircularBuffer/TPCircularBuffer.framework",
				"${BUILT_PRODUCTS_DIR}/leveldb-library-macOS/leveldb.framework",
			);
			name = "[CP] Embed Pods Frameworks";
			outputPaths = (
				"${TARGET_BUILD_DIR}/${FRAMEWORKS_FOLDER_PATH}/Beethoven.framework",
				"${TARGET_BUILD_DIR}/${FRAMEWORKS_FOLDER_PATH}/CubicBezier.framework",
				"${TARGET_BUILD_DIR}/${FRAMEWORKS_FOLDER_PATH}/EZAudio.framework",
				"${TARGET_BUILD_DIR}/${FRAMEWORKS_FOLDER_PATH}/FirebaseCommunity.framework",
				"${TARGET_BUILD_DIR}/${FRAMEWORKS_FOLDER_PATH}/GTMSessionFetcher.framework",
				"${TARGET_BUILD_DIR}/${FRAMEWORKS_FOLDER_PATH}/GoogleToolboxForMac.framework",
				"${TARGET_BUILD_DIR}/${FRAMEWORKS_FOLDER_PATH}/GuitarDsp.framework",
				"${TARGET_BUILD_DIR}/${FRAMEWORKS_FOLDER_PATH}/JSONCodable.framework",
				"${TARGET_BUILD_DIR}/${FRAMEWORKS_FOLDER_PATH}/MIDIKit.framework",
				"${TARGET_BUILD_DIR}/${FRAMEWORKS_FOLDER_PATH}/NodesMap.framework",
				"${TARGET_BUILD_DIR}/${FRAMEWORKS_FOLDER_PATH}/Pitchy.framework",
				"${TARGET_BUILD_DIR}/${FRAMEWORKS_FOLDER_PATH}/TPCircularBuffer.framework",
				"${TARGET_BUILD_DIR}/${FRAMEWORKS_FOLDER_PATH}/leveldb.framework",
			);
			runOnlyForDeploymentPostprocessing = 0;
			shellPath = /bin/sh;
			shellScript = "\"${SRCROOT}/Pods/Target Support Files/Pods-GuitarMidi/Pods-GuitarMidi-frameworks.sh\"\n";
			showEnvVarsInLog = 0;
		};
		34295879A4221899E83D9C71 /* [CP] Check Pods Manifest.lock */ = {
			isa = PBXShellScriptBuildPhase;
			buildActionMask = 2147483647;
			files = (
			);
			inputPaths = (
				"${PODS_PODFILE_DIR_PATH}/Podfile.lock",
				"${PODS_ROOT}/Manifest.lock",
			);
			name = "[CP] Check Pods Manifest.lock";
			outputPaths = (
				"$(DERIVED_FILE_DIR)/Pods-GuitarMidi-checkManifestLockResult.txt",
			);
			runOnlyForDeploymentPostprocessing = 0;
			shellPath = /bin/sh;
			shellScript = "diff \"${PODS_PODFILE_DIR_PATH}/Podfile.lock\" \"${PODS_ROOT}/Manifest.lock\" > /dev/null\nif [ $? != 0 ] ; then\n    # print error to STDERR\n    echo \"error: The sandbox is not in sync with the Podfile.lock. Run 'pod install' or update your CocoaPods installation.\" >&2\n    exit 1\nfi\n# This output is used by Xcode 'outputs' to avoid re-running this script phase.\necho \"SUCCESS\" > \"${SCRIPT_OUTPUT_FILE_0}\"\n";
			showEnvVarsInLog = 0;
		};
		59B0EB1C20A7F4C82152A658 /* [CP] Copy Pods Resources */ = {
			isa = PBXShellScriptBuildPhase;
			buildActionMask = 2147483647;
			files = (
			);
			inputPaths = (
				"${SRCROOT}/Pods/Target Support Files/Pods-GuitarMidi/Pods-GuitarMidi-resources.sh",
				"${PODS_ROOT}/../../NodesMap/NodesMap macOS/Map.storyboard",
				"${PODS_ROOT}/../../NodesMap/NodesMap Shared/Scene.sks",
			);
			name = "[CP] Copy Pods Resources";
			outputPaths = (
				"${TARGET_BUILD_DIR}/${UNLOCALIZED_RESOURCES_FOLDER_PATH}",
			);
			runOnlyForDeploymentPostprocessing = 0;
			shellPath = /bin/sh;
			shellScript = "\"${SRCROOT}/Pods/Target Support Files/Pods-GuitarMidi/Pods-GuitarMidi-resources.sh\"\n";
			showEnvVarsInLog = 0;
		};
		72EF5B63BDA55F484304BB50 /* [CP] Check Pods Manifest.lock */ = {
			isa = PBXShellScriptBuildPhase;
			buildActionMask = 2147483647;
			files = (
			);
			inputPaths = (
				"${PODS_PODFILE_DIR_PATH}/Podfile.lock",
				"${PODS_ROOT}/Manifest.lock",
			);
			name = "[CP] Check Pods Manifest.lock";
			outputPaths = (
				"$(DERIVED_FILE_DIR)/Pods-WaveMapCreator-checkManifestLockResult.txt",
			);
			runOnlyForDeploymentPostprocessing = 0;
			shellPath = /bin/sh;
			shellScript = "diff \"${PODS_PODFILE_DIR_PATH}/Podfile.lock\" \"${PODS_ROOT}/Manifest.lock\" > /dev/null\nif [ $? != 0 ] ; then\n    # print error to STDERR\n    echo \"error: The sandbox is not in sync with the Podfile.lock. Run 'pod install' or update your CocoaPods installation.\" >&2\n    exit 1\nfi\n# This output is used by Xcode 'outputs' to avoid re-running this script phase.\necho \"SUCCESS\" > \"${SCRIPT_OUTPUT_FILE_0}\"\n";
			showEnvVarsInLog = 0;
		};
		A9D6D5BBAFC3C02CBF64C4F0 /* [CP] Embed Pods Frameworks */ = {
			isa = PBXShellScriptBuildPhase;
			buildActionMask = 2147483647;
			files = (
			);
			inputPaths = (
				"${SRCROOT}/Pods/Target Support Files/Pods-WaveMapCreator/Pods-WaveMapCreator-frameworks.sh",
				"${BUILT_PRODUCTS_DIR}/Beethoven-iOS/Beethoven.framework",
				"${BUILT_PRODUCTS_DIR}/GTMSessionFetcher-iOS/GTMSessionFetcher.framework",
				"${BUILT_PRODUCTS_DIR}/GoogleToolboxForMac-iOS/GoogleToolboxForMac.framework",
				"${BUILT_PRODUCTS_DIR}/GuitarDsp-iOS/GuitarDsp.framework",
				"${BUILT_PRODUCTS_DIR}/JSONCodable-iOS/JSONCodable.framework",
				"${BUILT_PRODUCTS_DIR}/NodesMap-iOS/NodesMap.framework",
				"${BUILT_PRODUCTS_DIR}/Pitchy-iOS/Pitchy.framework",
				"${BUILT_PRODUCTS_DIR}/leveldb-library-iOS/leveldb.framework",
				"${BUILT_PRODUCTS_DIR}/Novocaine/Novocaine.framework",
				"${BUILT_PRODUCTS_DIR}/nanopb/nanopb.framework",
			);
			name = "[CP] Embed Pods Frameworks";
			outputPaths = (
				"${TARGET_BUILD_DIR}/${FRAMEWORKS_FOLDER_PATH}/Beethoven.framework",
				"${TARGET_BUILD_DIR}/${FRAMEWORKS_FOLDER_PATH}/GTMSessionFetcher.framework",
				"${TARGET_BUILD_DIR}/${FRAMEWORKS_FOLDER_PATH}/GoogleToolboxForMac.framework",
				"${TARGET_BUILD_DIR}/${FRAMEWORKS_FOLDER_PATH}/GuitarDsp.framework",
				"${TARGET_BUILD_DIR}/${FRAMEWORKS_FOLDER_PATH}/JSONCodable.framework",
				"${TARGET_BUILD_DIR}/${FRAMEWORKS_FOLDER_PATH}/NodesMap.framework",
				"${TARGET_BUILD_DIR}/${FRAMEWORKS_FOLDER_PATH}/Pitchy.framework",
				"${TARGET_BUILD_DIR}/${FRAMEWORKS_FOLDER_PATH}/leveldb.framework",
				"${TARGET_BUILD_DIR}/${FRAMEWORKS_FOLDER_PATH}/Novocaine.framework",
				"${TARGET_BUILD_DIR}/${FRAMEWORKS_FOLDER_PATH}/nanopb.framework",
			);
			runOnlyForDeploymentPostprocessing = 0;
			shellPath = /bin/sh;
			shellScript = "\"${SRCROOT}/Pods/Target Support Files/Pods-WaveMapCreator/Pods-WaveMapCreator-frameworks.sh\"\n";
			showEnvVarsInLog = 0;
		};
		B8FAABD338E6E2A8D3E878BF /* [CP] Copy Pods Resources */ = {
			isa = PBXShellScriptBuildPhase;
			buildActionMask = 2147483647;
			files = (
			);
			inputPaths = (
			);
			name = "[CP] Copy Pods Resources";
			outputPaths = (
			);
			runOnlyForDeploymentPostprocessing = 0;
			shellPath = /bin/sh;
			shellScript = "\"${SRCROOT}/Pods/Target Support Files/Pods-WaveMapCreator/Pods-WaveMapCreator-resources.sh\"\n";
			showEnvVarsInLog = 0;
		};
/* End PBXShellScriptBuildPhase section */

/* Begin PBXSourcesBuildPhase section */
		C29E51401F9A2E5D0039651C /* Sources */ = {
			isa = PBXSourcesBuildPhase;
			buildActionMask = 2147483647;
			files = (
				C20035F11F9E32CF00C21EF7 /* PitchDetector.swift in Sources */,
				C20035F01F9E32BF00C21EF7 /* LowpassFilterEffect.swift in Sources */,
				C2CF79D61F9E17BB0087C6A1 /* WaveGenerator.swift in Sources */,
				C2FE271B1FBB8564001CED37 /* SamplerViewController.swift in Sources */,
				C2CF79D31F9E17940087C6A1 /* WaveEffect.swift in Sources */,
				C2A8CCB71FA8B874002EE832 /* EnvelopeViewController.swift in Sources */,
				C2744F2D1FB0F4CF0017BD86 /* GraphView.swift in Sources */,
				C26C1FD31FBBBE6E00621EEA /* WaveMapStorage.swift in Sources */,
				C282AC601FC496820050F127 /* PhaserWaveEffect.swift in Sources */,
				C20035ED1F9E32AB00C21EF7 /* MidiOutputEffect.swift in Sources */,
				C2CF79D11F9E17440087C6A1 /* WaveMap.swift in Sources */,
				C24170701FA12184000E293F /* PadViewController.swift in Sources */,
				C282AC621FC4A4DE0050F127 /* PhaserViewController.swift in Sources */,
				C287159E1FA7A19F0098B257 /* VariableLabelController.swift in Sources */,
				C2B26BE61FBE0F88002A18AF /* UserFeedback.swift in Sources */,
				C20035F61F9E344A00C21EF7 /* SamplingSettingsUtils.swift in Sources */,
				C2CF79D71F9E17D00087C6A1 /* WaveDistortion.swift in Sources */,
				C2791FD71FC0BB910015CC85 /* ValuesView.swift in Sources */,
				C23F52F51FA797DF00127604 /* ConstantViewController.swift in Sources */,
				C2FE271E1FBB8790001CED37 /* FileBrowser.swift in Sources */,
				C2ED66DF1FBF33FF0002EBB7 /* InterfaceBuilderInstance.swift in Sources */,
				C26852931FC23846009AE28C /* SaturationWaveEffect.swift in Sources */,
				C28B24BA1FBF355F00E3015E /* WaveShaperViewController.swift in Sources */,
				C20035F21F9E32D400C21EF7 /* StrokeDetector.swift in Sources */,
				C231401A1F9C92E500EA6027 /* MapCreatorViewController.swift in Sources */,
				C2938AD41FC45DE600F2A6DF /* ReverbWaveEffect.swift in Sources */,
				C20035F51F9E344300C21EF7 /* MathUtils.swift in Sources */,
				C29E51471F9A2E5D0039651C /* AppDelegate.swift in Sources */,
				C2D5B7081FA8CE99006C44D1 /* CubicBezierViewController.swift in Sources */,
				C248D9DA1FB115BC007BC866 /* EnvelopeClone.swift in Sources */,
				C2FE27211FBB87B2001CED37 /* Tree.swift in Sources */,
				C24844EB1FC48038008FD1AD /* ReverbViewController.swift in Sources */,
				C20035EF1F9E32B900C21EF7 /* WaveShaper.swift in Sources */,
				C2791FD91FC0BE8A0015CC85 /* OutputMonitorViewController.swift in Sources */,
				C2CF79D41F9E17A00087C6A1 /* SoundNetwork.swift in Sources */,
				C2FC489A1FB36E8B008838F4 /* Sequencer.swift in Sources */,
				C2CF79D51F9E17AA0087C6A1 /* Oscilator.swift in Sources */,
				C2FDB8181FBCF5CB00509C82 /* StorageConstants.swift in Sources */,
				C20035EE1F9E32B400C21EF7 /* EnvelopeFunction.swift in Sources */,
				C20035F41F9E33E000C21EF7 /* CubicBezier.swift in Sources */,
				C23F52EB1FA78E9B00127604 /* OscilatorViewController.swift in Sources */,
				C215A0001FBF4C9F009B487D /* DecadeViewController.swift in Sources */,
				C241701B1FA104FC000E293F /* AudioFileReader.swift in Sources */,
				C24170211FA11000000E293F /* NodesListViewController.swift in Sources */,
				C2EE309C1FBE5A56000DD9CE /* FoldbackViewController.swift in Sources */,
				C20035EC1F9E2F6400C21EF7 /* FunctionVariable.swift in Sources */,
				C210352B1FBA34CD0073F46C /* FirebaseClient.swift in Sources */,
				C20035F31F9E32DD00C21EF7 /* NoteIndexIntegrator.swift in Sources */,
				C20035EB1F9E2F5F00C21EF7 /* Sampler.swift in Sources */,
				C2CF79D21F9E17800087C6A1 /* ChannelPlayerEffect.swift in Sources */,
				C2FE27241FBB8819001CED37 /* TreeViewController.swift in Sources */,
				C2159FFA1FBF4ACB009B487D /* OverdriveViewController.swift in Sources */,
				C23AEBE31FBCCE820022BD97 /* WaveMapPickerController.swift in Sources */,
			);
			runOnlyForDeploymentPostprocessing = 0;
		};
		C2CB167D1F5F0D5800B8D6FF /* Sources */ = {
			isa = PBXSourcesBuildPhase;
			buildActionMask = 2147483647;
			files = (
				C2C19A9A1F7AFE4400FDE938 /* TimeFunctionViewController.swift in Sources */,
				C2C19AB11F7AFE5300FDE938 /* WaveShaper.swift in Sources */,
				C2FE27201FBB87B2001CED37 /* Tree.swift in Sources */,
				C2C19AA41F7AFE4400FDE938 /* TreeViewController.swift in Sources */,
				C2C19A8B1F7AFE4400FDE938 /* PitchDetector.swift in Sources */,
				C26852921FC23846009AE28C /* SaturationWaveEffect.swift in Sources */,
				C2938AD31FC45DE600F2A6DF /* ReverbWaveEffect.swift in Sources */,
				C26C1FD21FBBBE6A00621EEA /* WaveMapStorage.swift in Sources */,
				C2C19A8E1F7AFE4400FDE938 /* StrokeDetector.swift in Sources */,
				C2FDB81A1FBD08E500509C82 /* FirebaseClient.swift in Sources */,
				C29547A21F7DA0D900D8EEF0 /* FoldbackEffectViewController.swift in Sources */,
				C2C19A8D1F7AFE4400FDE938 /* NoteIndexIntegrator.swift in Sources */,
				C2C19AAA1F7AFE5300FDE938 /* WaveGenerator.swift in Sources */,
				C21AA3C41F8B90A400D6C490 /* MathUtils.swift in Sources */,
				C2C19A9F1F7AFE4400FDE938 /* WaveShaperViewController.swift in Sources */,
				C2305C531F87E17900A89F63 /* WaveMapController.swift in Sources */,
				C2C19A991F7AFE4400FDE938 /* EnvelopeViewController.swift in Sources */,
				C2C19A921F7AFE4400FDE938 /* OscilatorViewController.swift in Sources */,
				C2FDB8171FBCF5CB00509C82 /* StorageConstants.swift in Sources */,
				C2ED99271F8D3FF100FA9738 /* ConstantViewController.swift in Sources */,
				C2C19AB01F7AFE5300FDE938 /* SamplingSettingsUtils.swift in Sources */,
				C2C19AA81F7AFE4400FDE938 /* SamplerViewController.swift in Sources */,
				C2C19AA21F7AFE4400FDE938 /* TestViewController.swift in Sources */,
				C2BF23E11F87CFC100EF9A6A /* SoundNetwork.swift in Sources */,
				C2C19AB21F7AFE5300FDE938 /* Sampler.swift in Sources */,
				C2C19A8C1F7AFE4400FDE938 /* MidiServer.swift in Sources */,
				C2C19A891F7AFE3500FDE938 /* InterfaceBuilderInstance.swift in Sources */,
				C2ECD25F1F7C20880037780F /* SamplerNodeViewController.swift in Sources */,
				C2C19AA91F7AFE4400FDE938 /* ChannelPlayerEffect.swift in Sources */,
				C2C19AA11F7AFE4400FDE938 /* WaveShaperNodeViewController.swift in Sources */,
				C2F136211F9929B700069C8D /* LowpassFilterEffect.swift in Sources */,
				C2C19A971F7AFE4400FDE938 /* EnvelopeFunction.swift in Sources */,
				C2C19A941F7AFE4400FDE938 /* VariableViewController.swift in Sources */,
				C2C19AAE1F7AFE5300FDE938 /* WaveEffect.swift in Sources */,
				C2C19AA61F7AFE4400FDE938 /* FileBrowser.swift in Sources */,
				C2C19A8A1F7AFE4400FDE938 /* MidiOutputEffect.swift in Sources */,
				C282AC5F1FC496820050F127 /* PhaserWaveEffect.swift in Sources */,
				C29547A01F7D9FC300D8EEF0 /* WaveDistortion.swift in Sources */,
				C2C19AAB1F7AFE5300FDE938 /* FunctionVariable.swift in Sources */,
				C2C19AAF1F7AFE5300FDE938 /* Oscilator.swift in Sources */,
				C241701A1FA10417000E293F /* AudioFileReader.swift in Sources */,
				C2B26BE51FBE0F2C002A18AF /* UserFeedback.swift in Sources */,
				C2CB16851F5F0D5800B8D6FF /* AppDelegate.swift in Sources */,
				C248D9D91FB115B4007BC866 /* EnvelopeClone.swift in Sources */,
				C2CF79D01F9E16FC0087C6A1 /* WaveMap.swift in Sources */,
				C2FC489B1FB36EBF008838F4 /* Sequencer.swift in Sources */,
				C2C19A9B1F7AFE4400FDE938 /* AmpViewController.swift in Sources */,
				C2C19AAD1F7AFE5300FDE938 /* CubicBezier.swift in Sources */,
			);
			runOnlyForDeploymentPostprocessing = 0;
		};
/* End PBXSourcesBuildPhase section */

/* Begin PBXVariantGroup section */
		C29E51551F9A2E5D0039651C /* LaunchScreen.storyboard */ = {
			isa = PBXVariantGroup;
			children = (
				C29E51561F9A2E5D0039651C /* Base */,
			);
			name = LaunchScreen.storyboard;
			sourceTree = "<group>";
		};
		C2CB168A1F5F0D5800B8D6FF /* Main.storyboard */ = {
			isa = PBXVariantGroup;
			children = (
				C2CB168B1F5F0D5800B8D6FF /* Base */,
			);
			name = Main.storyboard;
			sourceTree = "<group>";
		};
/* End PBXVariantGroup section */

/* Begin XCBuildConfiguration section */
		C29E51591F9A2E5D0039651C /* Debug */ = {
			isa = XCBuildConfiguration;
			baseConfigurationReference = FA7019476D5691482E6E1EAC /* Pods-WaveMapCreator.debug.xcconfig */;
			buildSettings = {
				ASSETCATALOG_COMPILER_APPICON_NAME = AppIcon;
				CLANG_CXX_LANGUAGE_STANDARD = "gnu++14";
				CLANG_WARN_BLOCK_CAPTURE_AUTORELEASING = YES;
				CLANG_WARN_COMMA = YES;
				CLANG_WARN_NON_LITERAL_NULL_CONVERSION = YES;
				CLANG_WARN_OBJC_LITERAL_CONVERSION = YES;
				CLANG_WARN_RANGE_LOOP_ANALYSIS = YES;
				CLANG_WARN_STRICT_PROTOTYPES = YES;
				CLANG_WARN_UNGUARDED_AVAILABILITY = YES_AGGRESSIVE;
				CODE_SIGN_IDENTITY = "iPhone Developer";
				DEVELOPMENT_TEAM = 76RXF4V6NR;
				GCC_C_LANGUAGE_STANDARD = gnu11;
				INFOPLIST_FILE = WaveMapCreator/Info.plist;
				IPHONEOS_DEPLOYMENT_TARGET = 11.0;
				LD_RUNPATH_SEARCH_PATHS = "$(inherited) @executable_path/Frameworks";
				PRODUCT_BUNDLE_IDENTIFIER = com.mch.nodesMap.WaveMapCreator;
				PRODUCT_NAME = "$(TARGET_NAME)";
				SDKROOT = iphoneos;
				SWIFT_VERSION = 4.0;
				TARGETED_DEVICE_FAMILY = "1,2";
			};
			name = Debug;
		};
		C29E515A1F9A2E5D0039651C /* Release */ = {
			isa = XCBuildConfiguration;
			baseConfigurationReference = 7909DABEEE7746610422A4C5 /* Pods-WaveMapCreator.release.xcconfig */;
			buildSettings = {
				ASSETCATALOG_COMPILER_APPICON_NAME = AppIcon;
				CLANG_CXX_LANGUAGE_STANDARD = "gnu++14";
				CLANG_WARN_BLOCK_CAPTURE_AUTORELEASING = YES;
				CLANG_WARN_COMMA = YES;
				CLANG_WARN_NON_LITERAL_NULL_CONVERSION = YES;
				CLANG_WARN_OBJC_LITERAL_CONVERSION = YES;
				CLANG_WARN_RANGE_LOOP_ANALYSIS = YES;
				CLANG_WARN_STRICT_PROTOTYPES = YES;
				CLANG_WARN_UNGUARDED_AVAILABILITY = YES_AGGRESSIVE;
				CODE_SIGN_IDENTITY = "iPhone Developer";
				DEVELOPMENT_TEAM = 76RXF4V6NR;
				GCC_C_LANGUAGE_STANDARD = gnu11;
				INFOPLIST_FILE = WaveMapCreator/Info.plist;
				IPHONEOS_DEPLOYMENT_TARGET = 11.0;
				LD_RUNPATH_SEARCH_PATHS = "$(inherited) @executable_path/Frameworks";
				PRODUCT_BUNDLE_IDENTIFIER = com.mch.nodesMap.WaveMapCreator;
				PRODUCT_NAME = "$(TARGET_NAME)";
				SDKROOT = iphoneos;
				SWIFT_VERSION = 4.0;
				TARGETED_DEVICE_FAMILY = "1,2";
				VALIDATE_PRODUCT = YES;
			};
			name = Release;
		};
		C2CB168E1F5F0D5800B8D6FF /* Debug */ = {
			isa = XCBuildConfiguration;
			buildSettings = {
				ALWAYS_SEARCH_USER_PATHS = NO;
				CLANG_ANALYZER_NONNULL = YES;
				CLANG_ANALYZER_NUMBER_OBJECT_CONVERSION = YES_AGGRESSIVE;
				CLANG_CXX_LANGUAGE_STANDARD = "gnu++0x";
				CLANG_CXX_LIBRARY = "libc++";
				CLANG_ENABLE_MODULES = YES;
				CLANG_ENABLE_OBJC_ARC = YES;
				CLANG_WARN_BOOL_CONVERSION = YES;
				CLANG_WARN_CONSTANT_CONVERSION = YES;
				CLANG_WARN_DIRECT_OBJC_ISA_USAGE = YES_ERROR;
				CLANG_WARN_DOCUMENTATION_COMMENTS = YES;
				CLANG_WARN_EMPTY_BODY = YES;
				CLANG_WARN_ENUM_CONVERSION = YES;
				CLANG_WARN_INFINITE_RECURSION = YES;
				CLANG_WARN_INT_CONVERSION = YES;
				CLANG_WARN_OBJC_ROOT_CLASS = YES_ERROR;
				CLANG_WARN_SUSPICIOUS_MOVE = YES;
				CLANG_WARN_UNREACHABLE_CODE = YES;
				CLANG_WARN__DUPLICATE_METHOD_MATCH = YES;
				CODE_SIGN_IDENTITY = "-";
				COPY_PHASE_STRIP = NO;
				DEBUG_INFORMATION_FORMAT = dwarf;
				ENABLE_STRICT_OBJC_MSGSEND = YES;
				ENABLE_TESTABILITY = YES;
				GCC_C_LANGUAGE_STANDARD = gnu99;
				GCC_DYNAMIC_NO_PIC = NO;
				GCC_NO_COMMON_BLOCKS = YES;
				GCC_OPTIMIZATION_LEVEL = 0;
				GCC_PREPROCESSOR_DEFINITIONS = (
					"DEBUG=1",
					"$(inherited)",
				);
				GCC_WARN_64_TO_32_BIT_CONVERSION = YES;
				GCC_WARN_ABOUT_RETURN_TYPE = YES_ERROR;
				GCC_WARN_UNDECLARED_SELECTOR = YES;
				GCC_WARN_UNINITIALIZED_AUTOS = YES_AGGRESSIVE;
				GCC_WARN_UNUSED_FUNCTION = YES;
				GCC_WARN_UNUSED_VARIABLE = YES;
				HEADER_SEARCH_PATHS = "";
				MACOSX_DEPLOYMENT_TARGET = 10.12;
				MTL_ENABLE_DEBUG_INFO = YES;
				ONLY_ACTIVE_ARCH = YES;
				SDKROOT = macosx;
				SWIFT_ACTIVE_COMPILATION_CONDITIONS = DEBUG;
				SWIFT_OPTIMIZATION_LEVEL = "-Onone";
				SWIFT_VERSION = 3.0;
			};
			name = Debug;
		};
		C2CB168F1F5F0D5800B8D6FF /* Release */ = {
			isa = XCBuildConfiguration;
			buildSettings = {
				ALWAYS_SEARCH_USER_PATHS = NO;
				CLANG_ANALYZER_NONNULL = YES;
				CLANG_ANALYZER_NUMBER_OBJECT_CONVERSION = YES_AGGRESSIVE;
				CLANG_CXX_LANGUAGE_STANDARD = "gnu++0x";
				CLANG_CXX_LIBRARY = "libc++";
				CLANG_ENABLE_MODULES = YES;
				CLANG_ENABLE_OBJC_ARC = YES;
				CLANG_WARN_BOOL_CONVERSION = YES;
				CLANG_WARN_CONSTANT_CONVERSION = YES;
				CLANG_WARN_DIRECT_OBJC_ISA_USAGE = YES_ERROR;
				CLANG_WARN_DOCUMENTATION_COMMENTS = YES;
				CLANG_WARN_EMPTY_BODY = YES;
				CLANG_WARN_ENUM_CONVERSION = YES;
				CLANG_WARN_INFINITE_RECURSION = YES;
				CLANG_WARN_INT_CONVERSION = YES;
				CLANG_WARN_OBJC_ROOT_CLASS = YES_ERROR;
				CLANG_WARN_SUSPICIOUS_MOVE = YES;
				CLANG_WARN_UNREACHABLE_CODE = YES;
				CLANG_WARN__DUPLICATE_METHOD_MATCH = YES;
				CODE_SIGN_IDENTITY = "-";
				COPY_PHASE_STRIP = NO;
				DEBUG_INFORMATION_FORMAT = "dwarf-with-dsym";
				ENABLE_NS_ASSERTIONS = NO;
				ENABLE_STRICT_OBJC_MSGSEND = YES;
				GCC_C_LANGUAGE_STANDARD = gnu99;
				GCC_NO_COMMON_BLOCKS = YES;
				GCC_WARN_64_TO_32_BIT_CONVERSION = YES;
				GCC_WARN_ABOUT_RETURN_TYPE = YES_ERROR;
				GCC_WARN_UNDECLARED_SELECTOR = YES;
				GCC_WARN_UNINITIALIZED_AUTOS = YES_AGGRESSIVE;
				GCC_WARN_UNUSED_FUNCTION = YES;
				GCC_WARN_UNUSED_VARIABLE = YES;
				HEADER_SEARCH_PATHS = "";
				MACOSX_DEPLOYMENT_TARGET = 10.12;
				MTL_ENABLE_DEBUG_INFO = NO;
				SDKROOT = macosx;
				SWIFT_OPTIMIZATION_LEVEL = "-Owholemodule";
				SWIFT_VERSION = 3.0;
			};
			name = Release;
		};
		C2CB16911F5F0D5800B8D6FF /* Debug */ = {
			isa = XCBuildConfiguration;
			baseConfigurationReference = E6A95BAF96B672E9AE90BD70 /* Pods-GuitarMidi.debug.xcconfig */;
			buildSettings = {
				ALWAYS_EMBED_SWIFT_STANDARD_LIBRARIES = YES;
				ASSETCATALOG_COMPILER_APPICON_NAME = AppIcon;
				COMBINE_HIDPI_IMAGES = YES;
				DEVELOPMENT_TEAM = 76RXF4V6NR;
				INFOPLIST_FILE = GuitarMidi/Info.plist;
				LD_RUNPATH_SEARCH_PATHS = "$(inherited) @executable_path/../Frameworks";
				PRODUCT_BUNDLE_IDENTIFIER = com.mch.GuitarMidi;
				PRODUCT_NAME = "$(TARGET_NAME)";
			};
			name = Debug;
		};
		C2CB16921F5F0D5800B8D6FF /* Release */ = {
			isa = XCBuildConfiguration;
			baseConfigurationReference = 2485880FDB1C7AAD3D8B5849 /* Pods-GuitarMidi.release.xcconfig */;
			buildSettings = {
				ALWAYS_EMBED_SWIFT_STANDARD_LIBRARIES = YES;
				ASSETCATALOG_COMPILER_APPICON_NAME = AppIcon;
				COMBINE_HIDPI_IMAGES = YES;
				DEVELOPMENT_TEAM = 76RXF4V6NR;
				INFOPLIST_FILE = GuitarMidi/Info.plist;
				LD_RUNPATH_SEARCH_PATHS = "$(inherited) @executable_path/../Frameworks";
				PRODUCT_BUNDLE_IDENTIFIER = com.mch.GuitarMidi;
				PRODUCT_NAME = "$(TARGET_NAME)";
			};
			name = Release;
		};
/* End XCBuildConfiguration section */

/* Begin XCConfigurationList section */
		C29E515B1F9A2E5D0039651C /* Build configuration list for PBXNativeTarget "WaveMapCreator" */ = {
			isa = XCConfigurationList;
			buildConfigurations = (
				C29E51591F9A2E5D0039651C /* Debug */,
				C29E515A1F9A2E5D0039651C /* Release */,
			);
			defaultConfigurationIsVisible = 0;
			defaultConfigurationName = Release;
		};
		C2CB167C1F5F0D5800B8D6FF /* Build configuration list for PBXProject "GuitarMidi" */ = {
			isa = XCConfigurationList;
			buildConfigurations = (
				C2CB168E1F5F0D5800B8D6FF /* Debug */,
				C2CB168F1F5F0D5800B8D6FF /* Release */,
			);
			defaultConfigurationIsVisible = 0;
			defaultConfigurationName = Release;
		};
		C2CB16901F5F0D5800B8D6FF /* Build configuration list for PBXNativeTarget "GuitarMidi" */ = {
			isa = XCConfigurationList;
			buildConfigurations = (
				C2CB16911F5F0D5800B8D6FF /* Debug */,
				C2CB16921F5F0D5800B8D6FF /* Release */,
			);
			defaultConfigurationIsVisible = 0;
			defaultConfigurationName = Release;
		};
/* End XCConfigurationList section */
	};
	rootObject = C2CB16791F5F0D5800B8D6FF /* Project object */;
}
