// !$*UTF8*$!
{
	archiveVersion = 1;
	classes = {
	};
	objectVersion = 46;
	objects = {

/* Begin PBXBuildFile section */
		C20EF3B41E9A577B00BCDA88 /* GuitarDsp.framework in Frameworks */ = {isa = PBXBuildFile; fileRef = C20EF3B31E9A577B00BCDA88 /* GuitarDsp.framework */; };
		C20EF3B61E9A5B5500BCDA88 /* SynthEffect.swift in Sources */ = {isa = PBXBuildFile; fileRef = C20EF3B51E9A5B5500BCDA88 /* SynthEffect.swift */; };
		C257E52E1E9A55DD006B65A5 /* AppDelegate.swift in Sources */ = {isa = PBXBuildFile; fileRef = C257E52D1E9A55DD006B65A5 /* AppDelegate.swift */; };
		C257E5301E9A55DD006B65A5 /* ViewController.swift in Sources */ = {isa = PBXBuildFile; fileRef = C257E52F1E9A55DD006B65A5 /* ViewController.swift */; };
		C257E5321E9A55DD006B65A5 /* Assets.xcassets in Resources */ = {isa = PBXBuildFile; fileRef = C257E5311E9A55DD006B65A5 /* Assets.xcassets */; };
		C257E5351E9A55DD006B65A5 /* Main.storyboard in Resources */ = {isa = PBXBuildFile; fileRef = C257E5331E9A55DD006B65A5 /* Main.storyboard */; };
		C262F4611E9E8AD700D2A8EF /* SignalGenerator.swift in Sources */ = {isa = PBXBuildFile; fileRef = C262F4601E9E8AD700D2A8EF /* SignalGenerator.swift */; };
		C2AAD3C41E9E2F5900CBA12A /* RecordingProcessor.swift in Sources */ = {isa = PBXBuildFile; fileRef = C2AAD3C31E9E2F5900CBA12A /* RecordingProcessor.swift */; };
		C2AAD3CA1E9E4B7D00CBA12A /* WavWriter.swift in Sources */ = {isa = PBXBuildFile; fileRef = C2AAD3C91E9E4B7D00CBA12A /* WavWriter.swift */; };
/* End PBXBuildFile section */

/* Begin PBXFileReference section */
		C20EF3B31E9A577B00BCDA88 /* GuitarDsp.framework */ = {isa = PBXFileReference; lastKnownFileType = wrapper.framework; name = GuitarDsp.framework; path = "../../../../../Library/Developer/Xcode/DerivedData/GuitarDsp-gboowxrazxsddgehsrbqoyrqehfs/Build/Products/Debug/GuitarDsp.framework"; sourceTree = "<group>"; };
		C20EF3B51E9A5B5500BCDA88 /* SynthEffect.swift */ = {isa = PBXFileReference; fileEncoding = 4; lastKnownFileType = sourcecode.swift; path = SynthEffect.swift; sourceTree = "<group>"; };
		C20EF3B71E9A667500BCDA88 /* zz.raw */ = {isa = PBXFileReference; lastKnownFileType = file; path = zz.raw; sourceTree = "<group>"; };
		C257E52A1E9A55DD006B65A5 /* EffectCreator.app */ = {isa = PBXFileReference; explicitFileType = wrapper.application; includeInIndex = 0; path = EffectCreator.app; sourceTree = BUILT_PRODUCTS_DIR; };
		C257E52D1E9A55DD006B65A5 /* AppDelegate.swift */ = {isa = PBXFileReference; lastKnownFileType = sourcecode.swift; path = AppDelegate.swift; sourceTree = "<group>"; };
		C257E52F1E9A55DD006B65A5 /* ViewController.swift */ = {isa = PBXFileReference; lastKnownFileType = sourcecode.swift; path = ViewController.swift; sourceTree = "<group>"; };
		C257E5311E9A55DD006B65A5 /* Assets.xcassets */ = {isa = PBXFileReference; lastKnownFileType = folder.assetcatalog; path = Assets.xcassets; sourceTree = "<group>"; };
		C257E5341E9A55DD006B65A5 /* Base */ = {isa = PBXFileReference; lastKnownFileType = file.storyboard; name = Base; path = Base.lproj/Main.storyboard; sourceTree = "<group>"; };
		C257E5361E9A55DD006B65A5 /* Info.plist */ = {isa = PBXFileReference; lastKnownFileType = text.plist.xml; path = Info.plist; sourceTree = "<group>"; };
		C262F4601E9E8AD700D2A8EF /* SignalGenerator.swift */ = {isa = PBXFileReference; fileEncoding = 4; lastKnownFileType = sourcecode.swift; path = SignalGenerator.swift; sourceTree = "<group>"; };
		C2AAD3C31E9E2F5900CBA12A /* RecordingProcessor.swift */ = {isa = PBXFileReference; fileEncoding = 4; lastKnownFileType = sourcecode.swift; path = RecordingProcessor.swift; sourceTree = "<group>"; };
		C2AAD3C91E9E4B7D00CBA12A /* WavWriter.swift */ = {isa = PBXFileReference; fileEncoding = 4; lastKnownFileType = sourcecode.swift; path = WavWriter.swift; sourceTree = "<group>"; };
/* End PBXFileReference section */

/* Begin PBXFrameworksBuildPhase section */
		C257E5271E9A55DD006B65A5 /* Frameworks */ = {
			isa = PBXFrameworksBuildPhase;
			buildActionMask = 2147483647;
			files = (
				C20EF3B41E9A577B00BCDA88 /* GuitarDsp.framework in Frameworks */,
			);
			runOnlyForDeploymentPostprocessing = 0;
		};
/* End PBXFrameworksBuildPhase section */

/* Begin PBXGroup section */
		C20EF3B21E9A577B00BCDA88 /* Frameworks */ = {
			isa = PBXGroup;
			children = (
				C20EF3B31E9A577B00BCDA88 /* GuitarDsp.framework */,
			);
			name = Frameworks;
			sourceTree = "<group>";
		};
		C257E5211E9A55DD006B65A5 = {
			isa = PBXGroup;
			children = (
				C257E52C1E9A55DD006B65A5 /* EffectCreator */,
				C257E52B1E9A55DD006B65A5 /* Products */,
				C20EF3B21E9A577B00BCDA88 /* Frameworks */,
			);
			sourceTree = "<group>";
		};
		C257E52B1E9A55DD006B65A5 /* Products */ = {
			isa = PBXGroup;
			children = (
				C257E52A1E9A55DD006B65A5 /* EffectCreator.app */,
			);
			name = Products;
			sourceTree = "<group>";
		};
		C257E52C1E9A55DD006B65A5 /* EffectCreator */ = {
			isa = PBXGroup;
			children = (
				C20EF3B71E9A667500BCDA88 /* zz.raw */,
				C257E52D1E9A55DD006B65A5 /* AppDelegate.swift */,
				C257E52F1E9A55DD006B65A5 /* ViewController.swift */,
				C257E5311E9A55DD006B65A5 /* Assets.xcassets */,
				C257E5331E9A55DD006B65A5 /* Main.storyboard */,
				C257E5361E9A55DD006B65A5 /* Info.plist */,
				C20EF3B51E9A5B5500BCDA88 /* SynthEffect.swift */,
				C2AAD3C31E9E2F5900CBA12A /* RecordingProcessor.swift */,
				C2AAD3C91E9E4B7D00CBA12A /* WavWriter.swift */,
				C262F4601E9E8AD700D2A8EF /* SignalGenerator.swift */,
			);
			path = EffectCreator;
			sourceTree = "<group>";
		};
/* End PBXGroup section */

/* Begin PBXNativeTarget section */
		C257E5291E9A55DD006B65A5 /* EffectCreator */ = {
			isa = PBXNativeTarget;
			buildConfigurationList = C257E5391E9A55DD006B65A5 /* Build configuration list for PBXNativeTarget "EffectCreator" */;
			buildPhases = (
				C257E5261E9A55DD006B65A5 /* Sources */,
				C257E5271E9A55DD006B65A5 /* Frameworks */,
				C257E5281E9A55DD006B65A5 /* Resources */,
			);
			buildRules = (
			);
			dependencies = (
			);
			name = EffectCreator;
			productName = EffectCreator;
			productReference = C257E52A1E9A55DD006B65A5 /* EffectCreator.app */;
			productType = "com.apple.product-type.application";
		};
/* End PBXNativeTarget section */

/* Begin PBXProject section */
		C257E5221E9A55DD006B65A5 /* Project object */ = {
			isa = PBXProject;
			attributes = {
				LastSwiftUpdateCheck = 0810;
				LastUpgradeCheck = 0810;
				ORGANIZATIONNAME = "Maciej Chmielewski";
				TargetAttributes = {
					C257E5291E9A55DD006B65A5 = {
						CreatedOnToolsVersion = 8.1;
						DevelopmentTeam = 76RXF4V6NR;
						ProvisioningStyle = Automatic;
					};
				};
			};
			buildConfigurationList = C257E5251E9A55DD006B65A5 /* Build configuration list for PBXProject "EffectCreator" */;
			compatibilityVersion = "Xcode 3.2";
			developmentRegion = English;
			hasScannedForEncodings = 0;
			knownRegions = (
				en,
				Base,
			);
			mainGroup = C257E5211E9A55DD006B65A5;
			productRefGroup = C257E52B1E9A55DD006B65A5 /* Products */;
			projectDirPath = "";
			projectRoot = "";
			targets = (
				C257E5291E9A55DD006B65A5 /* EffectCreator */,
			);
		};
/* End PBXProject section */

/* Begin PBXResourcesBuildPhase section */
		C257E5281E9A55DD006B65A5 /* Resources */ = {
			isa = PBXResourcesBuildPhase;
			buildActionMask = 2147483647;
			files = (
				C257E5321E9A55DD006B65A5 /* Assets.xcassets in Resources */,
				C257E5351E9A55DD006B65A5 /* Main.storyboard in Resources */,
			);
			runOnlyForDeploymentPostprocessing = 0;
		};
/* End PBXResourcesBuildPhase section */

/* Begin PBXSourcesBuildPhase section */
		C257E5261E9A55DD006B65A5 /* Sources */ = {
			isa = PBXSourcesBuildPhase;
			buildActionMask = 2147483647;
			files = (
				C2AAD3C41E9E2F5900CBA12A /* RecordingProcessor.swift in Sources */,
				C20EF3B61E9A5B5500BCDA88 /* SynthEffect.swift in Sources */,
				C2AAD3CA1E9E4B7D00CBA12A /* WavWriter.swift in Sources */,
				C262F4611E9E8AD700D2A8EF /* SignalGenerator.swift in Sources */,
				C257E5301E9A55DD006B65A5 /* ViewController.swift in Sources */,
				C257E52E1E9A55DD006B65A5 /* AppDelegate.swift in Sources */,
			);
			runOnlyForDeploymentPostprocessing = 0;
		};
/* End PBXSourcesBuildPhase section */

/* Begin PBXVariantGroup section */
		C257E5331E9A55DD006B65A5 /* Main.storyboard */ = {
			isa = PBXVariantGroup;
			children = (
				C257E5341E9A55DD006B65A5 /* Base */,
			);
			name = Main.storyboard;
			sourceTree = "<group>";
		};
/* End PBXVariantGroup section */

/* Begin XCBuildConfiguration section */
		C257E5371E9A55DD006B65A5 /* Debug */ = {
			isa = XCBuildConfiguration;
			buildSettings = {
				ALWAYS_SEARCH_USER_PATHS = NO;
				CLANG_ANALYZER_NONNULL = YES;
				CLANG_CXX_LANGUAGE_STANDARD = "gnu++0x";
				CLANG_CXX_LIBRARY = "libc++";
				CLANG_ENABLE_MODULES = YES;
				CLANG_ENABLE_OBJC_ARC = YES;
				CLANG_WARN_BOOL_CONVERSION = YES;
				CLANG_WARN_CONSTANT_CONVERSION = YES;
				CLANG_WARN_DIRECT_OBJC_ISA_USAGE = YES_ERROR;
				CLANG_WARN_DOCUMENTATION_COMMENTS = YES;
				CLANG_WARN_EMPTY_BODY = YES;
				CLANG_WARN_ENUM_CONVERSION = YES;
				CLANG_WARN_INFINITE_RECURSION = YES;
				CLANG_WARN_INT_CONVERSION = YES;
				CLANG_WARN_OBJC_ROOT_CLASS = YES_ERROR;
				CLANG_WARN_SUSPICIOUS_MOVES = YES;
				CLANG_WARN_UNREACHABLE_CODE = YES;
				CLANG_WARN__DUPLICATE_METHOD_MATCH = YES;
				CODE_SIGN_IDENTITY = "-";
				COPY_PHASE_STRIP = NO;
				DEBUG_INFORMATION_FORMAT = dwarf;
				ENABLE_STRICT_OBJC_MSGSEND = YES;
				ENABLE_TESTABILITY = YES;
				GCC_C_LANGUAGE_STANDARD = gnu99;
				GCC_DYNAMIC_NO_PIC = NO;
				GCC_NO_COMMON_BLOCKS = YES;
				GCC_OPTIMIZATION_LEVEL = 0;
				GCC_PREPROCESSOR_DEFINITIONS = (
					"DEBUG=1",
					"$(inherited)",
				);
				GCC_WARN_64_TO_32_BIT_CONVERSION = YES;
				GCC_WARN_ABOUT_RETURN_TYPE = YES_ERROR;
				GCC_WARN_UNDECLARED_SELECTOR = YES;
				GCC_WARN_UNINITIALIZED_AUTOS = YES_AGGRESSIVE;
				GCC_WARN_UNUSED_FUNCTION = YES;
				GCC_WARN_UNUSED_VARIABLE = YES;
				HEADER_SEARCH_PATHS = "$(SRCROOT)/../**";
				MACOSX_DEPLOYMENT_TARGET = 10.12;
				MTL_ENABLE_DEBUG_INFO = YES;
				ONLY_ACTIVE_ARCH = YES;
				SDKROOT = macosx;
				SWIFT_ACTIVE_COMPILATION_CONDITIONS = DEBUG;
				SWIFT_OPTIMIZATION_LEVEL = "-Onone";
			};
			name = Debug;
		};
		C257E5381E9A55DD006B65A5 /* Release */ = {
			isa = XCBuildConfiguration;
			buildSettings = {
				ALWAYS_SEARCH_USER_PATHS = NO;
				CLANG_ANALYZER_NONNULL = YES;
				CLANG_CXX_LANGUAGE_STANDARD = "gnu++0x";
				CLANG_CXX_LIBRARY = "libc++";
				CLANG_ENABLE_MODULES = YES;
				CLANG_ENABLE_OBJC_ARC = YES;
				CLANG_WARN_BOOL_CONVERSION = YES;
				CLANG_WARN_CONSTANT_CONVERSION = YES;
				CLANG_WARN_DIRECT_OBJC_ISA_USAGE = YES_ERROR;
				CLANG_WARN_DOCUMENTATION_COMMENTS = YES;
				CLANG_WARN_EMPTY_BODY = YES;
				CLANG_WARN_ENUM_CONVERSION = YES;
				CLANG_WARN_INFINITE_RECURSION = YES;
				CLANG_WARN_INT_CONVERSION = YES;
				CLANG_WARN_OBJC_ROOT_CLASS = YES_ERROR;
				CLANG_WARN_SUSPICIOUS_MOVES = YES;
				CLANG_WARN_UNREACHABLE_CODE = YES;
				CLANG_WARN__DUPLICATE_METHOD_MATCH = YES;
				CODE_SIGN_IDENTITY = "-";
				COPY_PHASE_STRIP = NO;
				DEBUG_INFORMATION_FORMAT = "dwarf-with-dsym";
				ENABLE_NS_ASSERTIONS = NO;
				ENABLE_STRICT_OBJC_MSGSEND = YES;
				GCC_C_LANGUAGE_STANDARD = gnu99;
				GCC_NO_COMMON_BLOCKS = YES;
				GCC_WARN_64_TO_32_BIT_CONVERSION = YES;
				GCC_WARN_ABOUT_RETURN_TYPE = YES_ERROR;
				GCC_WARN_UNDECLARED_SELECTOR = YES;
				GCC_WARN_UNINITIALIZED_AUTOS = YES_AGGRESSIVE;
				GCC_WARN_UNUSED_FUNCTION = YES;
				GCC_WARN_UNUSED_VARIABLE = YES;
				HEADER_SEARCH_PATHS = "$(SRCROOT)/../**";
				MACOSX_DEPLOYMENT_TARGET = 10.12;
				MTL_ENABLE_DEBUG_INFO = NO;
				SDKROOT = macosx;
				SWIFT_OPTIMIZATION_LEVEL = "-Owholemodule";
			};
			name = Release;
		};
		C257E53A1E9A55DD006B65A5 /* Debug */ = {
			isa = XCBuildConfiguration;
			buildSettings = {
				ASSETCATALOG_COMPILER_APPICON_NAME = AppIcon;
				COMBINE_HIDPI_IMAGES = YES;
				DEVELOPMENT_TEAM = 76RXF4V6NR;
				INFOPLIST_FILE = EffectCreator/Info.plist;
				LD_RUNPATH_SEARCH_PATHS = "$(inherited) @executable_path/../Frameworks";
				PRODUCT_BUNDLE_IDENTIFIER = com.mch.EffectCreator;
				PRODUCT_NAME = "$(TARGET_NAME)";
				SWIFT_VERSION = 3.0;
			};
			name = Debug;
		};
		C257E53B1E9A55DD006B65A5 /* Release */ = {
			isa = XCBuildConfiguration;
			buildSettings = {
				ASSETCATALOG_COMPILER_APPICON_NAME = AppIcon;
				COMBINE_HIDPI_IMAGES = YES;
				DEVELOPMENT_TEAM = 76RXF4V6NR;
				INFOPLIST_FILE = EffectCreator/Info.plist;
				LD_RUNPATH_SEARCH_PATHS = "$(inherited) @executable_path/../Frameworks";
				PRODUCT_BUNDLE_IDENTIFIER = com.mch.EffectCreator;
				PRODUCT_NAME = "$(TARGET_NAME)";
				SWIFT_VERSION = 3.0;
			};
			name = Release;
		};
/* End XCBuildConfiguration section */

/* Begin XCConfigurationList section */
		C257E5251E9A55DD006B65A5 /* Build configuration list for PBXProject "EffectCreator" */ = {
			isa = XCConfigurationList;
			buildConfigurations = (
				C257E5371E9A55DD006B65A5 /* Debug */,
				C257E5381E9A55DD006B65A5 /* Release */,
			);
			defaultConfigurationIsVisible = 0;
			defaultConfigurationName = Release;
		};
		C257E5391E9A55DD006B65A5 /* Build configuration list for PBXNativeTarget "EffectCreator" */ = {
			isa = XCConfigurationList;
			buildConfigurations = (
				C257E53A1E9A55DD006B65A5 /* Debug */,
				C257E53B1E9A55DD006B65A5 /* Release */,
			);
			defaultConfigurationIsVisible = 0;
			defaultConfigurationName = Release;
		};
/* End XCConfigurationList section */
	};
	rootObject = C257E5221E9A55DD006B65A5 /* Project object */;
}
