// !$*UTF8*$!
{
	archiveVersion = 1;
	classes = {
	};
	objectVersion = 46;
	objects = {

/* Begin PBXBuildFile section */
		703DCFCCD322A30617D387D7 /* Pods_Bow.framework in Frameworks */ = {isa = PBXBuildFile; fileRef = 93EE436A140626A8B1D489A8 /* Pods_Bow.framework */; };
		C203174F1E928852008ACFCB /* SearchViewController.storyboard in Resources */ = {isa = PBXBuildFile; fileRef = C203174E1E928852008ACFCB /* SearchViewController.storyboard */; };
		C20317511E9288DA008ACFCB /* SearchViewController.swift in Sources */ = {isa = PBXBuildFile; fileRef = C20317501E9288DA008ACFCB /* SearchViewController.swift */; };
		C22F02961F7BB68600B146C3 /* ChannelPlayerTile.storyboard in Resources */ = {isa = PBXBuildFile; fileRef = C22F02951F7BB68600B146C3 /* ChannelPlayerTile.storyboard */; };
		C22F02981F7BB69800B146C3 /* ChannelPlayerTileViewController.swift in Sources */ = {isa = PBXBuildFile; fileRef = C22F02971F7BB69800B146C3 /* ChannelPlayerTileViewController.swift */; };
		C24415F61E953BB700F2DEAB /* LooperViewController.swift in Sources */ = {isa = PBXBuildFile; fileRef = C24415F51E953BB700F2DEAB /* LooperViewController.swift */; };
		C24751C11E9426F000718BDF /* StorableModel.swift in Sources */ = {isa = PBXBuildFile; fileRef = C24751C01E9426F000718BDF /* StorableModel.swift */; };
		C24751C31E94270B00718BDF /* Prototypes.swift in Sources */ = {isa = PBXBuildFile; fileRef = C24751C21E94270B00718BDF /* Prototypes.swift */; };
		C24751C51E942CB000718BDF /* GridView.swift in Sources */ = {isa = PBXBuildFile; fileRef = C24751C41E942CB000718BDF /* GridView.swift */; };
		C24751C71E942CD100718BDF /* PatternImageView.swift in Sources */ = {isa = PBXBuildFile; fileRef = C24751C61E942CD100718BDF /* PatternImageView.swift */; };
		C24751C91E942E1500718BDF /* TagPickerController.swift in Sources */ = {isa = PBXBuildFile; fileRef = C24751C81E942E1500718BDF /* TagPickerController.swift */; };
		C24751CB1E942EE100718BDF /* TagPickerController.storyboard in Resources */ = {isa = PBXBuildFile; fileRef = C24751CA1E942EE100718BDF /* TagPickerController.storyboard */; };
		C260662D1E8D768700FD381D /* EffectIdentityView.xib in Resources */ = {isa = PBXBuildFile; fileRef = C260662C1E8D768700FD381D /* EffectIdentityView.xib */; };
		C260662F1E8D9C1800FD381D /* EffectsFacory.swift in Sources */ = {isa = PBXBuildFile; fileRef = C260662E1E8D9C1800FD381D /* EffectsFacory.swift */; };
		C26066311E8D9DF100FD381D /* EffectsFactoryViewController.storyboard in Resources */ = {isa = PBXBuildFile; fileRef = C26066301E8D9DF100FD381D /* EffectsFactoryViewController.storyboard */; };
		C26066331E8D9F7100FD381D /* EffectsFactoryViewController.swift in Sources */ = {isa = PBXBuildFile; fileRef = C26066321E8D9F7100FD381D /* EffectsFactoryViewController.swift */; };
		C26AFDD81E8C7F8C00C72E63 /* EffectsOrderViewController.storyboard in Resources */ = {isa = PBXBuildFile; fileRef = C26AFDD71E8C7F8C00C72E63 /* EffectsOrderViewController.storyboard */; };
		C26AFDDA1E8C7FA000C72E63 /* EffectsOrderViewController.swift in Sources */ = {isa = PBXBuildFile; fileRef = C26AFDD91E8C7FA000C72E63 /* EffectsOrderViewController.swift */; };
		C26DED5D1E8AF81400E61B7C /* AppDelegate.swift in Sources */ = {isa = PBXBuildFile; fileRef = C26DED5C1E8AF81400E61B7C /* AppDelegate.swift */; };
		C26DED611E8AF81400E61B7C /* Assets.xcassets in Resources */ = {isa = PBXBuildFile; fileRef = C26DED601E8AF81400E61B7C /* Assets.xcassets */; };
		C26DED641E8AF81400E61B7C /* Main.storyboard in Resources */ = {isa = PBXBuildFile; fileRef = C26DED621E8AF81400E61B7C /* Main.storyboard */; };
		C26DED6C1E8AF83A00E61B7C /* BoardViewController.storyboard in Resources */ = {isa = PBXBuildFile; fileRef = C26DED6B1E8AF83A00E61B7C /* BoardViewController.storyboard */; };
		C26DED6E1E8AF84900E61B7C /* BoardViewController.swift in Sources */ = {isa = PBXBuildFile; fileRef = C26DED6D1E8AF84900E61B7C /* BoardViewController.swift */; };
		C26DED701E8AFCA200E61B7C /* EffectViewController.storyboard in Resources */ = {isa = PBXBuildFile; fileRef = C26DED6F1E8AFCA200E61B7C /* EffectViewController.storyboard */; };
		C26DED721E8AFCB400E61B7C /* EffectViewController.swift in Sources */ = {isa = PBXBuildFile; fileRef = C26DED711E8AFCB400E61B7C /* EffectViewController.swift */; };
		C26DED741E8B055E00E61B7C /* SliderViewController.swift in Sources */ = {isa = PBXBuildFile; fileRef = C26DED731E8B055E00E61B7C /* SliderViewController.swift */; };
		C26DED761E8B062B00E61B7C /* SliderViewController.storyboard in Resources */ = {isa = PBXBuildFile; fileRef = C26DED751E8B062B00E61B7C /* SliderViewController.storyboard */; };
		C28234FC1E94DC1C00990E9C /* LooperViewController.storyboard in Resources */ = {isa = PBXBuildFile; fileRef = C28234FB1E94DC1C00990E9C /* LooperViewController.storyboard */; };
		C28ABBE91E97C2CE0050D955 /* SetupViewController.swift in Sources */ = {isa = PBXBuildFile; fileRef = C28ABBE81E97C2CE0050D955 /* SetupViewController.swift */; };
		C28ABBEB1E97C2E70050D955 /* SetupViewController.storyboard in Resources */ = {isa = PBXBuildFile; fileRef = C28ABBEA1E97C2E70050D955 /* SetupViewController.storyboard */; };
		C28CAED31E8B252F001BADFE /* Wireframe.swift in Sources */ = {isa = PBXBuildFile; fileRef = C28CAED21E8B252F001BADFE /* Wireframe.swift */; };
		C29953B51E8E9BE900CDF481 /* Storage.swift in Sources */ = {isa = PBXBuildFile; fileRef = C29953B41E8E9BE900CDF481 /* Storage.swift */; };
		C2ADB8721E8C4031001B0EF3 /* SlidersFactory.swift in Sources */ = {isa = PBXBuildFile; fileRef = C2ADB8711E8C4031001B0EF3 /* SlidersFactory.swift */; };
		C2ADB8741E8C47E1001B0EF3 /* EffectViewModel.swift in Sources */ = {isa = PBXBuildFile; fileRef = C2ADB8731E8C47E1001B0EF3 /* EffectViewModel.swift */; };
		C2F10C3F1E8B166800B976FA /* ScrollDetectingView.swift in Sources */ = {isa = PBXBuildFile; fileRef = C2F10C3E1E8B166800B976FA /* ScrollDetectingView.swift */; };
/* End PBXBuildFile section */

/* Begin PBXFileReference section */
		01882A91461F1E88A0E53A76 /* Pods-BowTests.debug.xcconfig */ = {isa = PBXFileReference; includeInIndex = 1; lastKnownFileType = text.xcconfig; name = "Pods-BowTests.debug.xcconfig"; path = "Pods/Target Support Files/Pods-BowTests/Pods-BowTests.debug.xcconfig"; sourceTree = "<group>"; };
		06124A6EE250C5E01B155F5F /* Pods-Bow.release.xcconfig */ = {isa = PBXFileReference; includeInIndex = 1; lastKnownFileType = text.xcconfig; name = "Pods-Bow.release.xcconfig"; path = "Pods/Target Support Files/Pods-Bow/Pods-Bow.release.xcconfig"; sourceTree = "<group>"; };
		08F5F8DFE224865881F90838 /* Pods-BowTests.release.xcconfig */ = {isa = PBXFileReference; includeInIndex = 1; lastKnownFileType = text.xcconfig; name = "Pods-BowTests.release.xcconfig"; path = "Pods/Target Support Files/Pods-BowTests/Pods-BowTests.release.xcconfig"; sourceTree = "<group>"; };
		47FC252DEE665F67EF917D61 /* Pods_BowTests.framework */ = {isa = PBXFileReference; explicitFileType = wrapper.framework; includeInIndex = 0; path = Pods_BowTests.framework; sourceTree = BUILT_PRODUCTS_DIR; };
		7C4A3906F747571D0D71E1CF /* Pods-Bow.debug.xcconfig */ = {isa = PBXFileReference; includeInIndex = 1; lastKnownFileType = text.xcconfig; name = "Pods-Bow.debug.xcconfig"; path = "Pods/Target Support Files/Pods-Bow/Pods-Bow.debug.xcconfig"; sourceTree = "<group>"; };
		93EE436A140626A8B1D489A8 /* Pods_Bow.framework */ = {isa = PBXFileReference; explicitFileType = wrapper.framework; includeInIndex = 0; path = Pods_Bow.framework; sourceTree = BUILT_PRODUCTS_DIR; };
		C203174E1E928852008ACFCB /* SearchViewController.storyboard */ = {isa = PBXFileReference; fileEncoding = 4; lastKnownFileType = file.storyboard; path = SearchViewController.storyboard; sourceTree = "<group>"; };
		C20317501E9288DA008ACFCB /* SearchViewController.swift */ = {isa = PBXFileReference; fileEncoding = 4; lastKnownFileType = sourcecode.swift; path = SearchViewController.swift; sourceTree = "<group>"; };
		C22F02951F7BB68600B146C3 /* ChannelPlayerTile.storyboard */ = {isa = PBXFileReference; lastKnownFileType = file.storyboard; path = ChannelPlayerTile.storyboard; sourceTree = "<group>"; };
		C22F02971F7BB69800B146C3 /* ChannelPlayerTileViewController.swift */ = {isa = PBXFileReference; lastKnownFileType = sourcecode.swift; path = ChannelPlayerTileViewController.swift; sourceTree = "<group>"; };
		C24415F51E953BB700F2DEAB /* LooperViewController.swift */ = {isa = PBXFileReference; fileEncoding = 4; lastKnownFileType = sourcecode.swift; path = LooperViewController.swift; sourceTree = "<group>"; };
		C24751C01E9426F000718BDF /* StorableModel.swift */ = {isa = PBXFileReference; fileEncoding = 4; lastKnownFileType = sourcecode.swift; path = StorableModel.swift; sourceTree = "<group>"; };
		C24751C21E94270B00718BDF /* Prototypes.swift */ = {isa = PBXFileReference; fileEncoding = 4; lastKnownFileType = sourcecode.swift; path = Prototypes.swift; sourceTree = "<group>"; };
		C24751C41E942CB000718BDF /* GridView.swift */ = {isa = PBXFileReference; fileEncoding = 4; lastKnownFileType = sourcecode.swift; path = GridView.swift; sourceTree = "<group>"; };
		C24751C61E942CD100718BDF /* PatternImageView.swift */ = {isa = PBXFileReference; fileEncoding = 4; lastKnownFileType = sourcecode.swift; path = PatternImageView.swift; sourceTree = "<group>"; };
		C24751C81E942E1500718BDF /* TagPickerController.swift */ = {isa = PBXFileReference; fileEncoding = 4; lastKnownFileType = sourcecode.swift; path = TagPickerController.swift; sourceTree = "<group>"; };
		C24751CA1E942EE100718BDF /* TagPickerController.storyboard */ = {isa = PBXFileReference; fileEncoding = 4; lastKnownFileType = file.storyboard; path = TagPickerController.storyboard; sourceTree = "<group>"; };
		C260662C1E8D768700FD381D /* EffectIdentityView.xib */ = {isa = PBXFileReference; fileEncoding = 4; lastKnownFileType = file.xib; path = EffectIdentityView.xib; sourceTree = "<group>"; };
		C260662E1E8D9C1800FD381D /* EffectsFacory.swift */ = {isa = PBXFileReference; fileEncoding = 4; lastKnownFileType = sourcecode.swift; path = EffectsFacory.swift; sourceTree = "<group>"; };
		C26066301E8D9DF100FD381D /* EffectsFactoryViewController.storyboard */ = {isa = PBXFileReference; fileEncoding = 4; lastKnownFileType = file.storyboard; path = EffectsFactoryViewController.storyboard; sourceTree = "<group>"; };
		C26066321E8D9F7100FD381D /* EffectsFactoryViewController.swift */ = {isa = PBXFileReference; fileEncoding = 4; lastKnownFileType = sourcecode.swift; path = EffectsFactoryViewController.swift; sourceTree = "<group>"; };
		C26AFDD71E8C7F8C00C72E63 /* EffectsOrderViewController.storyboard */ = {isa = PBXFileReference; fileEncoding = 4; lastKnownFileType = file.storyboard; path = EffectsOrderViewController.storyboard; sourceTree = "<group>"; };
		C26AFDD91E8C7FA000C72E63 /* EffectsOrderViewController.swift */ = {isa = PBXFileReference; fileEncoding = 4; lastKnownFileType = sourcecode.swift; path = EffectsOrderViewController.swift; sourceTree = "<group>"; };
		C26DED591E8AF81400E61B7C /* Bow.app */ = {isa = PBXFileReference; explicitFileType = wrapper.application; includeInIndex = 0; path = Bow.app; sourceTree = BUILT_PRODUCTS_DIR; };
		C26DED5C1E8AF81400E61B7C /* AppDelegate.swift */ = {isa = PBXFileReference; lastKnownFileType = sourcecode.swift; path = AppDelegate.swift; sourceTree = "<group>"; };
		C26DED601E8AF81400E61B7C /* Assets.xcassets */ = {isa = PBXFileReference; lastKnownFileType = folder.assetcatalog; path = Assets.xcassets; sourceTree = "<group>"; };
		C26DED631E8AF81400E61B7C /* Base */ = {isa = PBXFileReference; lastKnownFileType = file.storyboard; name = Base; path = Base.lproj/Main.storyboard; sourceTree = "<group>"; };
		C26DED651E8AF81400E61B7C /* Info.plist */ = {isa = PBXFileReference; lastKnownFileType = text.plist.xml; path = Info.plist; sourceTree = "<group>"; };
		C26DED6B1E8AF83A00E61B7C /* BoardViewController.storyboard */ = {isa = PBXFileReference; fileEncoding = 4; lastKnownFileType = file.storyboard; path = BoardViewController.storyboard; sourceTree = "<group>"; };
		C26DED6D1E8AF84900E61B7C /* BoardViewController.swift */ = {isa = PBXFileReference; fileEncoding = 4; lastKnownFileType = sourcecode.swift; path = BoardViewController.swift; sourceTree = "<group>"; };
		C26DED6F1E8AFCA200E61B7C /* EffectViewController.storyboard */ = {isa = PBXFileReference; fileEncoding = 4; lastKnownFileType = file.storyboard; path = EffectViewController.storyboard; sourceTree = "<group>"; };
		C26DED711E8AFCB400E61B7C /* EffectViewController.swift */ = {isa = PBXFileReference; fileEncoding = 4; lastKnownFileType = sourcecode.swift; path = EffectViewController.swift; sourceTree = "<group>"; };
		C26DED731E8B055E00E61B7C /* SliderViewController.swift */ = {isa = PBXFileReference; fileEncoding = 4; lastKnownFileType = sourcecode.swift; path = SliderViewController.swift; sourceTree = "<group>"; };
		C26DED751E8B062B00E61B7C /* SliderViewController.storyboard */ = {isa = PBXFileReference; fileEncoding = 4; lastKnownFileType = file.storyboard; path = SliderViewController.storyboard; sourceTree = "<group>"; };
		C27773101F7AEBF200805A09 /* Beethoven.framework */ = {isa = PBXFileReference; lastKnownFileType = wrapper.framework; name = Beethoven.framework; path = "../../../../../Library/Developer/Xcode/DerivedData/GuitarDsp-gboowxrazxsddgehsrbqoyrqehfs/Build/Products/Debug/Beethoven/Beethoven.framework"; sourceTree = "<group>"; };
		C28234FB1E94DC1C00990E9C /* LooperViewController.storyboard */ = {isa = PBXFileReference; fileEncoding = 4; lastKnownFileType = file.storyboard; path = LooperViewController.storyboard; sourceTree = "<group>"; };
		C28ABBE81E97C2CE0050D955 /* SetupViewController.swift */ = {isa = PBXFileReference; fileEncoding = 4; lastKnownFileType = sourcecode.swift; path = SetupViewController.swift; sourceTree = "<group>"; };
		C28ABBEA1E97C2E70050D955 /* SetupViewController.storyboard */ = {isa = PBXFileReference; fileEncoding = 4; lastKnownFileType = file.storyboard; path = SetupViewController.storyboard; sourceTree = "<group>"; };
		C28CAECF1E8B2098001BADFE /* GuitarDsp.framework */ = {isa = PBXFileReference; lastKnownFileType = wrapper.framework; name = GuitarDsp.framework; path = "../../../../Library/Developer/Xcode/DerivedData/GuitarDsp-fqviswmbvyvdyxbfngkuxnzymtkh/Build/Products/Debug/GuitarDsp.framework"; sourceTree = "<group>"; };
		C28CAED21E8B252F001BADFE /* Wireframe.swift */ = {isa = PBXFileReference; fileEncoding = 4; lastKnownFileType = sourcecode.swift; path = Wireframe.swift; sourceTree = "<group>"; };
		C29953B41E8E9BE900CDF481 /* Storage.swift */ = {isa = PBXFileReference; fileEncoding = 4; lastKnownFileType = sourcecode.swift; path = Storage.swift; sourceTree = "<group>"; };
		C2ADB8711E8C4031001B0EF3 /* SlidersFactory.swift */ = {isa = PBXFileReference; fileEncoding = 4; lastKnownFileType = sourcecode.swift; path = SlidersFactory.swift; sourceTree = "<group>"; };
		C2ADB8731E8C47E1001B0EF3 /* EffectViewModel.swift */ = {isa = PBXFileReference; fileEncoding = 4; lastKnownFileType = sourcecode.swift; path = EffectViewModel.swift; sourceTree = "<group>"; };
		C2C2FA2F1F7AEAD400ED83AA /* GuitarMidiKit.framework */ = {isa = PBXFileReference; lastKnownFileType = wrapper.framework; name = GuitarMidiKit.framework; path = "../../../../../Library/Developer/Xcode/DerivedData/GuitarDsp-gboowxrazxsddgehsrbqoyrqehfs/Build/Products/Debug/GuitarMidiKit.framework"; sourceTree = "<group>"; };
		C2C6180E1F7BE8B00084CAC4 /* Test.swift */ = {isa = PBXFileReference; lastKnownFileType = sourcecode.swift; path = Test.swift; sourceTree = "<group>"; };
		C2F10C3E1E8B166800B976FA /* ScrollDetectingView.swift */ = {isa = PBXFileReference; fileEncoding = 4; lastKnownFileType = sourcecode.swift; path = ScrollDetectingView.swift; sourceTree = "<group>"; };
/* End PBXFileReference section */

/* Begin PBXFrameworksBuildPhase section */
		C26DED561E8AF81400E61B7C /* Frameworks */ = {
			isa = PBXFrameworksBuildPhase;
			buildActionMask = 2147483647;
			files = (
				703DCFCCD322A30617D387D7 /* Pods_Bow.framework in Frameworks */,
			);
			runOnlyForDeploymentPostprocessing = 0;
		};
/* End PBXFrameworksBuildPhase section */

/* Begin PBXGroup section */
		2D9171DA9167DEE9B9BA897E /* Pods */ = {
			isa = PBXGroup;
			children = (
				7C4A3906F747571D0D71E1CF /* Pods-Bow.debug.xcconfig */,
				06124A6EE250C5E01B155F5F /* Pods-Bow.release.xcconfig */,
				01882A91461F1E88A0E53A76 /* Pods-BowTests.debug.xcconfig */,
				08F5F8DFE224865881F90838 /* Pods-BowTests.release.xcconfig */,
			);
			name = Pods;
			sourceTree = "<group>";
		};
		C26DED501E8AF81400E61B7C = {
			isa = PBXGroup;
			children = (
				C26DED5B1E8AF81400E61B7C /* Bow */,
				C26DED5A1E8AF81400E61B7C /* Products */,
				C28CAECE1E8B2098001BADFE /* Frameworks */,
				2D9171DA9167DEE9B9BA897E /* Pods */,
			);
			sourceTree = "<group>";
		};
		C26DED5A1E8AF81400E61B7C /* Products */ = {
			isa = PBXGroup;
			children = (
				C26DED591E8AF81400E61B7C /* Bow.app */,
			);
			name = Products;
			sourceTree = "<group>";
		};
		C26DED5B1E8AF81400E61B7C /* Bow */ = {
			isa = PBXGroup;
			children = (
				C26DED5C1E8AF81400E61B7C /* AppDelegate.swift */,
				C24751C21E94270B00718BDF /* Prototypes.swift */,
				C26DED6B1E8AF83A00E61B7C /* BoardViewController.storyboard */,
				C26DED601E8AF81400E61B7C /* Assets.xcassets */,
				C26DED621E8AF81400E61B7C /* Main.storyboard */,
				C26DED651E8AF81400E61B7C /* Info.plist */,
				C26DED6D1E8AF84900E61B7C /* BoardViewController.swift */,
				C26DED6F1E8AFCA200E61B7C /* EffectViewController.storyboard */,
				C26DED711E8AFCB400E61B7C /* EffectViewController.swift */,
				C26DED731E8B055E00E61B7C /* SliderViewController.swift */,
				C26DED751E8B062B00E61B7C /* SliderViewController.storyboard */,
				C2F10C3E1E8B166800B976FA /* ScrollDetectingView.swift */,
				C28CAED21E8B252F001BADFE /* Wireframe.swift */,
				C2ADB8711E8C4031001B0EF3 /* SlidersFactory.swift */,
				C2ADB8731E8C47E1001B0EF3 /* EffectViewModel.swift */,
				C26AFDD71E8C7F8C00C72E63 /* EffectsOrderViewController.storyboard */,
				C26AFDD91E8C7FA000C72E63 /* EffectsOrderViewController.swift */,
				C260662C1E8D768700FD381D /* EffectIdentityView.xib */,
				C260662E1E8D9C1800FD381D /* EffectsFacory.swift */,
				C26066301E8D9DF100FD381D /* EffectsFactoryViewController.storyboard */,
				C26066321E8D9F7100FD381D /* EffectsFactoryViewController.swift */,
				C29953B41E8E9BE900CDF481 /* Storage.swift */,
				C203174E1E928852008ACFCB /* SearchViewController.storyboard */,
				C20317501E9288DA008ACFCB /* SearchViewController.swift */,
				C24751C01E9426F000718BDF /* StorableModel.swift */,
				C24751C41E942CB000718BDF /* GridView.swift */,
				C24751C61E942CD100718BDF /* PatternImageView.swift */,
				C24751C81E942E1500718BDF /* TagPickerController.swift */,
				C24751CA1E942EE100718BDF /* TagPickerController.storyboard */,
				C28234FB1E94DC1C00990E9C /* LooperViewController.storyboard */,
				C24415F51E953BB700F2DEAB /* LooperViewController.swift */,
				C28ABBE81E97C2CE0050D955 /* SetupViewController.swift */,
				C28ABBEA1E97C2E70050D955 /* SetupViewController.storyboard */,
				C22F02951F7BB68600B146C3 /* ChannelPlayerTile.storyboard */,
				C22F02971F7BB69800B146C3 /* ChannelPlayerTileViewController.swift */,
				C2C6180E1F7BE8B00084CAC4 /* Test.swift */,
			);
			path = Bow;
			sourceTree = "<group>";
		};
		C28CAECE1E8B2098001BADFE /* Frameworks */ = {
			isa = PBXGroup;
			children = (
				C27773101F7AEBF200805A09 /* Beethoven.framework */,
				C2C2FA2F1F7AEAD400ED83AA /* GuitarMidiKit.framework */,
				C28CAECF1E8B2098001BADFE /* GuitarDsp.framework */,
				93EE436A140626A8B1D489A8 /* Pods_Bow.framework */,
				47FC252DEE665F67EF917D61 /* Pods_BowTests.framework */,
			);
			name = Frameworks;
			sourceTree = "<group>";
		};
/* End PBXGroup section */

/* Begin PBXNativeTarget section */
		C26DED581E8AF81400E61B7C /* Bow */ = {
			isa = PBXNativeTarget;
			buildConfigurationList = C26DED681E8AF81400E61B7C /* Build configuration list for PBXNativeTarget "Bow" */;
			buildPhases = (
				3FDF2D92E6E62917F2D5DD4E /* [CP] Check Pods Manifest.lock */,
				C26DED551E8AF81400E61B7C /* Sources */,
				C26DED561E8AF81400E61B7C /* Frameworks */,
				C26DED571E8AF81400E61B7C /* Resources */,
				3888A5541AA195D6058FDC73 /* [CP] Embed Pods Frameworks */,
				2AEFD5C3F8318B5FA5B61241 /* [CP] Copy Pods Resources */,
			);
			buildRules = (
			);
			dependencies = (
			);
			name = Bow;
			productName = Bow;
			productReference = C26DED591E8AF81400E61B7C /* Bow.app */;
			productType = "com.apple.product-type.application";
		};
/* End PBXNativeTarget section */

/* Begin PBXProject section */
		C26DED511E8AF81400E61B7C /* Project object */ = {
			isa = PBXProject;
			attributes = {
				LastSwiftUpdateCheck = 0900;
				LastUpgradeCheck = 0810;
				ORGANIZATIONNAME = "Maciej Chmielewski";
				TargetAttributes = {
					C26DED581E8AF81400E61B7C = {
						CreatedOnToolsVersion = 8.1;
						DevelopmentTeam = 76RXF4V6NR;
						ProvisioningStyle = Automatic;
					};
				};
			};
			buildConfigurationList = C26DED541E8AF81400E61B7C /* Build configuration list for PBXProject "Bow" */;
			compatibilityVersion = "Xcode 3.2";
			developmentRegion = English;
			hasScannedForEncodings = 0;
			knownRegions = (
				en,
				Base,
			);
			mainGroup = C26DED501E8AF81400E61B7C;
			productRefGroup = C26DED5A1E8AF81400E61B7C /* Products */;
			projectDirPath = "";
			projectRoot = "";
			targets = (
				C26DED581E8AF81400E61B7C /* Bow */,
			);
		};
/* End PBXProject section */

/* Begin PBXResourcesBuildPhase section */
		C26DED571E8AF81400E61B7C /* Resources */ = {
			isa = PBXResourcesBuildPhase;
			buildActionMask = 2147483647;
			files = (
				C22F02961F7BB68600B146C3 /* ChannelPlayerTile.storyboard in Resources */,
				C26DED611E8AF81400E61B7C /* Assets.xcassets in Resources */,
				C24751CB1E942EE100718BDF /* TagPickerController.storyboard in Resources */,
				C26AFDD81E8C7F8C00C72E63 /* EffectsOrderViewController.storyboard in Resources */,
				C26DED761E8B062B00E61B7C /* SliderViewController.storyboard in Resources */,
				C26DED6C1E8AF83A00E61B7C /* BoardViewController.storyboard in Resources */,
				C26DED701E8AFCA200E61B7C /* EffectViewController.storyboard in Resources */,
				C203174F1E928852008ACFCB /* SearchViewController.storyboard in Resources */,
				C26066311E8D9DF100FD381D /* EffectsFactoryViewController.storyboard in Resources */,
				C26DED641E8AF81400E61B7C /* Main.storyboard in Resources */,
				C28ABBEB1E97C2E70050D955 /* SetupViewController.storyboard in Resources */,
				C28234FC1E94DC1C00990E9C /* LooperViewController.storyboard in Resources */,
				C260662D1E8D768700FD381D /* EffectIdentityView.xib in Resources */,
			);
			runOnlyForDeploymentPostprocessing = 0;
		};
/* End PBXResourcesBuildPhase section */

/* Begin PBXShellScriptBuildPhase section */
		2AEFD5C3F8318B5FA5B61241 /* [CP] Copy Pods Resources */ = {
			isa = PBXShellScriptBuildPhase;
			buildActionMask = 2147483647;
			files = (
			);
			inputPaths = (
				"${SRCROOT}/Pods/Target Support Files/Pods-Bow/Pods-Bow-resources.sh",
				"${PODS_ROOT}/../../NodesMap/NodesMap macOS/Map.storyboard",
				"${PODS_ROOT}/../../NodesMap/NodesMap Shared/Scene.sks",
			);
			name = "[CP] Copy Pods Resources";
			outputPaths = (
				"${TARGET_BUILD_DIR}/${UNLOCALIZED_RESOURCES_FOLDER_PATH}",
			);
			runOnlyForDeploymentPostprocessing = 0;
			shellPath = /bin/sh;
			shellScript = "\"${SRCROOT}/Pods/Target Support Files/Pods-Bow/Pods-Bow-resources.sh\"\n";
			showEnvVarsInLog = 0;
		};
		3888A5541AA195D6058FDC73 /* [CP] Embed Pods Frameworks */ = {
			isa = PBXShellScriptBuildPhase;
			buildActionMask = 2147483647;
			files = (
			);
			inputPaths = (
				"${SRCROOT}/Pods/Target Support Files/Pods-Bow/Pods-Bow-frameworks.sh",
				"${BUILT_PRODUCTS_DIR}/Beethoven/Beethoven.framework",
				"${BUILT_PRODUCTS_DIR}/CubicBezier/CubicBezier.framework",
				"${BUILT_PRODUCTS_DIR}/EZAudio/EZAudio.framework",
				"${BUILT_PRODUCTS_DIR}/GuitarDsp/GuitarDsp.framework",
				"${BUILT_PRODUCTS_DIR}/GuitarMidi/GuitarMidi.framework",
				"${BUILT_PRODUCTS_DIR}/HexColors/HexColors.framework",
				"${BUILT_PRODUCTS_DIR}/JSONCodable/JSONCodable.framework",
				"${BUILT_PRODUCTS_DIR}/MIDIKit/MIDIKit.framework",
				"${BUILT_PRODUCTS_DIR}/Pitchy/Pitchy.framework",
				"${BUILT_PRODUCTS_DIR}/RxSwift/RxSwift.framework",
				"${BUILT_PRODUCTS_DIR}/TPCircularBuffer/TPCircularBuffer.framework",
			);
			name = "[CP] Embed Pods Frameworks";
			outputPaths = (
				"${TARGET_BUILD_DIR}/${FRAMEWORKS_FOLDER_PATH}/Beethoven.framework",
				"${TARGET_BUILD_DIR}/${FRAMEWORKS_FOLDER_PATH}/CubicBezier.framework",
				"${TARGET_BUILD_DIR}/${FRAMEWORKS_FOLDER_PATH}/EZAudio.framework",
				"${TARGET_BUILD_DIR}/${FRAMEWORKS_FOLDER_PATH}/GuitarDsp.framework",
				"${TARGET_BUILD_DIR}/${FRAMEWORKS_FOLDER_PATH}/GuitarMidi.framework",
				"${TARGET_BUILD_DIR}/${FRAMEWORKS_FOLDER_PATH}/HexColors.framework",
				"${TARGET_BUILD_DIR}/${FRAMEWORKS_FOLDER_PATH}/JSONCodable.framework",
				"${TARGET_BUILD_DIR}/${FRAMEWORKS_FOLDER_PATH}/MIDIKit.framework",
				"${TARGET_BUILD_DIR}/${FRAMEWORKS_FOLDER_PATH}/Pitchy.framework",
				"${TARGET_BUILD_DIR}/${FRAMEWORKS_FOLDER_PATH}/RxSwift.framework",
				"${TARGET_BUILD_DIR}/${FRAMEWORKS_FOLDER_PATH}/TPCircularBuffer.framework",
			);
			runOnlyForDeploymentPostprocessing = 0;
			shellPath = /bin/sh;
			shellScript = "\"${SRCROOT}/Pods/Target Support Files/Pods-Bow/Pods-Bow-frameworks.sh\"\n";
			showEnvVarsInLog = 0;
		};
		3FDF2D92E6E62917F2D5DD4E /* [CP] Check Pods Manifest.lock */ = {
			isa = PBXShellScriptBuildPhase;
			buildActionMask = 2147483647;
			files = (
			);
			inputPaths = (
				"${PODS_PODFILE_DIR_PATH}/Podfile.lock",
				"${PODS_ROOT}/Manifest.lock",
			);
			name = "[CP] Check Pods Manifest.lock";
			outputPaths = (
				"$(DERIVED_FILE_DIR)/Pods-Bow-checkManifestLockResult.txt",
			);
			runOnlyForDeploymentPostprocessing = 0;
			shellPath = /bin/sh;
			shellScript = "diff \"${PODS_PODFILE_DIR_PATH}/Podfile.lock\" \"${PODS_ROOT}/Manifest.lock\" > /dev/null\nif [ $? != 0 ] ; then\n    # print error to STDERR\n    echo \"error: The sandbox is not in sync with the Podfile.lock. Run 'pod install' or update your CocoaPods installation.\" >&2\n    exit 1\nfi\n# This output is used by Xcode 'outputs' to avoid re-running this script phase.\necho \"SUCCESS\" > \"${SCRIPT_OUTPUT_FILE_0}\"\n";
			showEnvVarsInLog = 0;
		};
/* End PBXShellScriptBuildPhase section */

/* Begin PBXSourcesBuildPhase section */
		C26DED551E8AF81400E61B7C /* Sources */ = {
			isa = PBXSourcesBuildPhase;
			buildActionMask = 2147483647;
			files = (
				C22F02981F7BB69800B146C3 /* ChannelPlayerTileViewController.swift in Sources */,
				C26DED721E8AFCB400E61B7C /* EffectViewController.swift in Sources */,
				C26AFDDA1E8C7FA000C72E63 /* EffectsOrderViewController.swift in Sources */,
				C26DED5D1E8AF81400E61B7C /* AppDelegate.swift in Sources */,
				C26066331E8D9F7100FD381D /* EffectsFactoryViewController.swift in Sources */,
				C28ABBE91E97C2CE0050D955 /* SetupViewController.swift in Sources */,
				C28CAED31E8B252F001BADFE /* Wireframe.swift in Sources */,
				C29953B51E8E9BE900CDF481 /* Storage.swift in Sources */,
				C24751C91E942E1500718BDF /* TagPickerController.swift in Sources */,
				C2F10C3F1E8B166800B976FA /* ScrollDetectingView.swift in Sources */,
				C24751C11E9426F000718BDF /* StorableModel.swift in Sources */,
				C2ADB8721E8C4031001B0EF3 /* SlidersFactory.swift in Sources */,
				C24415F61E953BB700F2DEAB /* LooperViewController.swift in Sources */,
				C24751C71E942CD100718BDF /* PatternImageView.swift in Sources */,
				C24751C31E94270B00718BDF /* Prototypes.swift in Sources */,
				C24751C51E942CB000718BDF /* GridView.swift in Sources */,
				C20317511E9288DA008ACFCB /* SearchViewController.swift in Sources */,
				C260662F1E8D9C1800FD381D /* EffectsFacory.swift in Sources */,
				C2ADB8741E8C47E1001B0EF3 /* EffectViewModel.swift in Sources */,
				C26DED6E1E8AF84900E61B7C /* BoardViewController.swift in Sources */,
				C26DED741E8B055E00E61B7C /* SliderViewController.swift in Sources */,
			);
			runOnlyForDeploymentPostprocessing = 0;
		};
/* End PBXSourcesBuildPhase section */

/* Begin PBXVariantGroup section */
		C26DED621E8AF81400E61B7C /* Main.storyboard */ = {
			isa = PBXVariantGroup;
			children = (
				C26DED631E8AF81400E61B7C /* Base */,
			);
			name = Main.storyboard;
			sourceTree = "<group>";
		};
/* End PBXVariantGroup section */

/* Begin XCBuildConfiguration section */
		C26DED661E8AF81400E61B7C /* Debug */ = {
			isa = XCBuildConfiguration;
			buildSettings = {
				ALWAYS_SEARCH_USER_PATHS = NO;
				CLANG_ANALYZER_NONNULL = YES;
				CLANG_CXX_LANGUAGE_STANDARD = "gnu++0x";
				CLANG_CXX_LIBRARY = "libc++";
				CLANG_ENABLE_MODULES = YES;
				CLANG_ENABLE_OBJC_ARC = YES;
				CLANG_WARN_BOOL_CONVERSION = YES;
				CLANG_WARN_CONSTANT_CONVERSION = YES;
				CLANG_WARN_DIRECT_OBJC_ISA_USAGE = YES_ERROR;
				CLANG_WARN_DOCUMENTATION_COMMENTS = YES;
				CLANG_WARN_EMPTY_BODY = YES;
				CLANG_WARN_ENUM_CONVERSION = YES;
				CLANG_WARN_INFINITE_RECURSION = YES;
				CLANG_WARN_INT_CONVERSION = YES;
				CLANG_WARN_OBJC_ROOT_CLASS = YES_ERROR;
				CLANG_WARN_SUSPICIOUS_MOVES = YES;
				CLANG_WARN_UNREACHABLE_CODE = YES;
				CLANG_WARN__DUPLICATE_METHOD_MATCH = YES;
				CODE_SIGN_IDENTITY = "-";
				COPY_PHASE_STRIP = NO;
				DEBUG_INFORMATION_FORMAT = dwarf;
				ENABLE_STRICT_OBJC_MSGSEND = YES;
				ENABLE_TESTABILITY = YES;
				GCC_C_LANGUAGE_STANDARD = gnu99;
				GCC_DYNAMIC_NO_PIC = NO;
				GCC_NO_COMMON_BLOCKS = YES;
				GCC_OPTIMIZATION_LEVEL = 0;
				GCC_PREPROCESSOR_DEFINITIONS = (
					"DEBUG=1",
					"$(inherited)",
				);
				GCC_WARN_64_TO_32_BIT_CONVERSION = YES;
				GCC_WARN_ABOUT_RETURN_TYPE = YES_ERROR;
				GCC_WARN_UNDECLARED_SELECTOR = YES;
				GCC_WARN_UNINITIALIZED_AUTOS = YES_AGGRESSIVE;
				GCC_WARN_UNUSED_FUNCTION = YES;
				GCC_WARN_UNUSED_VARIABLE = YES;
				HEADER_SEARCH_PATHS = "";
				MACOSX_DEPLOYMENT_TARGET = 10.12.1;
				MTL_ENABLE_DEBUG_INFO = YES;
				ONLY_ACTIVE_ARCH = YES;
				SDKROOT = macosx;
				SWIFT_ACTIVE_COMPILATION_CONDITIONS = DEBUG;
				SWIFT_OPTIMIZATION_LEVEL = "-Onone";
				SWIFT_VERSION = 3.0;
			};
			name = Debug;
		};
		C26DED671E8AF81400E61B7C /* Release */ = {
			isa = XCBuildConfiguration;
			buildSettings = {
				ALWAYS_SEARCH_USER_PATHS = NO;
				CLANG_ANALYZER_NONNULL = YES;
				CLANG_CXX_LANGUAGE_STANDARD = "gnu++0x";
				CLANG_CXX_LIBRARY = "libc++";
				CLANG_ENABLE_MODULES = YES;
				CLANG_ENABLE_OBJC_ARC = YES;
				CLANG_WARN_BOOL_CONVERSION = YES;
				CLANG_WARN_CONSTANT_CONVERSION = YES;
				CLANG_WARN_DIRECT_OBJC_ISA_USAGE = YES_ERROR;
				CLANG_WARN_DOCUMENTATION_COMMENTS = YES;
				CLANG_WARN_EMPTY_BODY = YES;
				CLANG_WARN_ENUM_CONVERSION = YES;
				CLANG_WARN_INFINITE_RECURSION = YES;
				CLANG_WARN_INT_CONVERSION = YES;
				CLANG_WARN_OBJC_ROOT_CLASS = YES_ERROR;
				CLANG_WARN_SUSPICIOUS_MOVES = YES;
				CLANG_WARN_UNREACHABLE_CODE = YES;
				CLANG_WARN__DUPLICATE_METHOD_MATCH = YES;
				CODE_SIGN_IDENTITY = "-";
				COPY_PHASE_STRIP = NO;
				DEBUG_INFORMATION_FORMAT = "dwarf-with-dsym";
				ENABLE_NS_ASSERTIONS = NO;
				ENABLE_STRICT_OBJC_MSGSEND = YES;
				GCC_C_LANGUAGE_STANDARD = gnu99;
				GCC_NO_COMMON_BLOCKS = YES;
				GCC_WARN_64_TO_32_BIT_CONVERSION = YES;
				GCC_WARN_ABOUT_RETURN_TYPE = YES_ERROR;
				GCC_WARN_UNDECLARED_SELECTOR = YES;
				GCC_WARN_UNINITIALIZED_AUTOS = YES_AGGRESSIVE;
				GCC_WARN_UNUSED_FUNCTION = YES;
				GCC_WARN_UNUSED_VARIABLE = YES;
				HEADER_SEARCH_PATHS = "";
				MACOSX_DEPLOYMENT_TARGET = 10.12.1;
				MTL_ENABLE_DEBUG_INFO = NO;
				SDKROOT = macosx;
				SWIFT_OPTIMIZATION_LEVEL = "-Owholemodule";
				SWIFT_VERSION = 3.0;
			};
			name = Release;
		};
		C26DED691E8AF81400E61B7C /* Debug */ = {
			isa = XCBuildConfiguration;
			baseConfigurationReference = 7C4A3906F747571D0D71E1CF /* Pods-Bow.debug.xcconfig */;
			buildSettings = {
				ASSETCATALOG_COMPILER_APPICON_NAME = AppIcon;
				COMBINE_HIDPI_IMAGES = YES;
				DEVELOPMENT_TEAM = 76RXF4V6NR;
				INFOPLIST_FILE = Bow/Info.plist;
				LD_RUNPATH_SEARCH_PATHS = "$(inherited) @executable_path/../Frameworks";
				MACOSX_DEPLOYMENT_TARGET = 10.12;
				PRODUCT_BUNDLE_IDENTIFIER = com.mch.Bow;
				PRODUCT_NAME = "$(TARGET_NAME)";
			};
			name = Debug;
		};
		C26DED6A1E8AF81400E61B7C /* Release */ = {
			isa = XCBuildConfiguration;
			baseConfigurationReference = 06124A6EE250C5E01B155F5F /* Pods-Bow.release.xcconfig */;
			buildSettings = {
				ASSETCATALOG_COMPILER_APPICON_NAME = AppIcon;
				COMBINE_HIDPI_IMAGES = YES;
				DEVELOPMENT_TEAM = 76RXF4V6NR;
				INFOPLIST_FILE = Bow/Info.plist;
				LD_RUNPATH_SEARCH_PATHS = "$(inherited) @executable_path/../Frameworks";
				MACOSX_DEPLOYMENT_TARGET = 10.12;
				PRODUCT_BUNDLE_IDENTIFIER = com.mch.Bow;
				PRODUCT_NAME = "$(TARGET_NAME)";
			};
			name = Release;
		};
/* End XCBuildConfiguration section */

/* Begin XCConfigurationList section */
		C26DED541E8AF81400E61B7C /* Build configuration list for PBXProject "Bow" */ = {
			isa = XCConfigurationList;
			buildConfigurations = (
				C26DED661E8AF81400E61B7C /* Debug */,
				C26DED671E8AF81400E61B7C /* Release */,
			);
			defaultConfigurationIsVisible = 0;
			defaultConfigurationName = Release;
		};
		C26DED681E8AF81400E61B7C /* Build configuration list for PBXNativeTarget "Bow" */ = {
			isa = XCConfigurationList;
			buildConfigurations = (
				C26DED691E8AF81400E61B7C /* Debug */,
				C26DED6A1E8AF81400E61B7C /* Release */,
			);
			defaultConfigurationIsVisible = 0;
			defaultConfigurationName = Release;
		};
/* End XCConfigurationList section */
	};
	rootObject = C26DED511E8AF81400E61B7C /* Project object */;
}
