PODS:
  - Beethoven (3.0.1):
    - Pitchy
  - CubicBezier (1.0.0)
  - EZAudio (1.1.5):
    - EZAudio/Full (= 1.1.5)
  - EZAudio/Core (1.1.5)
  - EZAudio/Full (1.1.5):
    - EZAudio/Core
    - TPCircularBuffer (= 1.1)
  - GuitarDsp (1.0.0):
    - EZAudio
    - Novocaine
  - MIDIKit (1.0.0)
  - NodesMap (1.0.0)
  - Novocaine (0.0.1)
  - Pitchy (2.0.1)
  - TPCircularBuffer (1.1)

DEPENDENCIES:
  - Beethoven (from `https://github.com/MaciejMCh/Beethoven.git`, branch `osx`)
  - CubicBezier (from `../CubicBezier`)
  - EZAudio (from `../EZAudio`)
  - GuitarDsp (from `../GuitarDsp`)
  - MIDIKit (from `https://github.com/MaciejMCh/MIDIKit.git`)
  - NodesMap (from `../NodesMap`)
  - Novocaine (from `../novocaine`)

EXTERNAL SOURCES:
  Beethoven:
    :branch: osx
    :git: https://github.com/MaciejMCh/Beethoven.git
  CubicBezier:
    :path: ../CubicBezier
  EZAudio:
    :path: ../EZAudio
  GuitarDsp:
    :path: ../GuitarDsp
  MIDIKit:
    :git: https://github.com/MaciejMCh/MIDIKit.git
  NodesMap:
    :path: ../NodesMap
  Novocaine:
    :path: ../novocaine

CHECKOUT OPTIONS:
  Beethoven:
    :commit: 4891ada9d872c34d2d60b011d32bf878641c4fd6
    :git: https://github.com/MaciejMCh/Beethoven.git
  MIDIKit:
    :commit: 4b5725276449cb310cb0ec7663fb0e50da583904
    :git: https://github.com/MaciejMCh/MIDIKit.git

SPEC CHECKSUMS:
  Beethoven: e55480eafd336d5cffe2e381e46995174f33f832
  CubicBezier: a409bea768ec73dbd5d1cbcb881947a416701c19
  EZAudio: b46eb8c28899cfff30995a180672afd148a54e31
  GuitarDsp: 3315277ac1faa4e1369bf1210e9e1ff5df9c534f
  MIDIKit: 785c048f399107c47a1ad9a47a8656034edf5162
  NodesMap: 45af8fa6a83f15652f6e48df1a51ad7b9526451a
  Novocaine: ea478c38ac0b460736668c12034b1e8b40dc8d39
  Pitchy: 00dbe7cb7ac87fd9c32cb2aa6ce50d11f931289f
  TPCircularBuffer: 4960a919e667280f7f38963d771f45871b64fe62

PODFILE CHECKSUM: f0535f1dedd2d6e1ebaf7907b018699b86d08e09

COCOAPODS: 1.3.1
